
Microsoft Visual Studio Solution File, Format Version 12.00
# Visual Studio 2012
Project("{FAE04EC0-301F-11D3-BF4B-00C04F79EFBC}") = "GoogleApis.Tests", "Src\GoogleApis.Tests\GoogleApis.Tests.csproj", "{9A8AA9EF-6904-43D8-8A26-0AB62069C2DC}"
EndProject
Project("{FAE04EC0-301F-11D3-BF4B-00C04F79EFBC}") = "GoogleApis.Authentication.OAuth2", "Src\GoogleApis.Authentication.OAuth2\GoogleApis.Authentication.OAuth2.csproj", "{76106493-68EF-4E44-AF2E-971ABF29B300}"
EndProject
Project("{FAE04EC0-301F-11D3-BF4B-00C04F79EFBC}") = "GoogleApis.Authentication.OAuth2.Tests", "Src\GoogleApis.Authentication.OAuth2.Tests\GoogleApis.Authentication.OAuth2.Tests.csproj", "{E0B6A4D3-FDBD-4A1F-B592-4CEDB8001FB5}"
EndProject
Project("{FAE04EC0-301F-11D3-BF4B-00C04F79EFBC}") = "GoogleApis", "Src\GoogleApis\GoogleApis.csproj", "{826CF988-EEE8-4B75-8F53-B7E851A17BAA}"
EndProject
Project("{2150E333-8FDC-42A3-9474-1A3956D46DE8}") = ".nuget", ".nuget", "{D962DE0D-98E4-4E01-88BF-CEE63DF67585}"
	ProjectSection(SolutionItems) = preProject
		.nuget\NuGet.Config = .nuget\NuGet.Config
		.nuget\NuGet.exe = .nuget\NuGet.exe
		.nuget\NuGet.targets = .nuget\NuGet.targets
	EndProjectSection
EndProject
Project("{FAE04EC0-301F-11D3-BF4B-00C04F79EFBC}") = "GoogleApis.DotNet4", "Src\GoogleApis.DotNet4\GoogleApis.DotNet4.csproj", "{C4DA0ABE-2C2E-4BB8-9881-5FF80B0C1AFD}"
EndProject
Project("{FAE04EC0-301F-11D3-BF4B-00C04F79EFBC}") = "GoogleApis.Auth", "Src\GoogleApis.Auth\GoogleApis.Auth.csproj", "{0AAAF32E-2BF0-49C5-BC2D-90874CFB5510}"
EndProject
Project("{FAE04EC0-301F-11D3-BF4B-00C04F79EFBC}") = "GoogleApis.Auth.DotNet4", "Src\GoogleApis.Auth.DotNet4\GoogleApis.Auth.DotNet4.csproj", "{8CFBF8D2-64CB-4703-A5B0-F9EF4DE41FA7}"
EndProject
Global
	GlobalSection(SolutionConfigurationPlatforms) = preSolution
		Debug|Any CPU = Debug|Any CPU
		Debug|Mixed Platforms = Debug|Mixed Platforms
		Debug|Win32 = Debug|Win32
		Release|Any CPU = Release|Any CPU
		Release|Mixed Platforms = Release|Mixed Platforms
		Release|Win32 = Release|Win32
	EndGlobalSection
	GlobalSection(ProjectConfigurationPlatforms) = postSolution
		{9A8AA9EF-6904-43D8-8A26-0AB62069C2DC}.Debug|Any CPU.ActiveCfg = Debug|Any CPU
		{9A8AA9EF-6904-43D8-8A26-0AB62069C2DC}.Debug|Any CPU.Build.0 = Debug|Any CPU
		{9A8AA9EF-6904-43D8-8A26-0AB62069C2DC}.Debug|Mixed Platforms.ActiveCfg = Debug|Any CPU
		{9A8AA9EF-6904-43D8-8A26-0AB62069C2DC}.Debug|Mixed Platforms.Build.0 = Debug|Any CPU
		{9A8AA9EF-6904-43D8-8A26-0AB62069C2DC}.Debug|Win32.ActiveCfg = Debug|Any CPU
		{9A8AA9EF-6904-43D8-8A26-0AB62069C2DC}.Release|Any CPU.ActiveCfg = Release|Any CPU
		{9A8AA9EF-6904-43D8-8A26-0AB62069C2DC}.Release|Any CPU.Build.0 = Release|Any CPU
		{9A8AA9EF-6904-43D8-8A26-0AB62069C2DC}.Release|Mixed Platforms.ActiveCfg = Release|Any CPU
		{9A8AA9EF-6904-43D8-8A26-0AB62069C2DC}.Release|Mixed Platforms.Build.0 = Release|Any CPU
		{9A8AA9EF-6904-43D8-8A26-0AB62069C2DC}.Release|Win32.ActiveCfg = Release|Any CPU
		{76106493-68EF-4E44-AF2E-971ABF29B300}.Debug|Any CPU.ActiveCfg = Debug|Any CPU
		{76106493-68EF-4E44-AF2E-971ABF29B300}.Debug|Any CPU.Build.0 = Debug|Any CPU
		{76106493-68EF-4E44-AF2E-971ABF29B300}.Debug|Mixed Platforms.ActiveCfg = Debug|Any CPU
		{76106493-68EF-4E44-AF2E-971ABF29B300}.Debug|Mixed Platforms.Build.0 = Debug|Any CPU
		{76106493-68EF-4E44-AF2E-971ABF29B300}.Debug|Win32.ActiveCfg = Debug|Any CPU
		{76106493-68EF-4E44-AF2E-971ABF29B300}.Release|Any CPU.ActiveCfg = Release|Any CPU
		{76106493-68EF-4E44-AF2E-971ABF29B300}.Release|Any CPU.Build.0 = Release|Any CPU
		{76106493-68EF-4E44-AF2E-971ABF29B300}.Release|Mixed Platforms.ActiveCfg = Release|Any CPU
		{76106493-68EF-4E44-AF2E-971ABF29B300}.Release|Mixed Platforms.Build.0 = Release|Any CPU
		{76106493-68EF-4E44-AF2E-971ABF29B300}.Release|Win32.ActiveCfg = Release|Any CPU
		{E0B6A4D3-FDBD-4A1F-B592-4CEDB8001FB5}.Debug|Any CPU.ActiveCfg = Debug|Any CPU
		{E0B6A4D3-FDBD-4A1F-B592-4CEDB8001FB5}.Debug|Any CPU.Build.0 = Debug|Any CPU
		{E0B6A4D3-FDBD-4A1F-B592-4CEDB8001FB5}.Debug|Mixed Platforms.ActiveCfg = Debug|Any CPU
		{E0B6A4D3-FDBD-4A1F-B592-4CEDB8001FB5}.Debug|Mixed Platforms.Build.0 = Debug|Any CPU
		{E0B6A4D3-FDBD-4A1F-B592-4CEDB8001FB5}.Debug|Win32.ActiveCfg = Debug|Any CPU
		{E0B6A4D3-FDBD-4A1F-B592-4CEDB8001FB5}.Release|Any CPU.ActiveCfg = Release|Any CPU
		{E0B6A4D3-FDBD-4A1F-B592-4CEDB8001FB5}.Release|Any CPU.Build.0 = Release|Any CPU
		{E0B6A4D3-FDBD-4A1F-B592-4CEDB8001FB5}.Release|Mixed Platforms.ActiveCfg = Release|Any CPU
		{E0B6A4D3-FDBD-4A1F-B592-4CEDB8001FB5}.Release|Mixed Platforms.Build.0 = Release|Any CPU
		{E0B6A4D3-FDBD-4A1F-B592-4CEDB8001FB5}.Release|Win32.ActiveCfg = Release|Any CPU
		{826CF988-EEE8-4B75-8F53-B7E851A17BAA}.Debug|Any CPU.ActiveCfg = Debug|Any CPU
		{826CF988-EEE8-4B75-8F53-B7E851A17BAA}.Debug|Any CPU.Build.0 = Debug|Any CPU
		{826CF988-EEE8-4B75-8F53-B7E851A17BAA}.Debug|Mixed Platforms.ActiveCfg = Debug|Any CPU
		{826CF988-EEE8-4B75-8F53-B7E851A17BAA}.Debug|Mixed Platforms.Build.0 = Debug|Any CPU
		{826CF988-EEE8-4B75-8F53-B7E851A17BAA}.Debug|Win32.ActiveCfg = Debug|Any CPU
		{826CF988-EEE8-4B75-8F53-B7E851A17BAA}.Release|Any CPU.ActiveCfg = Release|Any CPU
		{826CF988-EEE8-4B75-8F53-B7E851A17BAA}.Release|Any CPU.Build.0 = Release|Any CPU
		{826CF988-EEE8-4B75-8F53-B7E851A17BAA}.Release|Mixed Platforms.ActiveCfg = Release|Any CPU
		{826CF988-EEE8-4B75-8F53-B7E851A17BAA}.Release|Mixed Platforms.Build.0 = Release|Any CPU
		{826CF988-EEE8-4B75-8F53-B7E851A17BAA}.Release|Win32.ActiveCfg = Release|Any CPU
		{C4DA0ABE-2C2E-4BB8-9881-5FF80B0C1AFD}.Debug|Any CPU.ActiveCfg = Debug|Any CPU
		{C4DA0ABE-2C2E-4BB8-9881-5FF80B0C1AFD}.Debug|Any CPU.Build.0 = Debug|Any CPU
		{C4DA0ABE-2C2E-4BB8-9881-5FF80B0C1AFD}.Debug|Mixed Platforms.ActiveCfg = Debug|Any CPU
		{C4DA0ABE-2C2E-4BB8-9881-5FF80B0C1AFD}.Debug|Mixed Platforms.Build.0 = Debug|Any CPU
		{C4DA0ABE-2C2E-4BB8-9881-5FF80B0C1AFD}.Debug|Win32.ActiveCfg = Debug|Any CPU
		{C4DA0ABE-2C2E-4BB8-9881-5FF80B0C1AFD}.Release|Any CPU.ActiveCfg = Release|Any CPU
		{C4DA0ABE-2C2E-4BB8-9881-5FF80B0C1AFD}.Release|Any CPU.Build.0 = Release|Any CPU
		{C4DA0ABE-2C2E-4BB8-9881-5FF80B0C1AFD}.Release|Mixed Platforms.ActiveCfg = Release|Any CPU
		{C4DA0ABE-2C2E-4BB8-9881-5FF80B0C1AFD}.Release|Mixed Platforms.Build.0 = Release|Any CPU
		{C4DA0ABE-2C2E-4BB8-9881-5FF80B0C1AFD}.Release|Win32.ActiveCfg = Release|Any CPU
		{0AAAF32E-2BF0-49C5-BC2D-90874CFB5510}.Debug|Any CPU.ActiveCfg = Debug|Any CPU
		{0AAAF32E-2BF0-49C5-BC2D-90874CFB5510}.Debug|Any CPU.Build.0 = Debug|Any CPU
		{0AAAF32E-2BF0-49C5-BC2D-90874CFB5510}.Debug|Mixed Platforms.ActiveCfg = Debug|Any CPU
		{0AAAF32E-2BF0-49C5-BC2D-90874CFB5510}.Debug|Mixed Platforms.Build.0 = Debug|Any CPU
		{0AAAF32E-2BF0-49C5-BC2D-90874CFB5510}.Debug|Win32.ActiveCfg = Debug|Any CPU
		{0AAAF32E-2BF0-49C5-BC2D-90874CFB5510}.Release|Any CPU.ActiveCfg = Release|Any CPU
		{0AAAF32E-2BF0-49C5-BC2D-90874CFB5510}.Release|Any CPU.Build.0 = Release|Any CPU
		{0AAAF32E-2BF0-49C5-BC2D-90874CFB5510}.Release|Mixed Platforms.ActiveCfg = Release|Any CPU
		{0AAAF32E-2BF0-49C5-BC2D-90874CFB5510}.Release|Mixed Platforms.Build.0 = Release|Any CPU
		{0AAAF32E-2BF0-49C5-BC2D-90874CFB5510}.Release|Win32.ActiveCfg = Release|Any CPU
		{8CFBF8D2-64CB-4703-A5B0-F9EF4DE41FA7}.Debug|Any CPU.ActiveCfg = Debug|Any CPU
		{8CFBF8D2-64CB-4703-A5B0-F9EF4DE41FA7}.Debug|Any CPU.Build.0 = Debug|Any CPU
		{8CFBF8D2-64CB-4703-A5B0-F9EF4DE41FA7}.Debug|Mixed Platforms.ActiveCfg = Debug|Any CPU
		{8CFBF8D2-64CB-4703-A5B0-F9EF4DE41FA7}.Debug|Mixed Platforms.Build.0 = Debug|Any CPU
		{8CFBF8D2-64CB-4703-A5B0-F9EF4DE41FA7}.Debug|Win32.ActiveCfg = Debug|Any CPU
		{8CFBF8D2-64CB-4703-A5B0-F9EF4DE41FA7}.Release|Any CPU.ActiveCfg = Release|Any CPU
		{8CFBF8D2-64CB-4703-A5B0-F9EF4DE41FA7}.Release|Any CPU.Build.0 = Release|Any CPU
		{8CFBF8D2-64CB-4703-A5B0-F9EF4DE41FA7}.Release|Mixed Platforms.ActiveCfg = Release|Any CPU
		{8CFBF8D2-64CB-4703-A5B0-F9EF4DE41FA7}.Release|Mixed Platforms.Build.0 = Release|Any CPU
		{8CFBF8D2-64CB-4703-A5B0-F9EF4DE41FA7}.Release|Win32.ActiveCfg = Release|Any CPU
	EndGlobalSection
	GlobalSection(SolutionProperties) = preSolution
		HideSolutionNode = FALSE
	EndGlobalSection
	GlobalSection(MonoDevelopProperties) = preSolution
		StartupItem = Src\GoogleApis\GoogleApis.csproj
		Policies = $0
		$0.TextStylePolicy = $2
		$1.FileWidth = 120
		$1.EolMarker = Windows
		$1.inheritsSet = VisualStudio
		$1.inheritsScope = text/plain
		$1.scope = text/plain
		$2.FileWidth = 120
		$2.EolMarker = Windows
		$2.inheritsSet = VisualStudio
		$2.inheritsScope = text/plain
		$2.scope = text/x-csharp
		$0.CSharpFormattingPolicy = $3
		$3.PropertyBraceStyle = NextLine
		$3.StatementBraceStyle = NextLine
		$3.IfElseBraceForcement = AddBraces
		$3.ForBraceForcement = AddBraces
		$3.ForEachBraceForcement = AddBraces
		$3.WhileBraceForcement = AddBraces
		$3.UsingBraceForcement = AddBraces
		$3.FixedBraceForcement = AddBraces
		$3.inheritsSet = Mono
		$3.inheritsScope = text/x-csharp
		$3.scope = text/x-csharp
	EndGlobalSection
EndGlobal
