
Microsoft Visual Studio Solution File, Format Version 12.00
# Visual Studio 2013
VisualStudioVersion = 12.0.31101.0
MinimumVisualStudioVersion = 10.0.40219.1
Project("{2150E333-8FDC-42A3-9474-1A3956D46DE8}") = ".nuget", ".nuget", "{D962DE0D-98E4-4E01-88BF-CEE63DF67585}"
	ProjectSection(SolutionItems) = preProject
		.nuget\NuGet.Config = .nuget\NuGet.Config
		.nuget\NuGet.exe = .nuget\NuGet.exe
		.nuget\NuGet.targets = .nuget\NuGet.targets
	EndProjectSection
EndProject
Project("{2150E333-8FDC-42A3-9474-1A3956D46DE8}") = "DotNet4", "DotNet4", "{00A1D580-DF06-4C96-A4DA-EDDEF8584971}"
EndProject
Project("{2150E333-8FDC-42A3-9474-1A3956D46DE8}") = "MVC4", "MVC4", "{AB6FBFCC-03C1-44C0-B88D-D1D897EB2E36}"
EndProject
Project("{2150E333-8FDC-42A3-9474-1A3956D46DE8}") = "WP80", "WP80", "{ECD96861-5839-42AC-BF92-E876F3A64FAF}"
EndProject
Project("{2150E333-8FDC-42A3-9474-1A3956D46DE8}") = "Windows", "Windows", "{B958FC48-7F21-4C26-BABB-7C5D2D6A0AAC}"
EndProject
Project("{FAE04EC0-301F-11D3-BF4B-00C04F79EFBC}") = "GoogleApis.Tests", "Src\GoogleApis.Tests\GoogleApis.Tests.csproj", "{9A8AA9EF-6904-43D8-8A26-0AB62069C2DC}"
EndProject
Project("{FAE04EC0-301F-11D3-BF4B-00C04F79EFBC}") = "GoogleApis", "Src\GoogleApis\GoogleApis.csproj", "{826CF988-EEE8-4B75-8F53-B7E851A17BAA}"
EndProject
Project("{FAE04EC0-301F-11D3-BF4B-00C04F79EFBC}") = "GoogleApis.DotNet4", "Src\GoogleApis.DotNet4\GoogleApis.DotNet4.csproj", "{C4DA0ABE-2C2E-4BB8-9881-5FF80B0C1AFD}"
EndProject
Project("{FAE04EC0-301F-11D3-BF4B-00C04F79EFBC}") = "GoogleApis.Auth", "Src\GoogleApis.Auth\GoogleApis.Auth.csproj", "{0AAAF32E-2BF0-49C5-BC2D-90874CFB5510}"
EndProject
Project("{FAE04EC0-301F-11D3-BF4B-00C04F79EFBC}") = "GoogleApis.Auth.DotNet4", "Src\GoogleApis.Auth.DotNet4\GoogleApis.Auth.DotNet4.csproj", "{8CFBF8D2-64CB-4703-A5B0-F9EF4DE41FA7}"
EndProject
Project("{FAE04EC0-301F-11D3-BF4B-00C04F79EFBC}") = "GoogleApis.Auth.Tests", "Src\GoogleApis.Auth.Tests\GoogleApis.Auth.Tests.csproj", "{548D6C9B-A97B-4316-91AC-9AAD35202884}"
EndProject
Project("{FAE04EC0-301F-11D3-BF4B-00C04F79EFBC}") = "GoogleApis.Auth.Mvc4", "Src\GoogleApis.Auth.Mvc4\GoogleApis.Auth.Mvc4.csproj", "{B700243A-2FAC-454B-8858-47635BFA71C6}"
EndProject
Project("{FAE04EC0-301F-11D3-BF4B-00C04F79EFBC}") = "GoogleApis.WP", "Src\GoogleApis.WP\GoogleApis.WP.csproj", "{39E1EC7C-3C05-44E4-A19F-A61BF6EA9B11}"
EndProject
Project("{FAE04EC0-301F-11D3-BF4B-00C04F79EFBC}") = "GoogleApis.Auth.WP", "Src\GoogleApis.Auth.WP\GoogleApis.Auth.WP.csproj", "{430E4403-12E3-4CF0-8E2A-CE83D0948497}"
EndProject
Project("{FAE04EC0-301F-11D3-BF4B-00C04F79EFBC}") = "GoogleApis.Core", "Src\GoogleApis.Core\GoogleApis.Core.csproj", "{DB18F3A6-B16A-477B-A7B1-C2B116D1BFB0}"
EndProject
Project("{FAE04EC0-301F-11D3-BF4B-00C04F79EFBC}") = "GoogleApis.Auth.Windows", "Src\GoogleApis.Auth.Windows\GoogleApis.Auth.Windows.csproj", "{B1D5B962-3E98-46D4-992E-C6491E4E8A02}"
EndProject
Project("{FAE04EC0-301F-11D3-BF4B-00C04F79EFBC}") = "GoogleApis.Windows", "Src\GoogleApis.Windows\GoogleApis.Windows.csproj", "{9CBB9EC3-C678-4FB7-889B-DED6DE1F06B6}"
EndProject
Project("{2150E333-8FDC-42A3-9474-1A3956D46DE8}") = "WP81", "WP81", "{47D62839-79D1-4EE6-B47E-06678E37A3BC}"
EndProject
Project("{FAE04EC0-301F-11D3-BF4B-00C04F79EFBC}") = "GoogleApis.WP81", "Src\GoogleApis.WP81\GoogleApis.WP81.csproj", "{176657CD-57F0-4358-B358-ED8B90D8AF39}"
EndProject
Project("{FAE04EC0-301F-11D3-BF4B-00C04F79EFBC}") = "GoogleApis.Auth.WP81", "Src\GoogleApis.Auth.WP81\GoogleApis.Auth.WP81.csproj", "{90660B22-B933-44A6-B34D-E4F4352D4434}"
EndProject
Project("{FAE04EC0-301F-11D3-BF4B-00C04F79EFBC}") = "GoogleApis.Auth.DotNet4.Tests", "Src\GoogleApis.Auth.DotNet4.Tests\GoogleApis.Auth.DotNet4.Tests.csproj", "{5A731729-8E99-4930-AE77-FA3524673DA3}"
EndProject
Global
	GlobalSection(SolutionConfigurationPlatforms) = preSolution
		Debug|Any CPU = Debug|Any CPU
		Debug|ARM = Debug|ARM
		Debug|Mixed Platforms = Debug|Mixed Platforms
		Debug|Win32 = Debug|Win32
		Debug|x64 = Debug|x64
		Debug|x86 = Debug|x86
		Release|Any CPU = Release|Any CPU
		Release|ARM = Release|ARM
		Release|Mixed Platforms = Release|Mixed Platforms
		Release|Win32 = Release|Win32
		Release|x64 = Release|x64
		Release|x86 = Release|x86
		ReleaseSigned|Any CPU = ReleaseSigned|Any CPU
		ReleaseSigned|ARM = ReleaseSigned|ARM
		ReleaseSigned|Mixed Platforms = ReleaseSigned|Mixed Platforms
		ReleaseSigned|Win32 = ReleaseSigned|Win32
		ReleaseSigned|x64 = ReleaseSigned|x64
		ReleaseSigned|x86 = ReleaseSigned|x86
	EndGlobalSection
	GlobalSection(ProjectConfigurationPlatforms) = postSolution
		{9A8AA9EF-6904-43D8-8A26-0AB62069C2DC}.Debug|Any CPU.ActiveCfg = Debug|Any CPU
		{9A8AA9EF-6904-43D8-8A26-0AB62069C2DC}.Debug|Any CPU.Build.0 = Debug|Any CPU
		{9A8AA9EF-6904-43D8-8A26-0AB62069C2DC}.Debug|ARM.ActiveCfg = Debug|Any CPU
		{9A8AA9EF-6904-43D8-8A26-0AB62069C2DC}.Debug|Mixed Platforms.ActiveCfg = Debug|Any CPU
		{9A8AA9EF-6904-43D8-8A26-0AB62069C2DC}.Debug|Mixed Platforms.Build.0 = Debug|Any CPU
		{9A8AA9EF-6904-43D8-8A26-0AB62069C2DC}.Debug|Win32.ActiveCfg = Debug|Any CPU
		{9A8AA9EF-6904-43D8-8A26-0AB62069C2DC}.Debug|x64.ActiveCfg = Debug|Any CPU
		{9A8AA9EF-6904-43D8-8A26-0AB62069C2DC}.Debug|x86.ActiveCfg = Debug|Any CPU
		{9A8AA9EF-6904-43D8-8A26-0AB62069C2DC}.Release|Any CPU.ActiveCfg = Release|Any CPU
		{9A8AA9EF-6904-43D8-8A26-0AB62069C2DC}.Release|Any CPU.Build.0 = Release|Any CPU
		{9A8AA9EF-6904-43D8-8A26-0AB62069C2DC}.Release|ARM.ActiveCfg = Release|Any CPU
		{9A8AA9EF-6904-43D8-8A26-0AB62069C2DC}.Release|Mixed Platforms.ActiveCfg = Release|Any CPU
		{9A8AA9EF-6904-43D8-8A26-0AB62069C2DC}.Release|Mixed Platforms.Build.0 = Release|Any CPU
		{9A8AA9EF-6904-43D8-8A26-0AB62069C2DC}.Release|Win32.ActiveCfg = Release|Any CPU
		{9A8AA9EF-6904-43D8-8A26-0AB62069C2DC}.Release|x64.ActiveCfg = Release|Any CPU
		{9A8AA9EF-6904-43D8-8A26-0AB62069C2DC}.Release|x86.ActiveCfg = Release|Any CPU
		{9A8AA9EF-6904-43D8-8A26-0AB62069C2DC}.ReleaseSigned|Any CPU.ActiveCfg = ReleaseSigned|Any CPU
		{9A8AA9EF-6904-43D8-8A26-0AB62069C2DC}.ReleaseSigned|Any CPU.Build.0 = ReleaseSigned|Any CPU
		{9A8AA9EF-6904-43D8-8A26-0AB62069C2DC}.ReleaseSigned|ARM.ActiveCfg = ReleaseSigned|Any CPU
		{9A8AA9EF-6904-43D8-8A26-0AB62069C2DC}.ReleaseSigned|Mixed Platforms.ActiveCfg = ReleaseSigned|Any CPU
		{9A8AA9EF-6904-43D8-8A26-0AB62069C2DC}.ReleaseSigned|Win32.ActiveCfg = ReleaseSigned|Any CPU
		{9A8AA9EF-6904-43D8-8A26-0AB62069C2DC}.ReleaseSigned|x64.ActiveCfg = ReleaseSigned|Any CPU
		{9A8AA9EF-6904-43D8-8A26-0AB62069C2DC}.ReleaseSigned|x86.ActiveCfg = ReleaseSigned|Any CPU
		{826CF988-EEE8-4B75-8F53-B7E851A17BAA}.Debug|Any CPU.ActiveCfg = Debug|Any CPU
		{826CF988-EEE8-4B75-8F53-B7E851A17BAA}.Debug|Any CPU.Build.0 = Debug|Any CPU
		{826CF988-EEE8-4B75-8F53-B7E851A17BAA}.Debug|ARM.ActiveCfg = Debug|Any CPU
		{826CF988-EEE8-4B75-8F53-B7E851A17BAA}.Debug|Mixed Platforms.ActiveCfg = Debug|Any CPU
		{826CF988-EEE8-4B75-8F53-B7E851A17BAA}.Debug|Mixed Platforms.Build.0 = Debug|Any CPU
		{826CF988-EEE8-4B75-8F53-B7E851A17BAA}.Debug|Win32.ActiveCfg = Debug|Any CPU
		{826CF988-EEE8-4B75-8F53-B7E851A17BAA}.Debug|x64.ActiveCfg = Debug|Any CPU
		{826CF988-EEE8-4B75-8F53-B7E851A17BAA}.Debug|x86.ActiveCfg = Debug|Any CPU
		{826CF988-EEE8-4B75-8F53-B7E851A17BAA}.Release|Any CPU.ActiveCfg = Release|Any CPU
		{826CF988-EEE8-4B75-8F53-B7E851A17BAA}.Release|Any CPU.Build.0 = Release|Any CPU
		{826CF988-EEE8-4B75-8F53-B7E851A17BAA}.Release|ARM.ActiveCfg = Release|Any CPU
		{826CF988-EEE8-4B75-8F53-B7E851A17BAA}.Release|Mixed Platforms.ActiveCfg = Release|Any CPU
		{826CF988-EEE8-4B75-8F53-B7E851A17BAA}.Release|Mixed Platforms.Build.0 = Release|Any CPU
		{826CF988-EEE8-4B75-8F53-B7E851A17BAA}.Release|Win32.ActiveCfg = Release|Any CPU
		{826CF988-EEE8-4B75-8F53-B7E851A17BAA}.Release|x64.ActiveCfg = Release|Any CPU
		{826CF988-EEE8-4B75-8F53-B7E851A17BAA}.Release|x86.ActiveCfg = Release|Any CPU
		{826CF988-EEE8-4B75-8F53-B7E851A17BAA}.ReleaseSigned|Any CPU.ActiveCfg = ReleaseSigned|Any CPU
		{826CF988-EEE8-4B75-8F53-B7E851A17BAA}.ReleaseSigned|Any CPU.Build.0 = ReleaseSigned|Any CPU
		{826CF988-EEE8-4B75-8F53-B7E851A17BAA}.ReleaseSigned|ARM.ActiveCfg = ReleaseSigned|Any CPU
		{826CF988-EEE8-4B75-8F53-B7E851A17BAA}.ReleaseSigned|Mixed Platforms.ActiveCfg = ReleaseSigned|Any CPU
		{826CF988-EEE8-4B75-8F53-B7E851A17BAA}.ReleaseSigned|Mixed Platforms.Build.0 = ReleaseSigned|Any CPU
		{826CF988-EEE8-4B75-8F53-B7E851A17BAA}.ReleaseSigned|Win32.ActiveCfg = ReleaseSigned|Any CPU
		{826CF988-EEE8-4B75-8F53-B7E851A17BAA}.ReleaseSigned|x64.ActiveCfg = ReleaseSigned|Any CPU
		{826CF988-EEE8-4B75-8F53-B7E851A17BAA}.ReleaseSigned|x86.ActiveCfg = ReleaseSigned|Any CPU
		{C4DA0ABE-2C2E-4BB8-9881-5FF80B0C1AFD}.Debug|Any CPU.ActiveCfg = Debug|Any CPU
		{C4DA0ABE-2C2E-4BB8-9881-5FF80B0C1AFD}.Debug|Any CPU.Build.0 = Debug|Any CPU
		{C4DA0ABE-2C2E-4BB8-9881-5FF80B0C1AFD}.Debug|ARM.ActiveCfg = Debug|Any CPU
		{C4DA0ABE-2C2E-4BB8-9881-5FF80B0C1AFD}.Debug|Mixed Platforms.ActiveCfg = Debug|Any CPU
		{C4DA0ABE-2C2E-4BB8-9881-5FF80B0C1AFD}.Debug|Mixed Platforms.Build.0 = Debug|Any CPU
		{C4DA0ABE-2C2E-4BB8-9881-5FF80B0C1AFD}.Debug|Win32.ActiveCfg = Debug|Any CPU
		{C4DA0ABE-2C2E-4BB8-9881-5FF80B0C1AFD}.Debug|x64.ActiveCfg = Debug|Any CPU
		{C4DA0ABE-2C2E-4BB8-9881-5FF80B0C1AFD}.Debug|x86.ActiveCfg = Debug|Any CPU
		{C4DA0ABE-2C2E-4BB8-9881-5FF80B0C1AFD}.Release|Any CPU.ActiveCfg = Release|Any CPU
		{C4DA0ABE-2C2E-4BB8-9881-5FF80B0C1AFD}.Release|Any CPU.Build.0 = Release|Any CPU
		{C4DA0ABE-2C2E-4BB8-9881-5FF80B0C1AFD}.Release|ARM.ActiveCfg = Release|Any CPU
		{C4DA0ABE-2C2E-4BB8-9881-5FF80B0C1AFD}.Release|Mixed Platforms.ActiveCfg = Release|Any CPU
		{C4DA0ABE-2C2E-4BB8-9881-5FF80B0C1AFD}.Release|Mixed Platforms.Build.0 = Release|Any CPU
		{C4DA0ABE-2C2E-4BB8-9881-5FF80B0C1AFD}.Release|Win32.ActiveCfg = Release|Any CPU
		{C4DA0ABE-2C2E-4BB8-9881-5FF80B0C1AFD}.Release|x64.ActiveCfg = Release|Any CPU
		{C4DA0ABE-2C2E-4BB8-9881-5FF80B0C1AFD}.Release|x86.ActiveCfg = Release|Any CPU
		{C4DA0ABE-2C2E-4BB8-9881-5FF80B0C1AFD}.ReleaseSigned|Any CPU.ActiveCfg = ReleaseSigned|Any CPU
		{C4DA0ABE-2C2E-4BB8-9881-5FF80B0C1AFD}.ReleaseSigned|Any CPU.Build.0 = ReleaseSigned|Any CPU
		{C4DA0ABE-2C2E-4BB8-9881-5FF80B0C1AFD}.ReleaseSigned|ARM.ActiveCfg = ReleaseSigned|Any CPU
		{C4DA0ABE-2C2E-4BB8-9881-5FF80B0C1AFD}.ReleaseSigned|Mixed Platforms.ActiveCfg = ReleaseSigned|Any CPU
		{C4DA0ABE-2C2E-4BB8-9881-5FF80B0C1AFD}.ReleaseSigned|Mixed Platforms.Build.0 = ReleaseSigned|Any CPU
		{C4DA0ABE-2C2E-4BB8-9881-5FF80B0C1AFD}.ReleaseSigned|Win32.ActiveCfg = ReleaseSigned|Any CPU
		{C4DA0ABE-2C2E-4BB8-9881-5FF80B0C1AFD}.ReleaseSigned|x64.ActiveCfg = ReleaseSigned|Any CPU
		{C4DA0ABE-2C2E-4BB8-9881-5FF80B0C1AFD}.ReleaseSigned|x86.ActiveCfg = ReleaseSigned|Any CPU
		{0AAAF32E-2BF0-49C5-BC2D-90874CFB5510}.Debug|Any CPU.ActiveCfg = Debug|Any CPU
		{0AAAF32E-2BF0-49C5-BC2D-90874CFB5510}.Debug|Any CPU.Build.0 = Debug|Any CPU
		{0AAAF32E-2BF0-49C5-BC2D-90874CFB5510}.Debug|ARM.ActiveCfg = Debug|Any CPU
		{0AAAF32E-2BF0-49C5-BC2D-90874CFB5510}.Debug|Mixed Platforms.ActiveCfg = Debug|Any CPU
		{0AAAF32E-2BF0-49C5-BC2D-90874CFB5510}.Debug|Mixed Platforms.Build.0 = Debug|Any CPU
		{0AAAF32E-2BF0-49C5-BC2D-90874CFB5510}.Debug|Win32.ActiveCfg = Debug|Any CPU
		{0AAAF32E-2BF0-49C5-BC2D-90874CFB5510}.Debug|x64.ActiveCfg = Debug|Any CPU
		{0AAAF32E-2BF0-49C5-BC2D-90874CFB5510}.Debug|x86.ActiveCfg = Debug|Any CPU
		{0AAAF32E-2BF0-49C5-BC2D-90874CFB5510}.Release|Any CPU.ActiveCfg = Release|Any CPU
		{0AAAF32E-2BF0-49C5-BC2D-90874CFB5510}.Release|Any CPU.Build.0 = Release|Any CPU
		{0AAAF32E-2BF0-49C5-BC2D-90874CFB5510}.Release|ARM.ActiveCfg = Release|Any CPU
		{0AAAF32E-2BF0-49C5-BC2D-90874CFB5510}.Release|Mixed Platforms.ActiveCfg = Release|Any CPU
		{0AAAF32E-2BF0-49C5-BC2D-90874CFB5510}.Release|Mixed Platforms.Build.0 = Release|Any CPU
		{0AAAF32E-2BF0-49C5-BC2D-90874CFB5510}.Release|Win32.ActiveCfg = Release|Any CPU
		{0AAAF32E-2BF0-49C5-BC2D-90874CFB5510}.Release|x64.ActiveCfg = Release|Any CPU
		{0AAAF32E-2BF0-49C5-BC2D-90874CFB5510}.Release|x86.ActiveCfg = Release|Any CPU
		{0AAAF32E-2BF0-49C5-BC2D-90874CFB5510}.ReleaseSigned|Any CPU.ActiveCfg = ReleaseSigned|Any CPU
		{0AAAF32E-2BF0-49C5-BC2D-90874CFB5510}.ReleaseSigned|Any CPU.Build.0 = ReleaseSigned|Any CPU
		{0AAAF32E-2BF0-49C5-BC2D-90874CFB5510}.ReleaseSigned|ARM.ActiveCfg = ReleaseSigned|Any CPU
		{0AAAF32E-2BF0-49C5-BC2D-90874CFB5510}.ReleaseSigned|Mixed Platforms.ActiveCfg = ReleaseSigned|Any CPU
		{0AAAF32E-2BF0-49C5-BC2D-90874CFB5510}.ReleaseSigned|Mixed Platforms.Build.0 = ReleaseSigned|Any CPU
		{0AAAF32E-2BF0-49C5-BC2D-90874CFB5510}.ReleaseSigned|Win32.ActiveCfg = ReleaseSigned|Any CPU
		{0AAAF32E-2BF0-49C5-BC2D-90874CFB5510}.ReleaseSigned|x64.ActiveCfg = ReleaseSigned|Any CPU
		{0AAAF32E-2BF0-49C5-BC2D-90874CFB5510}.ReleaseSigned|x86.ActiveCfg = ReleaseSigned|Any CPU
		{8CFBF8D2-64CB-4703-A5B0-F9EF4DE41FA7}.Debug|Any CPU.ActiveCfg = Debug|Any CPU
		{8CFBF8D2-64CB-4703-A5B0-F9EF4DE41FA7}.Debug|Any CPU.Build.0 = Debug|Any CPU
		{8CFBF8D2-64CB-4703-A5B0-F9EF4DE41FA7}.Debug|ARM.ActiveCfg = Debug|Any CPU
		{8CFBF8D2-64CB-4703-A5B0-F9EF4DE41FA7}.Debug|Mixed Platforms.ActiveCfg = Debug|Any CPU
		{8CFBF8D2-64CB-4703-A5B0-F9EF4DE41FA7}.Debug|Mixed Platforms.Build.0 = Debug|Any CPU
		{8CFBF8D2-64CB-4703-A5B0-F9EF4DE41FA7}.Debug|Win32.ActiveCfg = Debug|Any CPU
		{8CFBF8D2-64CB-4703-A5B0-F9EF4DE41FA7}.Debug|x64.ActiveCfg = Debug|Any CPU
		{8CFBF8D2-64CB-4703-A5B0-F9EF4DE41FA7}.Debug|x86.ActiveCfg = Debug|Any CPU
		{8CFBF8D2-64CB-4703-A5B0-F9EF4DE41FA7}.Release|Any CPU.ActiveCfg = Release|Any CPU
		{8CFBF8D2-64CB-4703-A5B0-F9EF4DE41FA7}.Release|Any CPU.Build.0 = Release|Any CPU
		{8CFBF8D2-64CB-4703-A5B0-F9EF4DE41FA7}.Release|ARM.ActiveCfg = Release|Any CPU
		{8CFBF8D2-64CB-4703-A5B0-F9EF4DE41FA7}.Release|Mixed Platforms.ActiveCfg = Release|Any CPU
		{8CFBF8D2-64CB-4703-A5B0-F9EF4DE41FA7}.Release|Mixed Platforms.Build.0 = Release|Any CPU
		{8CFBF8D2-64CB-4703-A5B0-F9EF4DE41FA7}.Release|Win32.ActiveCfg = Release|Any CPU
		{8CFBF8D2-64CB-4703-A5B0-F9EF4DE41FA7}.Release|x64.ActiveCfg = Release|Any CPU
		{8CFBF8D2-64CB-4703-A5B0-F9EF4DE41FA7}.Release|x86.ActiveCfg = Release|Any CPU
		{8CFBF8D2-64CB-4703-A5B0-F9EF4DE41FA7}.ReleaseSigned|Any CPU.ActiveCfg = ReleaseSigned|Any CPU
		{8CFBF8D2-64CB-4703-A5B0-F9EF4DE41FA7}.ReleaseSigned|Any CPU.Build.0 = ReleaseSigned|Any CPU
		{8CFBF8D2-64CB-4703-A5B0-F9EF4DE41FA7}.ReleaseSigned|ARM.ActiveCfg = ReleaseSigned|Any CPU
		{8CFBF8D2-64CB-4703-A5B0-F9EF4DE41FA7}.ReleaseSigned|Mixed Platforms.ActiveCfg = ReleaseSigned|Any CPU
		{8CFBF8D2-64CB-4703-A5B0-F9EF4DE41FA7}.ReleaseSigned|Mixed Platforms.Build.0 = ReleaseSigned|Any CPU
		{8CFBF8D2-64CB-4703-A5B0-F9EF4DE41FA7}.ReleaseSigned|Win32.ActiveCfg = ReleaseSigned|Any CPU
		{8CFBF8D2-64CB-4703-A5B0-F9EF4DE41FA7}.ReleaseSigned|x64.ActiveCfg = ReleaseSigned|Any CPU
		{8CFBF8D2-64CB-4703-A5B0-F9EF4DE41FA7}.ReleaseSigned|x86.ActiveCfg = ReleaseSigned|Any CPU
		{548D6C9B-A97B-4316-91AC-9AAD35202884}.Debug|Any CPU.ActiveCfg = Debug|Any CPU
		{548D6C9B-A97B-4316-91AC-9AAD35202884}.Debug|Any CPU.Build.0 = Debug|Any CPU
		{548D6C9B-A97B-4316-91AC-9AAD35202884}.Debug|ARM.ActiveCfg = Debug|Any CPU
		{548D6C9B-A97B-4316-91AC-9AAD35202884}.Debug|Mixed Platforms.ActiveCfg = Debug|Any CPU
		{548D6C9B-A97B-4316-91AC-9AAD35202884}.Debug|Mixed Platforms.Build.0 = Debug|Any CPU
		{548D6C9B-A97B-4316-91AC-9AAD35202884}.Debug|Win32.ActiveCfg = Debug|Any CPU
		{548D6C9B-A97B-4316-91AC-9AAD35202884}.Debug|x64.ActiveCfg = Debug|Any CPU
		{548D6C9B-A97B-4316-91AC-9AAD35202884}.Debug|x86.ActiveCfg = Debug|Any CPU
		{548D6C9B-A97B-4316-91AC-9AAD35202884}.Release|Any CPU.ActiveCfg = Release|Any CPU
		{548D6C9B-A97B-4316-91AC-9AAD35202884}.Release|Any CPU.Build.0 = Release|Any CPU
		{548D6C9B-A97B-4316-91AC-9AAD35202884}.Release|ARM.ActiveCfg = Release|Any CPU
		{548D6C9B-A97B-4316-91AC-9AAD35202884}.Release|Mixed Platforms.ActiveCfg = Release|Any CPU
		{548D6C9B-A97B-4316-91AC-9AAD35202884}.Release|Mixed Platforms.Build.0 = Release|Any CPU
		{548D6C9B-A97B-4316-91AC-9AAD35202884}.Release|Win32.ActiveCfg = Release|Any CPU
		{548D6C9B-A97B-4316-91AC-9AAD35202884}.Release|x64.ActiveCfg = Release|Any CPU
		{548D6C9B-A97B-4316-91AC-9AAD35202884}.Release|x86.ActiveCfg = Release|Any CPU
		{548D6C9B-A97B-4316-91AC-9AAD35202884}.ReleaseSigned|Any CPU.ActiveCfg = ReleaseSigned|Any CPU
		{548D6C9B-A97B-4316-91AC-9AAD35202884}.ReleaseSigned|Any CPU.Build.0 = ReleaseSigned|Any CPU
		{548D6C9B-A97B-4316-91AC-9AAD35202884}.ReleaseSigned|ARM.ActiveCfg = ReleaseSigned|Any CPU
		{548D6C9B-A97B-4316-91AC-9AAD35202884}.ReleaseSigned|Mixed Platforms.ActiveCfg = ReleaseSigned|Any CPU
		{548D6C9B-A97B-4316-91AC-9AAD35202884}.ReleaseSigned|Win32.ActiveCfg = ReleaseSigned|Any CPU
		{548D6C9B-A97B-4316-91AC-9AAD35202884}.ReleaseSigned|x64.ActiveCfg = ReleaseSigned|Any CPU
		{548D6C9B-A97B-4316-91AC-9AAD35202884}.ReleaseSigned|x86.ActiveCfg = ReleaseSigned|Any CPU
		{B700243A-2FAC-454B-8858-47635BFA71C6}.Debug|Any CPU.ActiveCfg = Debug|Any CPU
		{B700243A-2FAC-454B-8858-47635BFA71C6}.Debug|Any CPU.Build.0 = Debug|Any CPU
		{B700243A-2FAC-454B-8858-47635BFA71C6}.Debug|ARM.ActiveCfg = Debug|Any CPU
		{B700243A-2FAC-454B-8858-47635BFA71C6}.Debug|Mixed Platforms.ActiveCfg = Debug|Any CPU
		{B700243A-2FAC-454B-8858-47635BFA71C6}.Debug|Mixed Platforms.Build.0 = Debug|Any CPU
		{B700243A-2FAC-454B-8858-47635BFA71C6}.Debug|Win32.ActiveCfg = Debug|Any CPU
		{B700243A-2FAC-454B-8858-47635BFA71C6}.Debug|x64.ActiveCfg = Debug|Any CPU
		{B700243A-2FAC-454B-8858-47635BFA71C6}.Debug|x86.ActiveCfg = Debug|Any CPU
		{B700243A-2FAC-454B-8858-47635BFA71C6}.Release|Any CPU.ActiveCfg = Release|Any CPU
		{B700243A-2FAC-454B-8858-47635BFA71C6}.Release|Any CPU.Build.0 = Release|Any CPU
		{B700243A-2FAC-454B-8858-47635BFA71C6}.Release|ARM.ActiveCfg = Release|Any CPU
		{B700243A-2FAC-454B-8858-47635BFA71C6}.Release|Mixed Platforms.ActiveCfg = Release|Any CPU
		{B700243A-2FAC-454B-8858-47635BFA71C6}.Release|Mixed Platforms.Build.0 = Release|Any CPU
		{B700243A-2FAC-454B-8858-47635BFA71C6}.Release|Win32.ActiveCfg = Release|Any CPU
		{B700243A-2FAC-454B-8858-47635BFA71C6}.Release|x64.ActiveCfg = Release|Any CPU
		{B700243A-2FAC-454B-8858-47635BFA71C6}.Release|x86.ActiveCfg = Release|Any CPU
		{B700243A-2FAC-454B-8858-47635BFA71C6}.ReleaseSigned|Any CPU.ActiveCfg = ReleaseSigned|Any CPU
		{B700243A-2FAC-454B-8858-47635BFA71C6}.ReleaseSigned|Any CPU.Build.0 = ReleaseSigned|Any CPU
		{B700243A-2FAC-454B-8858-47635BFA71C6}.ReleaseSigned|ARM.ActiveCfg = ReleaseSigned|Any CPU
		{B700243A-2FAC-454B-8858-47635BFA71C6}.ReleaseSigned|Mixed Platforms.ActiveCfg = ReleaseSigned|Any CPU
		{B700243A-2FAC-454B-8858-47635BFA71C6}.ReleaseSigned|Mixed Platforms.Build.0 = ReleaseSigned|Any CPU
		{B700243A-2FAC-454B-8858-47635BFA71C6}.ReleaseSigned|Win32.ActiveCfg = ReleaseSigned|Any CPU
		{B700243A-2FAC-454B-8858-47635BFA71C6}.ReleaseSigned|x64.ActiveCfg = ReleaseSigned|Any CPU
		{B700243A-2FAC-454B-8858-47635BFA71C6}.ReleaseSigned|x86.ActiveCfg = ReleaseSigned|Any CPU
		{39E1EC7C-3C05-44E4-A19F-A61BF6EA9B11}.Debug|Any CPU.ActiveCfg = Debug|Any CPU
		{39E1EC7C-3C05-44E4-A19F-A61BF6EA9B11}.Debug|Any CPU.Build.0 = Debug|Any CPU
		{39E1EC7C-3C05-44E4-A19F-A61BF6EA9B11}.Debug|ARM.ActiveCfg = Debug|ARM
		{39E1EC7C-3C05-44E4-A19F-A61BF6EA9B11}.Debug|ARM.Build.0 = Debug|ARM
		{39E1EC7C-3C05-44E4-A19F-A61BF6EA9B11}.Debug|Mixed Platforms.ActiveCfg = Debug|Any CPU
		{39E1EC7C-3C05-44E4-A19F-A61BF6EA9B11}.Debug|Mixed Platforms.Build.0 = Debug|Any CPU
		{39E1EC7C-3C05-44E4-A19F-A61BF6EA9B11}.Debug|Win32.ActiveCfg = Debug|x86
		{39E1EC7C-3C05-44E4-A19F-A61BF6EA9B11}.Debug|Win32.Build.0 = Debug|x86
		{39E1EC7C-3C05-44E4-A19F-A61BF6EA9B11}.Debug|x64.ActiveCfg = Debug|Any CPU
		{39E1EC7C-3C05-44E4-A19F-A61BF6EA9B11}.Debug|x86.ActiveCfg = Debug|x86
		{39E1EC7C-3C05-44E4-A19F-A61BF6EA9B11}.Debug|x86.Build.0 = Debug|x86
		{39E1EC7C-3C05-44E4-A19F-A61BF6EA9B11}.Release|Any CPU.ActiveCfg = Release|Any CPU
		{39E1EC7C-3C05-44E4-A19F-A61BF6EA9B11}.Release|Any CPU.Build.0 = Release|Any CPU
		{39E1EC7C-3C05-44E4-A19F-A61BF6EA9B11}.Release|ARM.ActiveCfg = Release|ARM
		{39E1EC7C-3C05-44E4-A19F-A61BF6EA9B11}.Release|ARM.Build.0 = Release|ARM
		{39E1EC7C-3C05-44E4-A19F-A61BF6EA9B11}.Release|Mixed Platforms.ActiveCfg = Release|Any CPU
		{39E1EC7C-3C05-44E4-A19F-A61BF6EA9B11}.Release|Mixed Platforms.Build.0 = Release|Any CPU
		{39E1EC7C-3C05-44E4-A19F-A61BF6EA9B11}.Release|Win32.ActiveCfg = Release|x86
		{39E1EC7C-3C05-44E4-A19F-A61BF6EA9B11}.Release|Win32.Build.0 = Release|x86
		{39E1EC7C-3C05-44E4-A19F-A61BF6EA9B11}.Release|x64.ActiveCfg = Release|Any CPU
		{39E1EC7C-3C05-44E4-A19F-A61BF6EA9B11}.Release|x86.ActiveCfg = Release|x86
		{39E1EC7C-3C05-44E4-A19F-A61BF6EA9B11}.Release|x86.Build.0 = Release|x86
		{39E1EC7C-3C05-44E4-A19F-A61BF6EA9B11}.ReleaseSigned|Any CPU.ActiveCfg = ReleaseSigned|Any CPU
		{39E1EC7C-3C05-44E4-A19F-A61BF6EA9B11}.ReleaseSigned|Any CPU.Build.0 = ReleaseSigned|Any CPU
		{39E1EC7C-3C05-44E4-A19F-A61BF6EA9B11}.ReleaseSigned|ARM.ActiveCfg = ReleaseSigned|ARM
		{39E1EC7C-3C05-44E4-A19F-A61BF6EA9B11}.ReleaseSigned|ARM.Build.0 = ReleaseSigned|ARM
		{39E1EC7C-3C05-44E4-A19F-A61BF6EA9B11}.ReleaseSigned|Mixed Platforms.ActiveCfg = ReleaseSigned|Any CPU
		{39E1EC7C-3C05-44E4-A19F-A61BF6EA9B11}.ReleaseSigned|Mixed Platforms.Build.0 = ReleaseSigned|Any CPU
		{39E1EC7C-3C05-44E4-A19F-A61BF6EA9B11}.ReleaseSigned|Win32.ActiveCfg = ReleaseSigned|x86
		{39E1EC7C-3C05-44E4-A19F-A61BF6EA9B11}.ReleaseSigned|Win32.Build.0 = ReleaseSigned|x86
		{39E1EC7C-3C05-44E4-A19F-A61BF6EA9B11}.ReleaseSigned|x64.ActiveCfg = ReleaseSigned|Any CPU
		{39E1EC7C-3C05-44E4-A19F-A61BF6EA9B11}.ReleaseSigned|x86.ActiveCfg = ReleaseSigned|x86
		{39E1EC7C-3C05-44E4-A19F-A61BF6EA9B11}.ReleaseSigned|x86.Build.0 = ReleaseSigned|x86
		{430E4403-12E3-4CF0-8E2A-CE83D0948497}.Debug|Any CPU.ActiveCfg = Debug|Any CPU
		{430E4403-12E3-4CF0-8E2A-CE83D0948497}.Debug|Any CPU.Build.0 = Debug|Any CPU
		{430E4403-12E3-4CF0-8E2A-CE83D0948497}.Debug|ARM.ActiveCfg = Debug|ARM
		{430E4403-12E3-4CF0-8E2A-CE83D0948497}.Debug|ARM.Build.0 = Debug|ARM
		{430E4403-12E3-4CF0-8E2A-CE83D0948497}.Debug|Mixed Platforms.ActiveCfg = Debug|Any CPU
		{430E4403-12E3-4CF0-8E2A-CE83D0948497}.Debug|Mixed Platforms.Build.0 = Debug|Any CPU
		{430E4403-12E3-4CF0-8E2A-CE83D0948497}.Debug|Win32.ActiveCfg = Debug|x86
		{430E4403-12E3-4CF0-8E2A-CE83D0948497}.Debug|Win32.Build.0 = Debug|x86
		{430E4403-12E3-4CF0-8E2A-CE83D0948497}.Debug|x64.ActiveCfg = Debug|Any CPU
		{430E4403-12E3-4CF0-8E2A-CE83D0948497}.Debug|x86.ActiveCfg = Debug|x86
		{430E4403-12E3-4CF0-8E2A-CE83D0948497}.Debug|x86.Build.0 = Debug|x86
		{430E4403-12E3-4CF0-8E2A-CE83D0948497}.Release|Any CPU.ActiveCfg = Release|Any CPU
		{430E4403-12E3-4CF0-8E2A-CE83D0948497}.Release|Any CPU.Build.0 = Release|Any CPU
		{430E4403-12E3-4CF0-8E2A-CE83D0948497}.Release|ARM.ActiveCfg = Release|ARM
		{430E4403-12E3-4CF0-8E2A-CE83D0948497}.Release|ARM.Build.0 = Release|ARM
		{430E4403-12E3-4CF0-8E2A-CE83D0948497}.Release|Mixed Platforms.ActiveCfg = Release|Any CPU
		{430E4403-12E3-4CF0-8E2A-CE83D0948497}.Release|Mixed Platforms.Build.0 = Release|Any CPU
		{430E4403-12E3-4CF0-8E2A-CE83D0948497}.Release|Win32.ActiveCfg = Release|x86
		{430E4403-12E3-4CF0-8E2A-CE83D0948497}.Release|Win32.Build.0 = Release|x86
		{430E4403-12E3-4CF0-8E2A-CE83D0948497}.Release|x64.ActiveCfg = Release|Any CPU
		{430E4403-12E3-4CF0-8E2A-CE83D0948497}.Release|x86.ActiveCfg = Release|x86
		{430E4403-12E3-4CF0-8E2A-CE83D0948497}.Release|x86.Build.0 = Release|x86
		{430E4403-12E3-4CF0-8E2A-CE83D0948497}.ReleaseSigned|Any CPU.ActiveCfg = ReleaseSigned|Any CPU
		{430E4403-12E3-4CF0-8E2A-CE83D0948497}.ReleaseSigned|Any CPU.Build.0 = ReleaseSigned|Any CPU
		{430E4403-12E3-4CF0-8E2A-CE83D0948497}.ReleaseSigned|ARM.ActiveCfg = ReleaseSigned|ARM
		{430E4403-12E3-4CF0-8E2A-CE83D0948497}.ReleaseSigned|ARM.Build.0 = ReleaseSigned|ARM
		{430E4403-12E3-4CF0-8E2A-CE83D0948497}.ReleaseSigned|Mixed Platforms.ActiveCfg = ReleaseSigned|Any CPU
		{430E4403-12E3-4CF0-8E2A-CE83D0948497}.ReleaseSigned|Mixed Platforms.Build.0 = ReleaseSigned|Any CPU
		{430E4403-12E3-4CF0-8E2A-CE83D0948497}.ReleaseSigned|Win32.ActiveCfg = ReleaseSigned|x86
		{430E4403-12E3-4CF0-8E2A-CE83D0948497}.ReleaseSigned|Win32.Build.0 = ReleaseSigned|x86
		{430E4403-12E3-4CF0-8E2A-CE83D0948497}.ReleaseSigned|x64.ActiveCfg = ReleaseSigned|Any CPU
		{430E4403-12E3-4CF0-8E2A-CE83D0948497}.ReleaseSigned|x86.ActiveCfg = ReleaseSigned|x86
		{430E4403-12E3-4CF0-8E2A-CE83D0948497}.ReleaseSigned|x86.Build.0 = ReleaseSigned|x86
		{DB18F3A6-B16A-477B-A7B1-C2B116D1BFB0}.Debug|Any CPU.ActiveCfg = Debug|Any CPU
		{DB18F3A6-B16A-477B-A7B1-C2B116D1BFB0}.Debug|Any CPU.Build.0 = Debug|Any CPU
		{DB18F3A6-B16A-477B-A7B1-C2B116D1BFB0}.Debug|ARM.ActiveCfg = Debug|Any CPU
		{DB18F3A6-B16A-477B-A7B1-C2B116D1BFB0}.Debug|Mixed Platforms.ActiveCfg = Debug|Any CPU
		{DB18F3A6-B16A-477B-A7B1-C2B116D1BFB0}.Debug|Mixed Platforms.Build.0 = Debug|Any CPU
		{DB18F3A6-B16A-477B-A7B1-C2B116D1BFB0}.Debug|Win32.ActiveCfg = Debug|Any CPU
		{DB18F3A6-B16A-477B-A7B1-C2B116D1BFB0}.Debug|x64.ActiveCfg = Debug|Any CPU
		{DB18F3A6-B16A-477B-A7B1-C2B116D1BFB0}.Debug|x86.ActiveCfg = Debug|Any CPU
		{DB18F3A6-B16A-477B-A7B1-C2B116D1BFB0}.Release|Any CPU.ActiveCfg = Release|Any CPU
		{DB18F3A6-B16A-477B-A7B1-C2B116D1BFB0}.Release|Any CPU.Build.0 = Release|Any CPU
		{DB18F3A6-B16A-477B-A7B1-C2B116D1BFB0}.Release|ARM.ActiveCfg = Release|Any CPU
		{DB18F3A6-B16A-477B-A7B1-C2B116D1BFB0}.Release|Mixed Platforms.ActiveCfg = Release|Any CPU
		{DB18F3A6-B16A-477B-A7B1-C2B116D1BFB0}.Release|Mixed Platforms.Build.0 = Release|Any CPU
		{DB18F3A6-B16A-477B-A7B1-C2B116D1BFB0}.Release|Win32.ActiveCfg = Release|Any CPU
		{DB18F3A6-B16A-477B-A7B1-C2B116D1BFB0}.Release|x64.ActiveCfg = Release|Any CPU
		{DB18F3A6-B16A-477B-A7B1-C2B116D1BFB0}.Release|x86.ActiveCfg = Release|Any CPU
		{DB18F3A6-B16A-477B-A7B1-C2B116D1BFB0}.ReleaseSigned|Any CPU.ActiveCfg = ReleaseSigned|Any CPU
		{DB18F3A6-B16A-477B-A7B1-C2B116D1BFB0}.ReleaseSigned|Any CPU.Build.0 = ReleaseSigned|Any CPU
		{DB18F3A6-B16A-477B-A7B1-C2B116D1BFB0}.ReleaseSigned|ARM.ActiveCfg = ReleaseSigned|Any CPU
		{DB18F3A6-B16A-477B-A7B1-C2B116D1BFB0}.ReleaseSigned|Mixed Platforms.ActiveCfg = ReleaseSigned|Any CPU
		{DB18F3A6-B16A-477B-A7B1-C2B116D1BFB0}.ReleaseSigned|Mixed Platforms.Build.0 = ReleaseSigned|Any CPU
		{DB18F3A6-B16A-477B-A7B1-C2B116D1BFB0}.ReleaseSigned|Win32.ActiveCfg = ReleaseSigned|Any CPU
		{DB18F3A6-B16A-477B-A7B1-C2B116D1BFB0}.ReleaseSigned|x64.ActiveCfg = ReleaseSigned|Any CPU
		{DB18F3A6-B16A-477B-A7B1-C2B116D1BFB0}.ReleaseSigned|x86.ActiveCfg = ReleaseSigned|Any CPU
		{B1D5B962-3E98-46D4-992E-C6491E4E8A02}.Debug|Any CPU.ActiveCfg = Debug|Any CPU
		{B1D5B962-3E98-46D4-992E-C6491E4E8A02}.Debug|Any CPU.Build.0 = Debug|Any CPU
		{B1D5B962-3E98-46D4-992E-C6491E4E8A02}.Debug|ARM.ActiveCfg = Debug|ARM
		{B1D5B962-3E98-46D4-992E-C6491E4E8A02}.Debug|ARM.Build.0 = Debug|ARM
		{B1D5B962-3E98-46D4-992E-C6491E4E8A02}.Debug|Mixed Platforms.ActiveCfg = Debug|Any CPU
		{B1D5B962-3E98-46D4-992E-C6491E4E8A02}.Debug|Mixed Platforms.Build.0 = Debug|Any CPU
		{B1D5B962-3E98-46D4-992E-C6491E4E8A02}.Debug|Win32.ActiveCfg = Debug|x86
		{B1D5B962-3E98-46D4-992E-C6491E4E8A02}.Debug|Win32.Build.0 = Debug|x86
		{B1D5B962-3E98-46D4-992E-C6491E4E8A02}.Debug|x64.ActiveCfg = Debug|x64
		{B1D5B962-3E98-46D4-992E-C6491E4E8A02}.Debug|x64.Build.0 = Debug|x64
		{B1D5B962-3E98-46D4-992E-C6491E4E8A02}.Debug|x86.ActiveCfg = Debug|x86
		{B1D5B962-3E98-46D4-992E-C6491E4E8A02}.Debug|x86.Build.0 = Debug|x86
		{B1D5B962-3E98-46D4-992E-C6491E4E8A02}.Release|Any CPU.ActiveCfg = Release|Any CPU
		{B1D5B962-3E98-46D4-992E-C6491E4E8A02}.Release|Any CPU.Build.0 = Release|Any CPU
		{B1D5B962-3E98-46D4-992E-C6491E4E8A02}.Release|ARM.ActiveCfg = Release|ARM
		{B1D5B962-3E98-46D4-992E-C6491E4E8A02}.Release|ARM.Build.0 = Release|ARM
		{B1D5B962-3E98-46D4-992E-C6491E4E8A02}.Release|Mixed Platforms.ActiveCfg = Release|Any CPU
		{B1D5B962-3E98-46D4-992E-C6491E4E8A02}.Release|Mixed Platforms.Build.0 = Release|Any CPU
		{B1D5B962-3E98-46D4-992E-C6491E4E8A02}.Release|Win32.ActiveCfg = Release|x86
		{B1D5B962-3E98-46D4-992E-C6491E4E8A02}.Release|Win32.Build.0 = Release|x86
		{B1D5B962-3E98-46D4-992E-C6491E4E8A02}.Release|x64.ActiveCfg = Release|x64
		{B1D5B962-3E98-46D4-992E-C6491E4E8A02}.Release|x64.Build.0 = Release|x64
		{B1D5B962-3E98-46D4-992E-C6491E4E8A02}.Release|x86.ActiveCfg = Release|x86
		{B1D5B962-3E98-46D4-992E-C6491E4E8A02}.Release|x86.Build.0 = Release|x86
		{B1D5B962-3E98-46D4-992E-C6491E4E8A02}.ReleaseSigned|Any CPU.ActiveCfg = ReleaseSigned|Any CPU
		{B1D5B962-3E98-46D4-992E-C6491E4E8A02}.ReleaseSigned|Any CPU.Build.0 = ReleaseSigned|Any CPU
		{B1D5B962-3E98-46D4-992E-C6491E4E8A02}.ReleaseSigned|ARM.ActiveCfg = ReleaseSigned|ARM
		{B1D5B962-3E98-46D4-992E-C6491E4E8A02}.ReleaseSigned|ARM.Build.0 = ReleaseSigned|ARM
		{B1D5B962-3E98-46D4-992E-C6491E4E8A02}.ReleaseSigned|Mixed Platforms.ActiveCfg = ReleaseSigned|Any CPU
		{B1D5B962-3E98-46D4-992E-C6491E4E8A02}.ReleaseSigned|Mixed Platforms.Build.0 = ReleaseSigned|Any CPU
		{B1D5B962-3E98-46D4-992E-C6491E4E8A02}.ReleaseSigned|Win32.ActiveCfg = ReleaseSigned|x86
		{B1D5B962-3E98-46D4-992E-C6491E4E8A02}.ReleaseSigned|Win32.Build.0 = ReleaseSigned|x86
		{B1D5B962-3E98-46D4-992E-C6491E4E8A02}.ReleaseSigned|x64.ActiveCfg = ReleaseSigned|x64
		{B1D5B962-3E98-46D4-992E-C6491E4E8A02}.ReleaseSigned|x64.Build.0 = ReleaseSigned|x64
		{B1D5B962-3E98-46D4-992E-C6491E4E8A02}.ReleaseSigned|x86.ActiveCfg = ReleaseSigned|x86
		{B1D5B962-3E98-46D4-992E-C6491E4E8A02}.ReleaseSigned|x86.Build.0 = ReleaseSigned|x86
		{9CBB9EC3-C678-4FB7-889B-DED6DE1F06B6}.Debug|Any CPU.ActiveCfg = Debug|Any CPU
		{9CBB9EC3-C678-4FB7-889B-DED6DE1F06B6}.Debug|Any CPU.Build.0 = Debug|Any CPU
		{9CBB9EC3-C678-4FB7-889B-DED6DE1F06B6}.Debug|ARM.ActiveCfg = Debug|ARM
		{9CBB9EC3-C678-4FB7-889B-DED6DE1F06B6}.Debug|ARM.Build.0 = Debug|ARM
		{9CBB9EC3-C678-4FB7-889B-DED6DE1F06B6}.Debug|Mixed Platforms.ActiveCfg = Debug|Any CPU
		{9CBB9EC3-C678-4FB7-889B-DED6DE1F06B6}.Debug|Mixed Platforms.Build.0 = Debug|Any CPU
		{9CBB9EC3-C678-4FB7-889B-DED6DE1F06B6}.Debug|Win32.ActiveCfg = Debug|x86
		{9CBB9EC3-C678-4FB7-889B-DED6DE1F06B6}.Debug|Win32.Build.0 = Debug|x86
		{9CBB9EC3-C678-4FB7-889B-DED6DE1F06B6}.Debug|x64.ActiveCfg = Debug|x64
		{9CBB9EC3-C678-4FB7-889B-DED6DE1F06B6}.Debug|x64.Build.0 = Debug|x64
		{9CBB9EC3-C678-4FB7-889B-DED6DE1F06B6}.Debug|x86.ActiveCfg = Debug|x86
		{9CBB9EC3-C678-4FB7-889B-DED6DE1F06B6}.Debug|x86.Build.0 = Debug|x86
		{9CBB9EC3-C678-4FB7-889B-DED6DE1F06B6}.Release|Any CPU.ActiveCfg = Release|Any CPU
		{9CBB9EC3-C678-4FB7-889B-DED6DE1F06B6}.Release|Any CPU.Build.0 = Release|Any CPU
		{9CBB9EC3-C678-4FB7-889B-DED6DE1F06B6}.Release|ARM.ActiveCfg = Release|ARM
		{9CBB9EC3-C678-4FB7-889B-DED6DE1F06B6}.Release|ARM.Build.0 = Release|ARM
		{9CBB9EC3-C678-4FB7-889B-DED6DE1F06B6}.Release|Mixed Platforms.ActiveCfg = Release|Any CPU
		{9CBB9EC3-C678-4FB7-889B-DED6DE1F06B6}.Release|Mixed Platforms.Build.0 = Release|Any CPU
		{9CBB9EC3-C678-4FB7-889B-DED6DE1F06B6}.Release|Win32.ActiveCfg = Release|x86
		{9CBB9EC3-C678-4FB7-889B-DED6DE1F06B6}.Release|Win32.Build.0 = Release|x86
		{9CBB9EC3-C678-4FB7-889B-DED6DE1F06B6}.Release|x64.ActiveCfg = Release|x64
		{9CBB9EC3-C678-4FB7-889B-DED6DE1F06B6}.Release|x64.Build.0 = Release|x64
		{9CBB9EC3-C678-4FB7-889B-DED6DE1F06B6}.Release|x86.ActiveCfg = Release|x86
		{9CBB9EC3-C678-4FB7-889B-DED6DE1F06B6}.Release|x86.Build.0 = Release|x86
		{9CBB9EC3-C678-4FB7-889B-DED6DE1F06B6}.ReleaseSigned|Any CPU.ActiveCfg = ReleaseSigned|Any CPU
		{9CBB9EC3-C678-4FB7-889B-DED6DE1F06B6}.ReleaseSigned|Any CPU.Build.0 = ReleaseSigned|Any CPU
		{9CBB9EC3-C678-4FB7-889B-DED6DE1F06B6}.ReleaseSigned|ARM.ActiveCfg = ReleaseSigned|ARM
		{9CBB9EC3-C678-4FB7-889B-DED6DE1F06B6}.ReleaseSigned|ARM.Build.0 = ReleaseSigned|ARM
		{9CBB9EC3-C678-4FB7-889B-DED6DE1F06B6}.ReleaseSigned|Mixed Platforms.ActiveCfg = ReleaseSigned|Any CPU
		{9CBB9EC3-C678-4FB7-889B-DED6DE1F06B6}.ReleaseSigned|Mixed Platforms.Build.0 = ReleaseSigned|Any CPU
		{9CBB9EC3-C678-4FB7-889B-DED6DE1F06B6}.ReleaseSigned|Win32.ActiveCfg = ReleaseSigned|x86
		{9CBB9EC3-C678-4FB7-889B-DED6DE1F06B6}.ReleaseSigned|Win32.Build.0 = ReleaseSigned|x86
		{9CBB9EC3-C678-4FB7-889B-DED6DE1F06B6}.ReleaseSigned|x64.ActiveCfg = ReleaseSigned|x64
		{9CBB9EC3-C678-4FB7-889B-DED6DE1F06B6}.ReleaseSigned|x64.Build.0 = ReleaseSigned|x64
		{9CBB9EC3-C678-4FB7-889B-DED6DE1F06B6}.ReleaseSigned|x86.ActiveCfg = ReleaseSigned|x86
		{9CBB9EC3-C678-4FB7-889B-DED6DE1F06B6}.ReleaseSigned|x86.Build.0 = ReleaseSigned|x86
		{176657CD-57F0-4358-B358-ED8B90D8AF39}.Debug|Any CPU.ActiveCfg = Debug|Any CPU
		{176657CD-57F0-4358-B358-ED8B90D8AF39}.Debug|Any CPU.Build.0 = Debug|Any CPU
		{176657CD-57F0-4358-B358-ED8B90D8AF39}.Debug|ARM.ActiveCfg = Debug|ARM
		{176657CD-57F0-4358-B358-ED8B90D8AF39}.Debug|ARM.Build.0 = Debug|ARM
		{176657CD-57F0-4358-B358-ED8B90D8AF39}.Debug|Mixed Platforms.ActiveCfg = Debug|Any CPU
		{176657CD-57F0-4358-B358-ED8B90D8AF39}.Debug|Mixed Platforms.Build.0 = Debug|Any CPU
		{176657CD-57F0-4358-B358-ED8B90D8AF39}.Debug|Win32.ActiveCfg = Debug|x86
		{176657CD-57F0-4358-B358-ED8B90D8AF39}.Debug|Win32.Build.0 = Debug|x86
		{176657CD-57F0-4358-B358-ED8B90D8AF39}.Debug|x64.ActiveCfg = Debug|Any CPU
		{176657CD-57F0-4358-B358-ED8B90D8AF39}.Debug|x86.ActiveCfg = Debug|x86
		{176657CD-57F0-4358-B358-ED8B90D8AF39}.Debug|x86.Build.0 = Debug|x86
		{176657CD-57F0-4358-B358-ED8B90D8AF39}.Release|Any CPU.ActiveCfg = Release|Any CPU
		{176657CD-57F0-4358-B358-ED8B90D8AF39}.Release|Any CPU.Build.0 = Release|Any CPU
		{176657CD-57F0-4358-B358-ED8B90D8AF39}.Release|ARM.ActiveCfg = Release|ARM
		{176657CD-57F0-4358-B358-ED8B90D8AF39}.Release|ARM.Build.0 = Release|ARM
		{176657CD-57F0-4358-B358-ED8B90D8AF39}.Release|Mixed Platforms.ActiveCfg = Release|Any CPU
		{176657CD-57F0-4358-B358-ED8B90D8AF39}.Release|Mixed Platforms.Build.0 = Release|Any CPU
		{176657CD-57F0-4358-B358-ED8B90D8AF39}.Release|Win32.ActiveCfg = Release|x86
		{176657CD-57F0-4358-B358-ED8B90D8AF39}.Release|Win32.Build.0 = Release|x86
		{176657CD-57F0-4358-B358-ED8B90D8AF39}.Release|x64.ActiveCfg = Release|Any CPU
		{176657CD-57F0-4358-B358-ED8B90D8AF39}.Release|x86.ActiveCfg = Release|x86
		{176657CD-57F0-4358-B358-ED8B90D8AF39}.Release|x86.Build.0 = Release|x86
		{176657CD-57F0-4358-B358-ED8B90D8AF39}.ReleaseSigned|Any CPU.ActiveCfg = ReleaseSigned|Any CPU
		{176657CD-57F0-4358-B358-ED8B90D8AF39}.ReleaseSigned|Any CPU.Build.0 = ReleaseSigned|Any CPU
		{176657CD-57F0-4358-B358-ED8B90D8AF39}.ReleaseSigned|ARM.ActiveCfg = ReleaseSigned|ARM
		{176657CD-57F0-4358-B358-ED8B90D8AF39}.ReleaseSigned|ARM.Build.0 = ReleaseSigned|ARM
		{176657CD-57F0-4358-B358-ED8B90D8AF39}.ReleaseSigned|Mixed Platforms.ActiveCfg = ReleaseSigned|Any CPU
		{176657CD-57F0-4358-B358-ED8B90D8AF39}.ReleaseSigned|Mixed Platforms.Build.0 = ReleaseSigned|Any CPU
		{176657CD-57F0-4358-B358-ED8B90D8AF39}.ReleaseSigned|Win32.ActiveCfg = ReleaseSigned|x86
		{176657CD-57F0-4358-B358-ED8B90D8AF39}.ReleaseSigned|Win32.Build.0 = ReleaseSigned|x86
		{176657CD-57F0-4358-B358-ED8B90D8AF39}.ReleaseSigned|x64.ActiveCfg = ReleaseSigned|Any CPU
		{176657CD-57F0-4358-B358-ED8B90D8AF39}.ReleaseSigned|x86.ActiveCfg = ReleaseSigned|x86
		{176657CD-57F0-4358-B358-ED8B90D8AF39}.ReleaseSigned|x86.Build.0 = ReleaseSigned|x86
		{90660B22-B933-44A6-B34D-E4F4352D4434}.Debug|Any CPU.ActiveCfg = Debug|Any CPU
		{90660B22-B933-44A6-B34D-E4F4352D4434}.Debug|Any CPU.Build.0 = Debug|Any CPU
		{90660B22-B933-44A6-B34D-E4F4352D4434}.Debug|ARM.ActiveCfg = Debug|ARM
		{90660B22-B933-44A6-B34D-E4F4352D4434}.Debug|ARM.Build.0 = Debug|ARM
		{90660B22-B933-44A6-B34D-E4F4352D4434}.Debug|Mixed Platforms.ActiveCfg = Debug|Any CPU
		{90660B22-B933-44A6-B34D-E4F4352D4434}.Debug|Mixed Platforms.Build.0 = Debug|Any CPU
		{90660B22-B933-44A6-B34D-E4F4352D4434}.Debug|Win32.ActiveCfg = Debug|x86
		{90660B22-B933-44A6-B34D-E4F4352D4434}.Debug|Win32.Build.0 = Debug|x86
		{90660B22-B933-44A6-B34D-E4F4352D4434}.Debug|x64.ActiveCfg = Debug|Any CPU
		{90660B22-B933-44A6-B34D-E4F4352D4434}.Debug|x86.ActiveCfg = Debug|x86
		{90660B22-B933-44A6-B34D-E4F4352D4434}.Debug|x86.Build.0 = Debug|x86
		{90660B22-B933-44A6-B34D-E4F4352D4434}.Release|Any CPU.ActiveCfg = Release|Any CPU
		{90660B22-B933-44A6-B34D-E4F4352D4434}.Release|Any CPU.Build.0 = Release|Any CPU
		{90660B22-B933-44A6-B34D-E4F4352D4434}.Release|ARM.ActiveCfg = Release|ARM
		{90660B22-B933-44A6-B34D-E4F4352D4434}.Release|ARM.Build.0 = Release|ARM
		{90660B22-B933-44A6-B34D-E4F4352D4434}.Release|Mixed Platforms.ActiveCfg = Release|Any CPU
		{90660B22-B933-44A6-B34D-E4F4352D4434}.Release|Mixed Platforms.Build.0 = Release|Any CPU
		{90660B22-B933-44A6-B34D-E4F4352D4434}.Release|Win32.ActiveCfg = Release|x86
		{90660B22-B933-44A6-B34D-E4F4352D4434}.Release|Win32.Build.0 = Release|x86
		{90660B22-B933-44A6-B34D-E4F4352D4434}.Release|x64.ActiveCfg = Release|Any CPU
		{90660B22-B933-44A6-B34D-E4F4352D4434}.Release|x86.ActiveCfg = Release|x86
		{90660B22-B933-44A6-B34D-E4F4352D4434}.Release|x86.Build.0 = Release|x86
		{90660B22-B933-44A6-B34D-E4F4352D4434}.ReleaseSigned|Any CPU.ActiveCfg = ReleaseSigned|Any CPU
		{90660B22-B933-44A6-B34D-E4F4352D4434}.ReleaseSigned|Any CPU.Build.0 = ReleaseSigned|Any CPU
		{90660B22-B933-44A6-B34D-E4F4352D4434}.ReleaseSigned|ARM.ActiveCfg = ReleaseSigned|ARM
		{90660B22-B933-44A6-B34D-E4F4352D4434}.ReleaseSigned|ARM.Build.0 = ReleaseSigned|ARM
		{90660B22-B933-44A6-B34D-E4F4352D4434}.ReleaseSigned|Mixed Platforms.ActiveCfg = ReleaseSigned|Any CPU
		{90660B22-B933-44A6-B34D-E4F4352D4434}.ReleaseSigned|Mixed Platforms.Build.0 = ReleaseSigned|Any CPU
		{90660B22-B933-44A6-B34D-E4F4352D4434}.ReleaseSigned|Win32.ActiveCfg = ReleaseSigned|x86
		{90660B22-B933-44A6-B34D-E4F4352D4434}.ReleaseSigned|Win32.Build.0 = ReleaseSigned|x86
		{90660B22-B933-44A6-B34D-E4F4352D4434}.ReleaseSigned|x64.ActiveCfg = ReleaseSigned|Any CPU
		{90660B22-B933-44A6-B34D-E4F4352D4434}.ReleaseSigned|x86.ActiveCfg = ReleaseSigned|x86
		{90660B22-B933-44A6-B34D-E4F4352D4434}.ReleaseSigned|x86.Build.0 = ReleaseSigned|x86
		{5A731729-8E99-4930-AE77-FA3524673DA3}.Debug|Any CPU.ActiveCfg = Debug|Any CPU
		{5A731729-8E99-4930-AE77-FA3524673DA3}.Debug|Any CPU.Build.0 = Debug|Any CPU
		{5A731729-8E99-4930-AE77-FA3524673DA3}.Debug|ARM.ActiveCfg = Debug|Any CPU
		{5A731729-8E99-4930-AE77-FA3524673DA3}.Debug|Mixed Platforms.ActiveCfg = Debug|Any CPU
		{5A731729-8E99-4930-AE77-FA3524673DA3}.Debug|Mixed Platforms.Build.0 = Debug|Any CPU
		{5A731729-8E99-4930-AE77-FA3524673DA3}.Debug|Win32.ActiveCfg = Debug|Any CPU
		{5A731729-8E99-4930-AE77-FA3524673DA3}.Debug|x64.ActiveCfg = Debug|Any CPU
		{5A731729-8E99-4930-AE77-FA3524673DA3}.Debug|x86.ActiveCfg = Debug|Any CPU
		{5A731729-8E99-4930-AE77-FA3524673DA3}.Release|Any CPU.ActiveCfg = Release|Any CPU
		{5A731729-8E99-4930-AE77-FA3524673DA3}.Release|Any CPU.Build.0 = Release|Any CPU
		{5A731729-8E99-4930-AE77-FA3524673DA3}.Release|ARM.ActiveCfg = Release|Any CPU
		{5A731729-8E99-4930-AE77-FA3524673DA3}.Release|Mixed Platforms.ActiveCfg = Release|Any CPU
		{5A731729-8E99-4930-AE77-FA3524673DA3}.Release|Mixed Platforms.Build.0 = Release|Any CPU
		{5A731729-8E99-4930-AE77-FA3524673DA3}.Release|Win32.ActiveCfg = Release|Any CPU
		{5A731729-8E99-4930-AE77-FA3524673DA3}.Release|x64.ActiveCfg = Release|Any CPU
		{5A731729-8E99-4930-AE77-FA3524673DA3}.Release|x86.ActiveCfg = Release|Any CPU
		{5A731729-8E99-4930-AE77-FA3524673DA3}.ReleaseSigned|Any CPU.ActiveCfg = Release|Any CPU
		{5A731729-8E99-4930-AE77-FA3524673DA3}.ReleaseSigned|ARM.ActiveCfg = Release|Any CPU
		{5A731729-8E99-4930-AE77-FA3524673DA3}.ReleaseSigned|Mixed Platforms.ActiveCfg = Release|Any CPU
		{5A731729-8E99-4930-AE77-FA3524673DA3}.ReleaseSigned|Win32.ActiveCfg = Release|Any CPU
		{5A731729-8E99-4930-AE77-FA3524673DA3}.ReleaseSigned|x64.ActiveCfg = Release|Any CPU
		{5A731729-8E99-4930-AE77-FA3524673DA3}.ReleaseSigned|x86.ActiveCfg = Release|Any CPU
	EndGlobalSection
	GlobalSection(SolutionProperties) = preSolution
		HideSolutionNode = FALSE
	EndGlobalSection
	GlobalSection(NestedProjects) = preSolution
		{C4DA0ABE-2C2E-4BB8-9881-5FF80B0C1AFD} = {00A1D580-DF06-4C96-A4DA-EDDEF8584971}
		{8CFBF8D2-64CB-4703-A5B0-F9EF4DE41FA7} = {00A1D580-DF06-4C96-A4DA-EDDEF8584971}
		{B700243A-2FAC-454B-8858-47635BFA71C6} = {AB6FBFCC-03C1-44C0-B88D-D1D897EB2E36}
		{39E1EC7C-3C05-44E4-A19F-A61BF6EA9B11} = {ECD96861-5839-42AC-BF92-E876F3A64FAF}
		{430E4403-12E3-4CF0-8E2A-CE83D0948497} = {ECD96861-5839-42AC-BF92-E876F3A64FAF}
		{B1D5B962-3E98-46D4-992E-C6491E4E8A02} = {B958FC48-7F21-4C26-BABB-7C5D2D6A0AAC}
		{9CBB9EC3-C678-4FB7-889B-DED6DE1F06B6} = {B958FC48-7F21-4C26-BABB-7C5D2D6A0AAC}
		{176657CD-57F0-4358-B358-ED8B90D8AF39} = {47D62839-79D1-4EE6-B47E-06678E37A3BC}
		{90660B22-B933-44A6-B34D-E4F4352D4434} = {47D62839-79D1-4EE6-B47E-06678E37A3BC}
		{5A731729-8E99-4930-AE77-FA3524673DA3} = {00A1D580-DF06-4C96-A4DA-EDDEF8584971}
	EndGlobalSection
	GlobalSection(MonoDevelopProperties) = preSolution
		StartupItem = Src\GoogleApis\GoogleApis.csproj
		Policies = $0
		$0.TextStylePolicy = $2
		$1.FileWidth = 120
		$1.EolMarker = Windows
		$1.inheritsSet = VisualStudio
		$1.inheritsScope = text/plain
		$1.scope = text/plain
		$2.FileWidth = 120
		$2.EolMarker = Windows
		$2.inheritsSet = VisualStudio
		$2.inheritsScope = text/plain
		$2.scope = text/x-csharp
		$0.CSharpFormattingPolicy = $3
		$3.PropertyBraceStyle = NextLine
		$3.StatementBraceStyle = NextLine
		$3.IfElseBraceForcement = AddBraces
		$3.ForBraceForcement = AddBraces
		$3.ForEachBraceForcement = AddBraces
		$3.WhileBraceForcement = AddBraces
		$3.UsingBraceForcement = AddBraces
		$3.FixedBraceForcement = AddBraces
		$3.inheritsSet = Mono
		$3.inheritsScope = text/x-csharp
		$3.scope = text/x-csharp
	EndGlobalSection
EndGlobal
