
Microsoft Visual Studio Solution File, Format Version 11.00
# Visual Studio 2010
Project("{FAE04EC0-301F-11D3-BF4B-00C04F79EFBC}") = "GoogleApis.Tools.ServiceGenerator", "GoogleApis.Tools.ServiceGenerator.csproj", "{FAD28B73-7185-4D31-8939-8AD91C3A8384}"
EndProject
Global
	GlobalSection(SolutionConfigurationPlatforms) = preSolution
		Debug|Any CPU = Debug|Any CPU
		Release|Any CPU = Release|Any CPU
	EndGlobalSection
	GlobalSection(ProjectConfigurationPlatforms) = postSolution
		{FAD28B73-7185-4D31-8939-8AD91C3A8384}.Debug|Any CPU.ActiveCfg = Debug|Any CPU
		{FAD28B73-7185-4D31-8939-8AD91C3A8384}.Debug|Any CPU.Build.0 = Debug|Any CPU
		{FAD28B73-7185-4D31-8939-8AD91C3A8384}.Release|Any CPU.ActiveCfg = Release|Any CPU
		{FAD28B73-7185-4D31-8939-8AD91C3A8384}.Release|Any CPU.Build.0 = Release|Any CPU
	EndGlobalSection
	GlobalSection(SolutionProperties) = preSolution
		HideSolutionNode = FALSE
	EndGlobalSection
EndGlobal
