
Microsoft Visual Studio Solution File, Format Version 12.00
# Visual Studio 14
VisualStudioVersion = 14.0.24720.0
MinimumVisualStudioVersion = 10.0.40219.1
Project("{FAE04EC0-301F-11D3-BF4B-00C04F79EFBC}") = "GoogleApis.Tests", "GoogleApis.Tests\GoogleApis.Tests.csproj", "{9A8AA9EF-6904-43D8-8A26-0AB62069C2DC}"
EndProject
Project("{FAE04EC0-301F-11D3-BF4B-00C04F79EFBC}") = "GoogleApis.Auth.Tests", "GoogleApis.Auth.Tests\GoogleApis.Auth.Tests.csproj", "{548D6C9B-A97B-4316-91AC-9AAD35202884}"
EndProject
Project("{FAE04EC0-301F-11D3-BF4B-00C04F79EFBC}") = "GoogleApis.Auth.Mvc4", "GoogleApis.Auth.Mvc4\GoogleApis.Auth.Mvc4.csproj", "{B700243A-2FAC-454B-8858-47635BFA71C6}"
EndProject
Project("{FAE04EC0-301F-11D3-BF4B-00C04F79EFBC}") = "GoogleApis.PlatformServices_WP8", "GoogleApis.WP\GoogleApis.PlatformServices_WP8.csproj", "{39E1EC7C-3C05-44E4-A19F-A61BF6EA9B11}"
EndProject
Project("{FAE04EC0-301F-11D3-BF4B-00C04F79EFBC}") = "GoogleApis.Auth.PlatformServices_WP8", "GoogleApis.Auth.WP\GoogleApis.Auth.PlatformServices_WP8.csproj", "{430E4403-12E3-4CF0-8E2A-CE83D0948497}"
EndProject
Project("{FAE04EC0-301F-11D3-BF4B-00C04F79EFBC}") = "GoogleApis.Auth.PlatformServices_Win81", "GoogleApis.Auth.Windows\GoogleApis.Auth.PlatformServices_Win81.csproj", "{B1D5B962-3E98-46D4-992E-C6491E4E8A02}"
EndProject
Project("{FAE04EC0-301F-11D3-BF4B-00C04F79EFBC}") = "GoogleApis.PlatformServices_Win81", "GoogleApis.Windows\GoogleApis.PlatformServices_Win81.csproj", "{9CBB9EC3-C678-4FB7-889B-DED6DE1F06B6}"
EndProject
Project("{FAE04EC0-301F-11D3-BF4B-00C04F79EFBC}") = "GoogleApis.PlatformServices_Wpa81", "GoogleApis.WP81\GoogleApis.PlatformServices_Wpa81.csproj", "{176657CD-57F0-4358-B358-ED8B90D8AF39}"
EndProject
Project("{FAE04EC0-301F-11D3-BF4B-00C04F79EFBC}") = "GoogleApis.Auth.PlatformServices_Wpa81", "GoogleApis.Auth.WP81\GoogleApis.Auth.PlatformServices_Wpa81.csproj", "{90660B22-B933-44A6-B34D-E4F4352D4434}"
EndProject
Project("{D954291E-2A0B-460D-934E-DC6B0785DB48}") = "GoogleApis_Shared", "GoogleApis\GoogleApis_Shared.shproj", "{0E73CB06-DE95-493E-8DE3-114E41DDD0C9}"
EndProject
Project("{FAE04EC0-301F-11D3-BF4B-00C04F79EFBC}") = "GoogleApis_Net45", "GoogleApis\Net45\GoogleApis_Net45.csproj", "{E06DCDD2-B8E0-4BF0-B572-A825E8DC1FA2}"
EndProject
Project("{FAE04EC0-301F-11D3-BF4B-00C04F79EFBC}") = "GoogleApis_Portable", "GoogleApis\Portable\GoogleApis_Portable.csproj", "{826CF988-EEE8-4B75-8F53-B7E851A17BAA}"
EndProject
Project("{D954291E-2A0B-460D-934E-DC6B0785DB48}") = "GoogleApis.Core_Shared", "GoogleApis.Core\GoogleApis.Core_Shared.shproj", "{B195969C-AAA6-47F8-928E-691AD872FD03}"
EndProject
Project("{FAE04EC0-301F-11D3-BF4B-00C04F79EFBC}") = "GoogleApis.Core_Portable", "GoogleApis.Core\Portable\GoogleApis.Core_Portable.csproj", "{DB18F3A6-B16A-477B-A7B1-C2B116D1BFB0}"
EndProject
Project("{FAE04EC0-301F-11D3-BF4B-00C04F79EFBC}") = "GoogleApis.Core_Net45", "GoogleApis.Core\Net45\GoogleApis.Core_Net45.csproj", "{E83C6D98-C348-4944-AD7F-C4E428141079}"
EndProject
Project("{D954291E-2A0B-460D-934E-DC6B0785DB48}") = "GoogleApis.Auth_Shared", "GoogleApis.Auth\GoogleApis.Auth_Shared.shproj", "{E77EE0DA-471C-4BB6-9035-7D78E5D569FE}"
EndProject
Project("{FAE04EC0-301F-11D3-BF4B-00C04F79EFBC}") = "GoogleApis.Auth_Portable", "GoogleApis.Auth\Portable\GoogleApis.Auth_Portable.csproj", "{0AAAF32E-2BF0-49C5-BC2D-90874CFB5510}"
EndProject
Project("{FAE04EC0-301F-11D3-BF4B-00C04F79EFBC}") = "GoogleApis.Auth_Net45", "GoogleApis.Auth\Net45\GoogleApis.Auth_Net45.csproj", "{3EF3C1A9-A3CB-41C9-88C3-6B226CA051BE}"
EndProject
Project("{2150E333-8FDC-42A3-9474-1A3956D46DE8}") = "Tests", "Tests", "{53189F27-5960-4300-955F-FDF1780F02A8}"
EndProject
Project("{FAE04EC0-301F-11D3-BF4B-00C04F79EFBC}") = "GoogleApis.PlatformServices_Net45", "GoogleApis.DotNet4\GoogleApis.PlatformServices_Net45.csproj", "{C4DA0ABE-2C2E-4BB8-9881-5FF80B0C1AFD}"
EndProject
Project("{FAE04EC0-301F-11D3-BF4B-00C04F79EFBC}") = "GoogleApis.Auth.PlatformServices_Net45", "GoogleApis.Auth.DotNet4\GoogleApis.Auth.PlatformServices_Net45.csproj", "{8CFBF8D2-64CB-4703-A5B0-F9EF4DE41FA7}"
EndProject
Project("{FAE04EC0-301F-11D3-BF4B-00C04F79EFBC}") = "GoogleApis.Auth.PlatformServices.Tests_Net45", "GoogleApis.Auth.DotNet4.Tests\GoogleApis.Auth.PlatformServices.Tests_Net45.csproj", "{5A731729-8E99-4930-AE77-FA3524673DA3}"
EndProject
Global
	GlobalSection(SharedMSBuildProjectFiles) = preSolution
		GoogleApis.Core\GoogleApis.Core_Shared.projitems*{db18f3a6-b16a-477b-a7b1-c2b116d1bfb0}*SharedItemsImports = 4
		GoogleApis.Auth\GoogleApis.Auth_Shared.projitems*{0aaaf32e-2bf0-49c5-bc2d-90874cfb5510}*SharedItemsImports = 4
		GoogleApis\GoogleApis_Shared.projitems*{0e73cb06-de95-493e-8de3-114e41ddd0c9}*SharedItemsImports = 13
		GoogleApis\GoogleApis_Shared.projitems*{826cf988-eee8-4b75-8f53-b7e851a17baa}*SharedItemsImports = 4
		GoogleApis.Auth\GoogleApis.Auth_Shared.projitems*{e77ee0da-471c-4bb6-9035-7d78e5d569fe}*SharedItemsImports = 13
		GoogleApis.Core\GoogleApis.Core_Shared.projitems*{e83c6d98-c348-4944-ad7f-c4e428141079}*SharedItemsImports = 4
		GoogleApis\GoogleApis_Shared.projitems*{e06dcdd2-b8e0-4bf0-b572-a825e8dc1fa2}*SharedItemsImports = 4
		GoogleApis.Auth\GoogleApis.Auth_Shared.projitems*{3ef3c1a9-a3cb-41c9-88c3-6b226ca051be}*SharedItemsImports = 4
		GoogleApis.Core\GoogleApis.Core_Shared.projitems*{b195969c-aaa6-47f8-928e-691ad872fd03}*SharedItemsImports = 13
	EndGlobalSection
	GlobalSection(SolutionConfigurationPlatforms) = preSolution
		Debug|Any CPU = Debug|Any CPU
		Debug|ARM = Debug|ARM
		Debug|Mixed Platforms = Debug|Mixed Platforms
		Debug|Win32 = Debug|Win32
		Debug|x64 = Debug|x64
		Debug|x86 = Debug|x86
		Release|Any CPU = Release|Any CPU
		Release|ARM = Release|ARM
		Release|Mixed Platforms = Release|Mixed Platforms
		Release|Win32 = Release|Win32
		Release|x64 = Release|x64
		Release|x86 = Release|x86
		ReleaseSigned|Any CPU = ReleaseSigned|Any CPU
		ReleaseSigned|ARM = ReleaseSigned|ARM
		ReleaseSigned|Mixed Platforms = ReleaseSigned|Mixed Platforms
		ReleaseSigned|Win32 = ReleaseSigned|Win32
		ReleaseSigned|x64 = ReleaseSigned|x64
		ReleaseSigned|x86 = ReleaseSigned|x86
		ReleaseTravis|Any CPU = ReleaseTravis|Any CPU
		ReleaseTravis|ARM = ReleaseTravis|ARM
		ReleaseTravis|Mixed Platforms = ReleaseTravis|Mixed Platforms
		ReleaseTravis|Win32 = ReleaseTravis|Win32
		ReleaseTravis|x64 = ReleaseTravis|x64
		ReleaseTravis|x86 = ReleaseTravis|x86
	EndGlobalSection
	GlobalSection(ProjectConfigurationPlatforms) = postSolution
		{9A8AA9EF-6904-43D8-8A26-0AB62069C2DC}.Debug|Any CPU.ActiveCfg = Debug|Any CPU
		{9A8AA9EF-6904-43D8-8A26-0AB62069C2DC}.Debug|Any CPU.Build.0 = Debug|Any CPU
		{9A8AA9EF-6904-43D8-8A26-0AB62069C2DC}.Debug|ARM.ActiveCfg = Debug|Any CPU
		{9A8AA9EF-6904-43D8-8A26-0AB62069C2DC}.Debug|Mixed Platforms.ActiveCfg = Debug|Any CPU
		{9A8AA9EF-6904-43D8-8A26-0AB62069C2DC}.Debug|Mixed Platforms.Build.0 = Debug|Any CPU
		{9A8AA9EF-6904-43D8-8A26-0AB62069C2DC}.Debug|Win32.ActiveCfg = Debug|Any CPU
		{9A8AA9EF-6904-43D8-8A26-0AB62069C2DC}.Debug|x64.ActiveCfg = Debug|Any CPU
		{9A8AA9EF-6904-43D8-8A26-0AB62069C2DC}.Debug|x86.ActiveCfg = Debug|Any CPU
		{9A8AA9EF-6904-43D8-8A26-0AB62069C2DC}.Release|Any CPU.ActiveCfg = Release|Any CPU
		{9A8AA9EF-6904-43D8-8A26-0AB62069C2DC}.Release|Any CPU.Build.0 = Release|Any CPU
		{9A8AA9EF-6904-43D8-8A26-0AB62069C2DC}.Release|ARM.ActiveCfg = Release|Any CPU
		{9A8AA9EF-6904-43D8-8A26-0AB62069C2DC}.Release|Mixed Platforms.ActiveCfg = Release|Any CPU
		{9A8AA9EF-6904-43D8-8A26-0AB62069C2DC}.Release|Mixed Platforms.Build.0 = Release|Any CPU
		{9A8AA9EF-6904-43D8-8A26-0AB62069C2DC}.Release|Win32.ActiveCfg = Release|Any CPU
		{9A8AA9EF-6904-43D8-8A26-0AB62069C2DC}.Release|x64.ActiveCfg = Release|Any CPU
		{9A8AA9EF-6904-43D8-8A26-0AB62069C2DC}.Release|x86.ActiveCfg = Release|Any CPU
		{9A8AA9EF-6904-43D8-8A26-0AB62069C2DC}.ReleaseSigned|Any CPU.ActiveCfg = ReleaseSigned|Any CPU
		{9A8AA9EF-6904-43D8-8A26-0AB62069C2DC}.ReleaseSigned|Any CPU.Build.0 = ReleaseSigned|Any CPU
		{9A8AA9EF-6904-43D8-8A26-0AB62069C2DC}.ReleaseSigned|ARM.ActiveCfg = ReleaseSigned|Any CPU
		{9A8AA9EF-6904-43D8-8A26-0AB62069C2DC}.ReleaseSigned|Mixed Platforms.ActiveCfg = ReleaseSigned|Any CPU
		{9A8AA9EF-6904-43D8-8A26-0AB62069C2DC}.ReleaseSigned|Mixed Platforms.Build.0 = ReleaseSigned|Any CPU
		{9A8AA9EF-6904-43D8-8A26-0AB62069C2DC}.ReleaseSigned|Win32.ActiveCfg = ReleaseSigned|Any CPU
		{9A8AA9EF-6904-43D8-8A26-0AB62069C2DC}.ReleaseSigned|x64.ActiveCfg = ReleaseSigned|Any CPU
		{9A8AA9EF-6904-43D8-8A26-0AB62069C2DC}.ReleaseSigned|x86.ActiveCfg = ReleaseSigned|Any CPU
		{9A8AA9EF-6904-43D8-8A26-0AB62069C2DC}.ReleaseTravis|Any CPU.ActiveCfg = Release|Any CPU
		{9A8AA9EF-6904-43D8-8A26-0AB62069C2DC}.ReleaseTravis|Any CPU.Build.0 = Release|Any CPU
		{9A8AA9EF-6904-43D8-8A26-0AB62069C2DC}.ReleaseTravis|ARM.ActiveCfg = Release|Any CPU
		{9A8AA9EF-6904-43D8-8A26-0AB62069C2DC}.ReleaseTravis|Mixed Platforms.ActiveCfg = Release|Any CPU
		{9A8AA9EF-6904-43D8-8A26-0AB62069C2DC}.ReleaseTravis|Mixed Platforms.Build.0 = Release|Any CPU
		{9A8AA9EF-6904-43D8-8A26-0AB62069C2DC}.ReleaseTravis|Win32.ActiveCfg = Release|Any CPU
		{9A8AA9EF-6904-43D8-8A26-0AB62069C2DC}.ReleaseTravis|x64.ActiveCfg = Release|Any CPU
		{9A8AA9EF-6904-43D8-8A26-0AB62069C2DC}.ReleaseTravis|x86.ActiveCfg = Release|Any CPU
		{548D6C9B-A97B-4316-91AC-9AAD35202884}.Debug|Any CPU.ActiveCfg = Debug|Any CPU
		{548D6C9B-A97B-4316-91AC-9AAD35202884}.Debug|Any CPU.Build.0 = Debug|Any CPU
		{548D6C9B-A97B-4316-91AC-9AAD35202884}.Debug|ARM.ActiveCfg = Debug|Any CPU
		{548D6C9B-A97B-4316-91AC-9AAD35202884}.Debug|Mixed Platforms.ActiveCfg = Debug|Any CPU
		{548D6C9B-A97B-4316-91AC-9AAD35202884}.Debug|Mixed Platforms.Build.0 = Debug|Any CPU
		{548D6C9B-A97B-4316-91AC-9AAD35202884}.Debug|Win32.ActiveCfg = Debug|Any CPU
		{548D6C9B-A97B-4316-91AC-9AAD35202884}.Debug|x64.ActiveCfg = Debug|Any CPU
		{548D6C9B-A97B-4316-91AC-9AAD35202884}.Debug|x86.ActiveCfg = Debug|Any CPU
		{548D6C9B-A97B-4316-91AC-9AAD35202884}.Release|Any CPU.ActiveCfg = Release|Any CPU
		{548D6C9B-A97B-4316-91AC-9AAD35202884}.Release|Any CPU.Build.0 = Release|Any CPU
		{548D6C9B-A97B-4316-91AC-9AAD35202884}.Release|ARM.ActiveCfg = Release|Any CPU
		{548D6C9B-A97B-4316-91AC-9AAD35202884}.Release|Mixed Platforms.ActiveCfg = Release|Any CPU
		{548D6C9B-A97B-4316-91AC-9AAD35202884}.Release|Mixed Platforms.Build.0 = Release|Any CPU
		{548D6C9B-A97B-4316-91AC-9AAD35202884}.Release|Win32.ActiveCfg = Release|Any CPU
		{548D6C9B-A97B-4316-91AC-9AAD35202884}.Release|x64.ActiveCfg = Release|Any CPU
		{548D6C9B-A97B-4316-91AC-9AAD35202884}.Release|x86.ActiveCfg = Release|Any CPU
		{548D6C9B-A97B-4316-91AC-9AAD35202884}.ReleaseSigned|Any CPU.ActiveCfg = ReleaseSigned|Any CPU
		{548D6C9B-A97B-4316-91AC-9AAD35202884}.ReleaseSigned|Any CPU.Build.0 = ReleaseSigned|Any CPU
		{548D6C9B-A97B-4316-91AC-9AAD35202884}.ReleaseSigned|ARM.ActiveCfg = ReleaseSigned|Any CPU
		{548D6C9B-A97B-4316-91AC-9AAD35202884}.ReleaseSigned|Mixed Platforms.ActiveCfg = ReleaseSigned|Any CPU
		{548D6C9B-A97B-4316-91AC-9AAD35202884}.ReleaseSigned|Mixed Platforms.Build.0 = ReleaseSigned|Any CPU
		{548D6C9B-A97B-4316-91AC-9AAD35202884}.ReleaseSigned|Win32.ActiveCfg = ReleaseSigned|Any CPU
		{548D6C9B-A97B-4316-91AC-9AAD35202884}.ReleaseSigned|x64.ActiveCfg = ReleaseSigned|Any CPU
		{548D6C9B-A97B-4316-91AC-9AAD35202884}.ReleaseSigned|x86.ActiveCfg = ReleaseSigned|Any CPU
		{548D6C9B-A97B-4316-91AC-9AAD35202884}.ReleaseTravis|Any CPU.ActiveCfg = Release|Any CPU
		{548D6C9B-A97B-4316-91AC-9AAD35202884}.ReleaseTravis|Any CPU.Build.0 = Release|Any CPU
		{548D6C9B-A97B-4316-91AC-9AAD35202884}.ReleaseTravis|ARM.ActiveCfg = Release|Any CPU
		{548D6C9B-A97B-4316-91AC-9AAD35202884}.ReleaseTravis|Mixed Platforms.ActiveCfg = Release|Any CPU
		{548D6C9B-A97B-4316-91AC-9AAD35202884}.ReleaseTravis|Mixed Platforms.Build.0 = Release|Any CPU
		{548D6C9B-A97B-4316-91AC-9AAD35202884}.ReleaseTravis|Win32.ActiveCfg = Release|Any CPU
		{548D6C9B-A97B-4316-91AC-9AAD35202884}.ReleaseTravis|x64.ActiveCfg = Release|Any CPU
		{548D6C9B-A97B-4316-91AC-9AAD35202884}.ReleaseTravis|x86.ActiveCfg = Release|Any CPU
		{B700243A-2FAC-454B-8858-47635BFA71C6}.Debug|Any CPU.ActiveCfg = Debug|Any CPU
		{B700243A-2FAC-454B-8858-47635BFA71C6}.Debug|Any CPU.Build.0 = Debug|Any CPU
		{B700243A-2FAC-454B-8858-47635BFA71C6}.Debug|ARM.ActiveCfg = Debug|Any CPU
		{B700243A-2FAC-454B-8858-47635BFA71C6}.Debug|Mixed Platforms.ActiveCfg = Debug|Any CPU
		{B700243A-2FAC-454B-8858-47635BFA71C6}.Debug|Mixed Platforms.Build.0 = Debug|Any CPU
		{B700243A-2FAC-454B-8858-47635BFA71C6}.Debug|Win32.ActiveCfg = Debug|Any CPU
		{B700243A-2FAC-454B-8858-47635BFA71C6}.Debug|x64.ActiveCfg = Debug|Any CPU
		{B700243A-2FAC-454B-8858-47635BFA71C6}.Debug|x86.ActiveCfg = Debug|Any CPU
		{B700243A-2FAC-454B-8858-47635BFA71C6}.Release|Any CPU.ActiveCfg = Release|Any CPU
		{B700243A-2FAC-454B-8858-47635BFA71C6}.Release|Any CPU.Build.0 = Release|Any CPU
		{B700243A-2FAC-454B-8858-47635BFA71C6}.Release|ARM.ActiveCfg = Release|Any CPU
		{B700243A-2FAC-454B-8858-47635BFA71C6}.Release|Mixed Platforms.ActiveCfg = Release|Any CPU
		{B700243A-2FAC-454B-8858-47635BFA71C6}.Release|Mixed Platforms.Build.0 = Release|Any CPU
		{B700243A-2FAC-454B-8858-47635BFA71C6}.Release|Win32.ActiveCfg = Release|Any CPU
		{B700243A-2FAC-454B-8858-47635BFA71C6}.Release|x64.ActiveCfg = Release|Any CPU
		{B700243A-2FAC-454B-8858-47635BFA71C6}.Release|x86.ActiveCfg = Release|Any CPU
		{B700243A-2FAC-454B-8858-47635BFA71C6}.ReleaseSigned|Any CPU.ActiveCfg = ReleaseSigned|Any CPU
		{B700243A-2FAC-454B-8858-47635BFA71C6}.ReleaseSigned|Any CPU.Build.0 = ReleaseSigned|Any CPU
		{B700243A-2FAC-454B-8858-47635BFA71C6}.ReleaseSigned|ARM.ActiveCfg = ReleaseSigned|Any CPU
		{B700243A-2FAC-454B-8858-47635BFA71C6}.ReleaseSigned|Mixed Platforms.ActiveCfg = ReleaseSigned|Any CPU
		{B700243A-2FAC-454B-8858-47635BFA71C6}.ReleaseSigned|Mixed Platforms.Build.0 = ReleaseSigned|Any CPU
		{B700243A-2FAC-454B-8858-47635BFA71C6}.ReleaseSigned|Win32.ActiveCfg = ReleaseSigned|Any CPU
		{B700243A-2FAC-454B-8858-47635BFA71C6}.ReleaseSigned|x64.ActiveCfg = ReleaseSigned|Any CPU
		{B700243A-2FAC-454B-8858-47635BFA71C6}.ReleaseSigned|x86.ActiveCfg = ReleaseSigned|Any CPU
		{B700243A-2FAC-454B-8858-47635BFA71C6}.ReleaseTravis|Any CPU.ActiveCfg = Release|Any CPU
		{B700243A-2FAC-454B-8858-47635BFA71C6}.ReleaseTravis|Any CPU.Build.0 = Release|Any CPU
		{B700243A-2FAC-454B-8858-47635BFA71C6}.ReleaseTravis|ARM.ActiveCfg = Release|Any CPU
		{B700243A-2FAC-454B-8858-47635BFA71C6}.ReleaseTravis|Mixed Platforms.ActiveCfg = Release|Any CPU
		{B700243A-2FAC-454B-8858-47635BFA71C6}.ReleaseTravis|Mixed Platforms.Build.0 = Release|Any CPU
		{B700243A-2FAC-454B-8858-47635BFA71C6}.ReleaseTravis|Win32.ActiveCfg = Release|Any CPU
		{B700243A-2FAC-454B-8858-47635BFA71C6}.ReleaseTravis|x64.ActiveCfg = Release|Any CPU
		{B700243A-2FAC-454B-8858-47635BFA71C6}.ReleaseTravis|x86.ActiveCfg = Release|Any CPU
		{39E1EC7C-3C05-44E4-A19F-A61BF6EA9B11}.Debug|Any CPU.ActiveCfg = Debug|Any CPU
		{39E1EC7C-3C05-44E4-A19F-A61BF6EA9B11}.Debug|Any CPU.Build.0 = Debug|Any CPU
		{39E1EC7C-3C05-44E4-A19F-A61BF6EA9B11}.Debug|ARM.ActiveCfg = Debug|ARM
		{39E1EC7C-3C05-44E4-A19F-A61BF6EA9B11}.Debug|ARM.Build.0 = Debug|ARM
		{39E1EC7C-3C05-44E4-A19F-A61BF6EA9B11}.Debug|Mixed Platforms.ActiveCfg = Debug|Any CPU
		{39E1EC7C-3C05-44E4-A19F-A61BF6EA9B11}.Debug|Mixed Platforms.Build.0 = Debug|Any CPU
		{39E1EC7C-3C05-44E4-A19F-A61BF6EA9B11}.Debug|Win32.ActiveCfg = Debug|x86
		{39E1EC7C-3C05-44E4-A19F-A61BF6EA9B11}.Debug|Win32.Build.0 = Debug|x86
		{39E1EC7C-3C05-44E4-A19F-A61BF6EA9B11}.Debug|x64.ActiveCfg = Debug|Any CPU
		{39E1EC7C-3C05-44E4-A19F-A61BF6EA9B11}.Debug|x86.ActiveCfg = Debug|x86
		{39E1EC7C-3C05-44E4-A19F-A61BF6EA9B11}.Debug|x86.Build.0 = Debug|x86
		{39E1EC7C-3C05-44E4-A19F-A61BF6EA9B11}.Release|Any CPU.ActiveCfg = Release|Any CPU
		{39E1EC7C-3C05-44E4-A19F-A61BF6EA9B11}.Release|Any CPU.Build.0 = Release|Any CPU
		{39E1EC7C-3C05-44E4-A19F-A61BF6EA9B11}.Release|ARM.ActiveCfg = Release|ARM
		{39E1EC7C-3C05-44E4-A19F-A61BF6EA9B11}.Release|ARM.Build.0 = Release|ARM
		{39E1EC7C-3C05-44E4-A19F-A61BF6EA9B11}.Release|Mixed Platforms.ActiveCfg = Release|Any CPU
		{39E1EC7C-3C05-44E4-A19F-A61BF6EA9B11}.Release|Mixed Platforms.Build.0 = Release|Any CPU
		{39E1EC7C-3C05-44E4-A19F-A61BF6EA9B11}.Release|Win32.ActiveCfg = Release|x86
		{39E1EC7C-3C05-44E4-A19F-A61BF6EA9B11}.Release|Win32.Build.0 = Release|x86
		{39E1EC7C-3C05-44E4-A19F-A61BF6EA9B11}.Release|x64.ActiveCfg = Release|Any CPU
		{39E1EC7C-3C05-44E4-A19F-A61BF6EA9B11}.Release|x86.ActiveCfg = Release|x86
		{39E1EC7C-3C05-44E4-A19F-A61BF6EA9B11}.Release|x86.Build.0 = Release|x86
		{39E1EC7C-3C05-44E4-A19F-A61BF6EA9B11}.ReleaseSigned|Any CPU.ActiveCfg = ReleaseSigned|Any CPU
		{39E1EC7C-3C05-44E4-A19F-A61BF6EA9B11}.ReleaseSigned|Any CPU.Build.0 = ReleaseSigned|Any CPU
		{39E1EC7C-3C05-44E4-A19F-A61BF6EA9B11}.ReleaseSigned|ARM.ActiveCfg = ReleaseSigned|ARM
		{39E1EC7C-3C05-44E4-A19F-A61BF6EA9B11}.ReleaseSigned|ARM.Build.0 = ReleaseSigned|ARM
		{39E1EC7C-3C05-44E4-A19F-A61BF6EA9B11}.ReleaseSigned|Mixed Platforms.ActiveCfg = ReleaseSigned|Any CPU
		{39E1EC7C-3C05-44E4-A19F-A61BF6EA9B11}.ReleaseSigned|Mixed Platforms.Build.0 = ReleaseSigned|Any CPU
		{39E1EC7C-3C05-44E4-A19F-A61BF6EA9B11}.ReleaseSigned|Win32.ActiveCfg = ReleaseSigned|x86
		{39E1EC7C-3C05-44E4-A19F-A61BF6EA9B11}.ReleaseSigned|Win32.Build.0 = ReleaseSigned|x86
		{39E1EC7C-3C05-44E4-A19F-A61BF6EA9B11}.ReleaseSigned|x64.ActiveCfg = ReleaseSigned|Any CPU
		{39E1EC7C-3C05-44E4-A19F-A61BF6EA9B11}.ReleaseSigned|x86.ActiveCfg = ReleaseSigned|x86
		{39E1EC7C-3C05-44E4-A19F-A61BF6EA9B11}.ReleaseSigned|x86.Build.0 = ReleaseSigned|x86
		{39E1EC7C-3C05-44E4-A19F-A61BF6EA9B11}.ReleaseTravis|Any CPU.ActiveCfg = ReleaseSigned|Any CPU
		{39E1EC7C-3C05-44E4-A19F-A61BF6EA9B11}.ReleaseTravis|Any CPU.Build.0 = ReleaseSigned|Any CPU
		{39E1EC7C-3C05-44E4-A19F-A61BF6EA9B11}.ReleaseTravis|ARM.ActiveCfg = ReleaseSigned|ARM
		{39E1EC7C-3C05-44E4-A19F-A61BF6EA9B11}.ReleaseTravis|ARM.Build.0 = ReleaseSigned|ARM
		{39E1EC7C-3C05-44E4-A19F-A61BF6EA9B11}.ReleaseTravis|Mixed Platforms.ActiveCfg = Release|x86
		{39E1EC7C-3C05-44E4-A19F-A61BF6EA9B11}.ReleaseTravis|Win32.ActiveCfg = ReleaseSigned|x86
		{39E1EC7C-3C05-44E4-A19F-A61BF6EA9B11}.ReleaseTravis|Win32.Build.0 = ReleaseSigned|x86
		{39E1EC7C-3C05-44E4-A19F-A61BF6EA9B11}.ReleaseTravis|x64.ActiveCfg = ReleaseSigned|Any CPU
		{39E1EC7C-3C05-44E4-A19F-A61BF6EA9B11}.ReleaseTravis|x86.ActiveCfg = ReleaseSigned|x86
		{39E1EC7C-3C05-44E4-A19F-A61BF6EA9B11}.ReleaseTravis|x86.Build.0 = ReleaseSigned|x86
		{430E4403-12E3-4CF0-8E2A-CE83D0948497}.Debug|Any CPU.ActiveCfg = Debug|Any CPU
		{430E4403-12E3-4CF0-8E2A-CE83D0948497}.Debug|Any CPU.Build.0 = Debug|Any CPU
		{430E4403-12E3-4CF0-8E2A-CE83D0948497}.Debug|ARM.ActiveCfg = Debug|ARM
		{430E4403-12E3-4CF0-8E2A-CE83D0948497}.Debug|ARM.Build.0 = Debug|ARM
		{430E4403-12E3-4CF0-8E2A-CE83D0948497}.Debug|Mixed Platforms.ActiveCfg = Debug|Any CPU
		{430E4403-12E3-4CF0-8E2A-CE83D0948497}.Debug|Mixed Platforms.Build.0 = Debug|Any CPU
		{430E4403-12E3-4CF0-8E2A-CE83D0948497}.Debug|Win32.ActiveCfg = Debug|x86
		{430E4403-12E3-4CF0-8E2A-CE83D0948497}.Debug|Win32.Build.0 = Debug|x86
		{430E4403-12E3-4CF0-8E2A-CE83D0948497}.Debug|x64.ActiveCfg = Debug|Any CPU
		{430E4403-12E3-4CF0-8E2A-CE83D0948497}.Debug|x86.ActiveCfg = Debug|x86
		{430E4403-12E3-4CF0-8E2A-CE83D0948497}.Debug|x86.Build.0 = Debug|x86
		{430E4403-12E3-4CF0-8E2A-CE83D0948497}.Release|Any CPU.ActiveCfg = Release|Any CPU
		{430E4403-12E3-4CF0-8E2A-CE83D0948497}.Release|Any CPU.Build.0 = Release|Any CPU
		{430E4403-12E3-4CF0-8E2A-CE83D0948497}.Release|ARM.ActiveCfg = Release|ARM
		{430E4403-12E3-4CF0-8E2A-CE83D0948497}.Release|ARM.Build.0 = Release|ARM
		{430E4403-12E3-4CF0-8E2A-CE83D0948497}.Release|Mixed Platforms.ActiveCfg = Release|Any CPU
		{430E4403-12E3-4CF0-8E2A-CE83D0948497}.Release|Mixed Platforms.Build.0 = Release|Any CPU
		{430E4403-12E3-4CF0-8E2A-CE83D0948497}.Release|Win32.ActiveCfg = Release|x86
		{430E4403-12E3-4CF0-8E2A-CE83D0948497}.Release|Win32.Build.0 = Release|x86
		{430E4403-12E3-4CF0-8E2A-CE83D0948497}.Release|x64.ActiveCfg = Release|Any CPU
		{430E4403-12E3-4CF0-8E2A-CE83D0948497}.Release|x86.ActiveCfg = Release|x86
		{430E4403-12E3-4CF0-8E2A-CE83D0948497}.Release|x86.Build.0 = Release|x86
		{430E4403-12E3-4CF0-8E2A-CE83D0948497}.ReleaseSigned|Any CPU.ActiveCfg = ReleaseSigned|Any CPU
		{430E4403-12E3-4CF0-8E2A-CE83D0948497}.ReleaseSigned|Any CPU.Build.0 = ReleaseSigned|Any CPU
		{430E4403-12E3-4CF0-8E2A-CE83D0948497}.ReleaseSigned|ARM.ActiveCfg = ReleaseSigned|ARM
		{430E4403-12E3-4CF0-8E2A-CE83D0948497}.ReleaseSigned|ARM.Build.0 = ReleaseSigned|ARM
		{430E4403-12E3-4CF0-8E2A-CE83D0948497}.ReleaseSigned|Mixed Platforms.ActiveCfg = ReleaseSigned|Any CPU
		{430E4403-12E3-4CF0-8E2A-CE83D0948497}.ReleaseSigned|Mixed Platforms.Build.0 = ReleaseSigned|Any CPU
		{430E4403-12E3-4CF0-8E2A-CE83D0948497}.ReleaseSigned|Win32.ActiveCfg = ReleaseSigned|x86
		{430E4403-12E3-4CF0-8E2A-CE83D0948497}.ReleaseSigned|Win32.Build.0 = ReleaseSigned|x86
		{430E4403-12E3-4CF0-8E2A-CE83D0948497}.ReleaseSigned|x64.ActiveCfg = ReleaseSigned|Any CPU
		{430E4403-12E3-4CF0-8E2A-CE83D0948497}.ReleaseSigned|x86.ActiveCfg = ReleaseSigned|x86
		{430E4403-12E3-4CF0-8E2A-CE83D0948497}.ReleaseSigned|x86.Build.0 = ReleaseSigned|x86
		{430E4403-12E3-4CF0-8E2A-CE83D0948497}.ReleaseTravis|Any CPU.ActiveCfg = ReleaseSigned|Any CPU
		{430E4403-12E3-4CF0-8E2A-CE83D0948497}.ReleaseTravis|Any CPU.Build.0 = ReleaseSigned|Any CPU
		{430E4403-12E3-4CF0-8E2A-CE83D0948497}.ReleaseTravis|ARM.ActiveCfg = ReleaseSigned|ARM
		{430E4403-12E3-4CF0-8E2A-CE83D0948497}.ReleaseTravis|ARM.Build.0 = ReleaseSigned|ARM
		{430E4403-12E3-4CF0-8E2A-CE83D0948497}.ReleaseTravis|Mixed Platforms.ActiveCfg = Release|x86
		{430E4403-12E3-4CF0-8E2A-CE83D0948497}.ReleaseTravis|Win32.ActiveCfg = ReleaseSigned|x86
		{430E4403-12E3-4CF0-8E2A-CE83D0948497}.ReleaseTravis|Win32.Build.0 = ReleaseSigned|x86
		{430E4403-12E3-4CF0-8E2A-CE83D0948497}.ReleaseTravis|x64.ActiveCfg = ReleaseSigned|Any CPU
		{430E4403-12E3-4CF0-8E2A-CE83D0948497}.ReleaseTravis|x86.ActiveCfg = ReleaseSigned|x86
		{430E4403-12E3-4CF0-8E2A-CE83D0948497}.ReleaseTravis|x86.Build.0 = ReleaseSigned|x86
		{B1D5B962-3E98-46D4-992E-C6491E4E8A02}.Debug|Any CPU.ActiveCfg = Debug|Any CPU
		{B1D5B962-3E98-46D4-992E-C6491E4E8A02}.Debug|Any CPU.Build.0 = Debug|Any CPU
		{B1D5B962-3E98-46D4-992E-C6491E4E8A02}.Debug|ARM.ActiveCfg = Debug|ARM
		{B1D5B962-3E98-46D4-992E-C6491E4E8A02}.Debug|ARM.Build.0 = Debug|ARM
		{B1D5B962-3E98-46D4-992E-C6491E4E8A02}.Debug|Mixed Platforms.ActiveCfg = Debug|Any CPU
		{B1D5B962-3E98-46D4-992E-C6491E4E8A02}.Debug|Mixed Platforms.Build.0 = Debug|Any CPU
		{B1D5B962-3E98-46D4-992E-C6491E4E8A02}.Debug|Win32.ActiveCfg = Debug|x86
		{B1D5B962-3E98-46D4-992E-C6491E4E8A02}.Debug|Win32.Build.0 = Debug|x86
		{B1D5B962-3E98-46D4-992E-C6491E4E8A02}.Debug|x64.ActiveCfg = Debug|x64
		{B1D5B962-3E98-46D4-992E-C6491E4E8A02}.Debug|x64.Build.0 = Debug|x64
		{B1D5B962-3E98-46D4-992E-C6491E4E8A02}.Debug|x86.ActiveCfg = Debug|x86
		{B1D5B962-3E98-46D4-992E-C6491E4E8A02}.Debug|x86.Build.0 = Debug|x86
		{B1D5B962-3E98-46D4-992E-C6491E4E8A02}.Release|Any CPU.ActiveCfg = Release|Any CPU
		{B1D5B962-3E98-46D4-992E-C6491E4E8A02}.Release|Any CPU.Build.0 = Release|Any CPU
		{B1D5B962-3E98-46D4-992E-C6491E4E8A02}.Release|ARM.ActiveCfg = Release|ARM
		{B1D5B962-3E98-46D4-992E-C6491E4E8A02}.Release|ARM.Build.0 = Release|ARM
		{B1D5B962-3E98-46D4-992E-C6491E4E8A02}.Release|Mixed Platforms.ActiveCfg = Release|Any CPU
		{B1D5B962-3E98-46D4-992E-C6491E4E8A02}.Release|Mixed Platforms.Build.0 = Release|Any CPU
		{B1D5B962-3E98-46D4-992E-C6491E4E8A02}.Release|Win32.ActiveCfg = Release|x86
		{B1D5B962-3E98-46D4-992E-C6491E4E8A02}.Release|Win32.Build.0 = Release|x86
		{B1D5B962-3E98-46D4-992E-C6491E4E8A02}.Release|x64.ActiveCfg = Release|x64
		{B1D5B962-3E98-46D4-992E-C6491E4E8A02}.Release|x64.Build.0 = Release|x64
		{B1D5B962-3E98-46D4-992E-C6491E4E8A02}.Release|x86.ActiveCfg = Release|x86
		{B1D5B962-3E98-46D4-992E-C6491E4E8A02}.Release|x86.Build.0 = Release|x86
		{B1D5B962-3E98-46D4-992E-C6491E4E8A02}.ReleaseSigned|Any CPU.ActiveCfg = ReleaseSigned|Any CPU
		{B1D5B962-3E98-46D4-992E-C6491E4E8A02}.ReleaseSigned|Any CPU.Build.0 = ReleaseSigned|Any CPU
		{B1D5B962-3E98-46D4-992E-C6491E4E8A02}.ReleaseSigned|ARM.ActiveCfg = ReleaseSigned|ARM
		{B1D5B962-3E98-46D4-992E-C6491E4E8A02}.ReleaseSigned|ARM.Build.0 = ReleaseSigned|ARM
		{B1D5B962-3E98-46D4-992E-C6491E4E8A02}.ReleaseSigned|Mixed Platforms.ActiveCfg = ReleaseSigned|Any CPU
		{B1D5B962-3E98-46D4-992E-C6491E4E8A02}.ReleaseSigned|Mixed Platforms.Build.0 = ReleaseSigned|Any CPU
		{B1D5B962-3E98-46D4-992E-C6491E4E8A02}.ReleaseSigned|Win32.ActiveCfg = ReleaseSigned|x86
		{B1D5B962-3E98-46D4-992E-C6491E4E8A02}.ReleaseSigned|Win32.Build.0 = ReleaseSigned|x86
		{B1D5B962-3E98-46D4-992E-C6491E4E8A02}.ReleaseSigned|x64.ActiveCfg = ReleaseSigned|x64
		{B1D5B962-3E98-46D4-992E-C6491E4E8A02}.ReleaseSigned|x64.Build.0 = ReleaseSigned|x64
		{B1D5B962-3E98-46D4-992E-C6491E4E8A02}.ReleaseSigned|x86.ActiveCfg = ReleaseSigned|x86
		{B1D5B962-3E98-46D4-992E-C6491E4E8A02}.ReleaseSigned|x86.Build.0 = ReleaseSigned|x86
		{B1D5B962-3E98-46D4-992E-C6491E4E8A02}.ReleaseTravis|Any CPU.ActiveCfg = ReleaseSigned|Any CPU
		{B1D5B962-3E98-46D4-992E-C6491E4E8A02}.ReleaseTravis|Any CPU.Build.0 = ReleaseSigned|Any CPU
		{B1D5B962-3E98-46D4-992E-C6491E4E8A02}.ReleaseTravis|ARM.ActiveCfg = ReleaseSigned|ARM
		{B1D5B962-3E98-46D4-992E-C6491E4E8A02}.ReleaseTravis|ARM.Build.0 = ReleaseSigned|ARM
		{B1D5B962-3E98-46D4-992E-C6491E4E8A02}.ReleaseTravis|Mixed Platforms.ActiveCfg = Release|x86
		{B1D5B962-3E98-46D4-992E-C6491E4E8A02}.ReleaseTravis|Win32.ActiveCfg = ReleaseSigned|x86
		{B1D5B962-3E98-46D4-992E-C6491E4E8A02}.ReleaseTravis|Win32.Build.0 = ReleaseSigned|x86
		{B1D5B962-3E98-46D4-992E-C6491E4E8A02}.ReleaseTravis|x64.ActiveCfg = ReleaseSigned|x64
		{B1D5B962-3E98-46D4-992E-C6491E4E8A02}.ReleaseTravis|x64.Build.0 = ReleaseSigned|x64
		{B1D5B962-3E98-46D4-992E-C6491E4E8A02}.ReleaseTravis|x86.ActiveCfg = ReleaseSigned|x86
		{B1D5B962-3E98-46D4-992E-C6491E4E8A02}.ReleaseTravis|x86.Build.0 = ReleaseSigned|x86
		{9CBB9EC3-C678-4FB7-889B-DED6DE1F06B6}.Debug|Any CPU.ActiveCfg = Debug|Any CPU
		{9CBB9EC3-C678-4FB7-889B-DED6DE1F06B6}.Debug|Any CPU.Build.0 = Debug|Any CPU
		{9CBB9EC3-C678-4FB7-889B-DED6DE1F06B6}.Debug|ARM.ActiveCfg = Debug|ARM
		{9CBB9EC3-C678-4FB7-889B-DED6DE1F06B6}.Debug|ARM.Build.0 = Debug|ARM
		{9CBB9EC3-C678-4FB7-889B-DED6DE1F06B6}.Debug|Mixed Platforms.ActiveCfg = Debug|Any CPU
		{9CBB9EC3-C678-4FB7-889B-DED6DE1F06B6}.Debug|Mixed Platforms.Build.0 = Debug|Any CPU
		{9CBB9EC3-C678-4FB7-889B-DED6DE1F06B6}.Debug|Win32.ActiveCfg = Debug|x86
		{9CBB9EC3-C678-4FB7-889B-DED6DE1F06B6}.Debug|Win32.Build.0 = Debug|x86
		{9CBB9EC3-C678-4FB7-889B-DED6DE1F06B6}.Debug|x64.ActiveCfg = Debug|x64
		{9CBB9EC3-C678-4FB7-889B-DED6DE1F06B6}.Debug|x64.Build.0 = Debug|x64
		{9CBB9EC3-C678-4FB7-889B-DED6DE1F06B6}.Debug|x86.ActiveCfg = Debug|x86
		{9CBB9EC3-C678-4FB7-889B-DED6DE1F06B6}.Debug|x86.Build.0 = Debug|x86
		{9CBB9EC3-C678-4FB7-889B-DED6DE1F06B6}.Release|Any CPU.ActiveCfg = Release|Any CPU
		{9CBB9EC3-C678-4FB7-889B-DED6DE1F06B6}.Release|Any CPU.Build.0 = Release|Any CPU
		{9CBB9EC3-C678-4FB7-889B-DED6DE1F06B6}.Release|ARM.ActiveCfg = Release|ARM
		{9CBB9EC3-C678-4FB7-889B-DED6DE1F06B6}.Release|ARM.Build.0 = Release|ARM
		{9CBB9EC3-C678-4FB7-889B-DED6DE1F06B6}.Release|Mixed Platforms.ActiveCfg = Release|Any CPU
		{9CBB9EC3-C678-4FB7-889B-DED6DE1F06B6}.Release|Mixed Platforms.Build.0 = Release|Any CPU
		{9CBB9EC3-C678-4FB7-889B-DED6DE1F06B6}.Release|Win32.ActiveCfg = Release|x86
		{9CBB9EC3-C678-4FB7-889B-DED6DE1F06B6}.Release|Win32.Build.0 = Release|x86
		{9CBB9EC3-C678-4FB7-889B-DED6DE1F06B6}.Release|x64.ActiveCfg = Release|x64
		{9CBB9EC3-C678-4FB7-889B-DED6DE1F06B6}.Release|x64.Build.0 = Release|x64
		{9CBB9EC3-C678-4FB7-889B-DED6DE1F06B6}.Release|x86.ActiveCfg = Release|x86
		{9CBB9EC3-C678-4FB7-889B-DED6DE1F06B6}.Release|x86.Build.0 = Release|x86
		{9CBB9EC3-C678-4FB7-889B-DED6DE1F06B6}.ReleaseSigned|Any CPU.ActiveCfg = ReleaseSigned|Any CPU
		{9CBB9EC3-C678-4FB7-889B-DED6DE1F06B6}.ReleaseSigned|Any CPU.Build.0 = ReleaseSigned|Any CPU
		{9CBB9EC3-C678-4FB7-889B-DED6DE1F06B6}.ReleaseSigned|ARM.ActiveCfg = ReleaseSigned|ARM
		{9CBB9EC3-C678-4FB7-889B-DED6DE1F06B6}.ReleaseSigned|ARM.Build.0 = ReleaseSigned|ARM
		{9CBB9EC3-C678-4FB7-889B-DED6DE1F06B6}.ReleaseSigned|Mixed Platforms.ActiveCfg = ReleaseSigned|Any CPU
		{9CBB9EC3-C678-4FB7-889B-DED6DE1F06B6}.ReleaseSigned|Mixed Platforms.Build.0 = ReleaseSigned|Any CPU
		{9CBB9EC3-C678-4FB7-889B-DED6DE1F06B6}.ReleaseSigned|Win32.ActiveCfg = ReleaseSigned|x86
		{9CBB9EC3-C678-4FB7-889B-DED6DE1F06B6}.ReleaseSigned|Win32.Build.0 = ReleaseSigned|x86
		{9CBB9EC3-C678-4FB7-889B-DED6DE1F06B6}.ReleaseSigned|x64.ActiveCfg = ReleaseSigned|x64
		{9CBB9EC3-C678-4FB7-889B-DED6DE1F06B6}.ReleaseSigned|x64.Build.0 = ReleaseSigned|x64
		{9CBB9EC3-C678-4FB7-889B-DED6DE1F06B6}.ReleaseSigned|x86.ActiveCfg = ReleaseSigned|x86
		{9CBB9EC3-C678-4FB7-889B-DED6DE1F06B6}.ReleaseSigned|x86.Build.0 = ReleaseSigned|x86
		{9CBB9EC3-C678-4FB7-889B-DED6DE1F06B6}.ReleaseTravis|Any CPU.ActiveCfg = ReleaseSigned|Any CPU
		{9CBB9EC3-C678-4FB7-889B-DED6DE1F06B6}.ReleaseTravis|Any CPU.Build.0 = ReleaseSigned|Any CPU
		{9CBB9EC3-C678-4FB7-889B-DED6DE1F06B6}.ReleaseTravis|ARM.ActiveCfg = ReleaseSigned|ARM
		{9CBB9EC3-C678-4FB7-889B-DED6DE1F06B6}.ReleaseTravis|ARM.Build.0 = ReleaseSigned|ARM
		{9CBB9EC3-C678-4FB7-889B-DED6DE1F06B6}.ReleaseTravis|Mixed Platforms.ActiveCfg = Release|x86
		{9CBB9EC3-C678-4FB7-889B-DED6DE1F06B6}.ReleaseTravis|Win32.ActiveCfg = ReleaseSigned|x86
		{9CBB9EC3-C678-4FB7-889B-DED6DE1F06B6}.ReleaseTravis|Win32.Build.0 = ReleaseSigned|x86
		{9CBB9EC3-C678-4FB7-889B-DED6DE1F06B6}.ReleaseTravis|x64.ActiveCfg = ReleaseSigned|x64
		{9CBB9EC3-C678-4FB7-889B-DED6DE1F06B6}.ReleaseTravis|x64.Build.0 = ReleaseSigned|x64
		{9CBB9EC3-C678-4FB7-889B-DED6DE1F06B6}.ReleaseTravis|x86.ActiveCfg = ReleaseSigned|x86
		{9CBB9EC3-C678-4FB7-889B-DED6DE1F06B6}.ReleaseTravis|x86.Build.0 = ReleaseSigned|x86
		{176657CD-57F0-4358-B358-ED8B90D8AF39}.Debug|Any CPU.ActiveCfg = Debug|Any CPU
		{176657CD-57F0-4358-B358-ED8B90D8AF39}.Debug|Any CPU.Build.0 = Debug|Any CPU
		{176657CD-57F0-4358-B358-ED8B90D8AF39}.Debug|ARM.ActiveCfg = Debug|ARM
		{176657CD-57F0-4358-B358-ED8B90D8AF39}.Debug|ARM.Build.0 = Debug|ARM
		{176657CD-57F0-4358-B358-ED8B90D8AF39}.Debug|Mixed Platforms.ActiveCfg = Debug|Any CPU
		{176657CD-57F0-4358-B358-ED8B90D8AF39}.Debug|Mixed Platforms.Build.0 = Debug|Any CPU
		{176657CD-57F0-4358-B358-ED8B90D8AF39}.Debug|Win32.ActiveCfg = Debug|x86
		{176657CD-57F0-4358-B358-ED8B90D8AF39}.Debug|Win32.Build.0 = Debug|x86
		{176657CD-57F0-4358-B358-ED8B90D8AF39}.Debug|x64.ActiveCfg = Debug|Any CPU
		{176657CD-57F0-4358-B358-ED8B90D8AF39}.Debug|x86.ActiveCfg = Debug|x86
		{176657CD-57F0-4358-B358-ED8B90D8AF39}.Debug|x86.Build.0 = Debug|x86
		{176657CD-57F0-4358-B358-ED8B90D8AF39}.Release|Any CPU.ActiveCfg = Release|Any CPU
		{176657CD-57F0-4358-B358-ED8B90D8AF39}.Release|Any CPU.Build.0 = Release|Any CPU
		{176657CD-57F0-4358-B358-ED8B90D8AF39}.Release|ARM.ActiveCfg = Release|ARM
		{176657CD-57F0-4358-B358-ED8B90D8AF39}.Release|ARM.Build.0 = Release|ARM
		{176657CD-57F0-4358-B358-ED8B90D8AF39}.Release|Mixed Platforms.ActiveCfg = Release|Any CPU
		{176657CD-57F0-4358-B358-ED8B90D8AF39}.Release|Mixed Platforms.Build.0 = Release|Any CPU
		{176657CD-57F0-4358-B358-ED8B90D8AF39}.Release|Win32.ActiveCfg = Release|x86
		{176657CD-57F0-4358-B358-ED8B90D8AF39}.Release|Win32.Build.0 = Release|x86
		{176657CD-57F0-4358-B358-ED8B90D8AF39}.Release|x64.ActiveCfg = Release|Any CPU
		{176657CD-57F0-4358-B358-ED8B90D8AF39}.Release|x86.ActiveCfg = Release|x86
		{176657CD-57F0-4358-B358-ED8B90D8AF39}.Release|x86.Build.0 = Release|x86
		{176657CD-57F0-4358-B358-ED8B90D8AF39}.ReleaseSigned|Any CPU.ActiveCfg = ReleaseSigned|Any CPU
		{176657CD-57F0-4358-B358-ED8B90D8AF39}.ReleaseSigned|Any CPU.Build.0 = ReleaseSigned|Any CPU
		{176657CD-57F0-4358-B358-ED8B90D8AF39}.ReleaseSigned|ARM.ActiveCfg = ReleaseSigned|ARM
		{176657CD-57F0-4358-B358-ED8B90D8AF39}.ReleaseSigned|ARM.Build.0 = ReleaseSigned|ARM
		{176657CD-57F0-4358-B358-ED8B90D8AF39}.ReleaseSigned|Mixed Platforms.ActiveCfg = ReleaseSigned|Any CPU
		{176657CD-57F0-4358-B358-ED8B90D8AF39}.ReleaseSigned|Mixed Platforms.Build.0 = ReleaseSigned|Any CPU
		{176657CD-57F0-4358-B358-ED8B90D8AF39}.ReleaseSigned|Win32.ActiveCfg = ReleaseSigned|x86
		{176657CD-57F0-4358-B358-ED8B90D8AF39}.ReleaseSigned|Win32.Build.0 = ReleaseSigned|x86
		{176657CD-57F0-4358-B358-ED8B90D8AF39}.ReleaseSigned|x64.ActiveCfg = ReleaseSigned|Any CPU
		{176657CD-57F0-4358-B358-ED8B90D8AF39}.ReleaseSigned|x86.ActiveCfg = ReleaseSigned|x86
		{176657CD-57F0-4358-B358-ED8B90D8AF39}.ReleaseSigned|x86.Build.0 = ReleaseSigned|x86
		{176657CD-57F0-4358-B358-ED8B90D8AF39}.ReleaseTravis|Any CPU.ActiveCfg = ReleaseSigned|Any CPU
		{176657CD-57F0-4358-B358-ED8B90D8AF39}.ReleaseTravis|Any CPU.Build.0 = ReleaseSigned|Any CPU
		{176657CD-57F0-4358-B358-ED8B90D8AF39}.ReleaseTravis|ARM.ActiveCfg = ReleaseSigned|ARM
		{176657CD-57F0-4358-B358-ED8B90D8AF39}.ReleaseTravis|ARM.Build.0 = ReleaseSigned|ARM
		{176657CD-57F0-4358-B358-ED8B90D8AF39}.ReleaseTravis|Mixed Platforms.ActiveCfg = Release|x86
		{176657CD-57F0-4358-B358-ED8B90D8AF39}.ReleaseTravis|Win32.ActiveCfg = ReleaseSigned|x86
		{176657CD-57F0-4358-B358-ED8B90D8AF39}.ReleaseTravis|Win32.Build.0 = ReleaseSigned|x86
		{176657CD-57F0-4358-B358-ED8B90D8AF39}.ReleaseTravis|x64.ActiveCfg = ReleaseSigned|Any CPU
		{176657CD-57F0-4358-B358-ED8B90D8AF39}.ReleaseTravis|x86.ActiveCfg = ReleaseSigned|x86
		{176657CD-57F0-4358-B358-ED8B90D8AF39}.ReleaseTravis|x86.Build.0 = ReleaseSigned|x86
		{90660B22-B933-44A6-B34D-E4F4352D4434}.Debug|Any CPU.ActiveCfg = Debug|Any CPU
		{90660B22-B933-44A6-B34D-E4F4352D4434}.Debug|Any CPU.Build.0 = Debug|Any CPU
		{90660B22-B933-44A6-B34D-E4F4352D4434}.Debug|ARM.ActiveCfg = Debug|ARM
		{90660B22-B933-44A6-B34D-E4F4352D4434}.Debug|ARM.Build.0 = Debug|ARM
		{90660B22-B933-44A6-B34D-E4F4352D4434}.Debug|Mixed Platforms.ActiveCfg = Debug|Any CPU
		{90660B22-B933-44A6-B34D-E4F4352D4434}.Debug|Mixed Platforms.Build.0 = Debug|Any CPU
		{90660B22-B933-44A6-B34D-E4F4352D4434}.Debug|Win32.ActiveCfg = Debug|x86
		{90660B22-B933-44A6-B34D-E4F4352D4434}.Debug|Win32.Build.0 = Debug|x86
		{90660B22-B933-44A6-B34D-E4F4352D4434}.Debug|x64.ActiveCfg = Debug|Any CPU
		{90660B22-B933-44A6-B34D-E4F4352D4434}.Debug|x86.ActiveCfg = Debug|x86
		{90660B22-B933-44A6-B34D-E4F4352D4434}.Debug|x86.Build.0 = Debug|x86
		{90660B22-B933-44A6-B34D-E4F4352D4434}.Release|Any CPU.ActiveCfg = Release|Any CPU
		{90660B22-B933-44A6-B34D-E4F4352D4434}.Release|Any CPU.Build.0 = Release|Any CPU
		{90660B22-B933-44A6-B34D-E4F4352D4434}.Release|ARM.ActiveCfg = Release|ARM
		{90660B22-B933-44A6-B34D-E4F4352D4434}.Release|ARM.Build.0 = Release|ARM
		{90660B22-B933-44A6-B34D-E4F4352D4434}.Release|Mixed Platforms.ActiveCfg = Release|Any CPU
		{90660B22-B933-44A6-B34D-E4F4352D4434}.Release|Mixed Platforms.Build.0 = Release|Any CPU
		{90660B22-B933-44A6-B34D-E4F4352D4434}.Release|Win32.ActiveCfg = Release|x86
		{90660B22-B933-44A6-B34D-E4F4352D4434}.Release|Win32.Build.0 = Release|x86
		{90660B22-B933-44A6-B34D-E4F4352D4434}.Release|x64.ActiveCfg = Release|Any CPU
		{90660B22-B933-44A6-B34D-E4F4352D4434}.Release|x86.ActiveCfg = Release|x86
		{90660B22-B933-44A6-B34D-E4F4352D4434}.Release|x86.Build.0 = Release|x86
		{90660B22-B933-44A6-B34D-E4F4352D4434}.ReleaseSigned|Any CPU.ActiveCfg = ReleaseSigned|Any CPU
		{90660B22-B933-44A6-B34D-E4F4352D4434}.ReleaseSigned|Any CPU.Build.0 = ReleaseSigned|Any CPU
		{90660B22-B933-44A6-B34D-E4F4352D4434}.ReleaseSigned|ARM.ActiveCfg = ReleaseSigned|ARM
		{90660B22-B933-44A6-B34D-E4F4352D4434}.ReleaseSigned|ARM.Build.0 = ReleaseSigned|ARM
		{90660B22-B933-44A6-B34D-E4F4352D4434}.ReleaseSigned|Mixed Platforms.ActiveCfg = ReleaseSigned|Any CPU
		{90660B22-B933-44A6-B34D-E4F4352D4434}.ReleaseSigned|Mixed Platforms.Build.0 = ReleaseSigned|Any CPU
		{90660B22-B933-44A6-B34D-E4F4352D4434}.ReleaseSigned|Win32.ActiveCfg = ReleaseSigned|x86
		{90660B22-B933-44A6-B34D-E4F4352D4434}.ReleaseSigned|Win32.Build.0 = ReleaseSigned|x86
		{90660B22-B933-44A6-B34D-E4F4352D4434}.ReleaseSigned|x64.ActiveCfg = ReleaseSigned|Any CPU
		{90660B22-B933-44A6-B34D-E4F4352D4434}.ReleaseSigned|x86.ActiveCfg = ReleaseSigned|x86
		{90660B22-B933-44A6-B34D-E4F4352D4434}.ReleaseSigned|x86.Build.0 = ReleaseSigned|x86
		{90660B22-B933-44A6-B34D-E4F4352D4434}.ReleaseTravis|Any CPU.ActiveCfg = ReleaseSigned|Any CPU
		{90660B22-B933-44A6-B34D-E4F4352D4434}.ReleaseTravis|Any CPU.Build.0 = ReleaseSigned|Any CPU
		{90660B22-B933-44A6-B34D-E4F4352D4434}.ReleaseTravis|ARM.ActiveCfg = ReleaseSigned|ARM
		{90660B22-B933-44A6-B34D-E4F4352D4434}.ReleaseTravis|ARM.Build.0 = ReleaseSigned|ARM
		{90660B22-B933-44A6-B34D-E4F4352D4434}.ReleaseTravis|Mixed Platforms.ActiveCfg = Release|x86
		{90660B22-B933-44A6-B34D-E4F4352D4434}.ReleaseTravis|Win32.ActiveCfg = ReleaseSigned|x86
		{90660B22-B933-44A6-B34D-E4F4352D4434}.ReleaseTravis|Win32.Build.0 = ReleaseSigned|x86
		{90660B22-B933-44A6-B34D-E4F4352D4434}.ReleaseTravis|x64.ActiveCfg = ReleaseSigned|Any CPU
		{90660B22-B933-44A6-B34D-E4F4352D4434}.ReleaseTravis|x86.ActiveCfg = ReleaseSigned|x86
		{90660B22-B933-44A6-B34D-E4F4352D4434}.ReleaseTravis|x86.Build.0 = ReleaseSigned|x86
		{E06DCDD2-B8E0-4BF0-B572-A825E8DC1FA2}.Debug|Any CPU.ActiveCfg = Debug|Any CPU
		{E06DCDD2-B8E0-4BF0-B572-A825E8DC1FA2}.Debug|Any CPU.Build.0 = Debug|Any CPU
		{E06DCDD2-B8E0-4BF0-B572-A825E8DC1FA2}.Debug|ARM.ActiveCfg = Debug|Any CPU
		{E06DCDD2-B8E0-4BF0-B572-A825E8DC1FA2}.Debug|ARM.Build.0 = Debug|Any CPU
		{E06DCDD2-B8E0-4BF0-B572-A825E8DC1FA2}.Debug|Mixed Platforms.ActiveCfg = Debug|Any CPU
		{E06DCDD2-B8E0-4BF0-B572-A825E8DC1FA2}.Debug|Mixed Platforms.Build.0 = Debug|Any CPU
		{E06DCDD2-B8E0-4BF0-B572-A825E8DC1FA2}.Debug|Win32.ActiveCfg = Debug|Any CPU
		{E06DCDD2-B8E0-4BF0-B572-A825E8DC1FA2}.Debug|Win32.Build.0 = Debug|Any CPU
		{E06DCDD2-B8E0-4BF0-B572-A825E8DC1FA2}.Debug|x64.ActiveCfg = Debug|Any CPU
		{E06DCDD2-B8E0-4BF0-B572-A825E8DC1FA2}.Debug|x64.Build.0 = Debug|Any CPU
		{E06DCDD2-B8E0-4BF0-B572-A825E8DC1FA2}.Debug|x86.ActiveCfg = Debug|Any CPU
		{E06DCDD2-B8E0-4BF0-B572-A825E8DC1FA2}.Debug|x86.Build.0 = Debug|Any CPU
		{E06DCDD2-B8E0-4BF0-B572-A825E8DC1FA2}.Release|Any CPU.ActiveCfg = Release|Any CPU
		{E06DCDD2-B8E0-4BF0-B572-A825E8DC1FA2}.Release|Any CPU.Build.0 = Release|Any CPU
		{E06DCDD2-B8E0-4BF0-B572-A825E8DC1FA2}.Release|ARM.ActiveCfg = Release|Any CPU
		{E06DCDD2-B8E0-4BF0-B572-A825E8DC1FA2}.Release|ARM.Build.0 = Release|Any CPU
		{E06DCDD2-B8E0-4BF0-B572-A825E8DC1FA2}.Release|Mixed Platforms.ActiveCfg = Release|Any CPU
		{E06DCDD2-B8E0-4BF0-B572-A825E8DC1FA2}.Release|Mixed Platforms.Build.0 = Release|Any CPU
		{E06DCDD2-B8E0-4BF0-B572-A825E8DC1FA2}.Release|Win32.ActiveCfg = Release|Any CPU
		{E06DCDD2-B8E0-4BF0-B572-A825E8DC1FA2}.Release|Win32.Build.0 = Release|Any CPU
		{E06DCDD2-B8E0-4BF0-B572-A825E8DC1FA2}.Release|x64.ActiveCfg = Release|Any CPU
		{E06DCDD2-B8E0-4BF0-B572-A825E8DC1FA2}.Release|x64.Build.0 = Release|Any CPU
		{E06DCDD2-B8E0-4BF0-B572-A825E8DC1FA2}.Release|x86.ActiveCfg = Release|Any CPU
		{E06DCDD2-B8E0-4BF0-B572-A825E8DC1FA2}.Release|x86.Build.0 = Release|Any CPU
		{E06DCDD2-B8E0-4BF0-B572-A825E8DC1FA2}.ReleaseSigned|Any CPU.ActiveCfg = ReleaseSigned|Any CPU
		{E06DCDD2-B8E0-4BF0-B572-A825E8DC1FA2}.ReleaseSigned|Any CPU.Build.0 = ReleaseSigned|Any CPU
		{E06DCDD2-B8E0-4BF0-B572-A825E8DC1FA2}.ReleaseSigned|ARM.ActiveCfg = ReleaseSigned|Any CPU
		{E06DCDD2-B8E0-4BF0-B572-A825E8DC1FA2}.ReleaseSigned|ARM.Build.0 = ReleaseSigned|Any CPU
		{E06DCDD2-B8E0-4BF0-B572-A825E8DC1FA2}.ReleaseSigned|Mixed Platforms.ActiveCfg = ReleaseSigned|Any CPU
		{E06DCDD2-B8E0-4BF0-B572-A825E8DC1FA2}.ReleaseSigned|Mixed Platforms.Build.0 = ReleaseSigned|Any CPU
		{E06DCDD2-B8E0-4BF0-B572-A825E8DC1FA2}.ReleaseSigned|Win32.ActiveCfg = ReleaseSigned|Any CPU
		{E06DCDD2-B8E0-4BF0-B572-A825E8DC1FA2}.ReleaseSigned|Win32.Build.0 = ReleaseSigned|Any CPU
		{E06DCDD2-B8E0-4BF0-B572-A825E8DC1FA2}.ReleaseSigned|x64.ActiveCfg = ReleaseSigned|Any CPU
		{E06DCDD2-B8E0-4BF0-B572-A825E8DC1FA2}.ReleaseSigned|x64.Build.0 = ReleaseSigned|Any CPU
		{E06DCDD2-B8E0-4BF0-B572-A825E8DC1FA2}.ReleaseSigned|x86.ActiveCfg = ReleaseSigned|Any CPU
		{E06DCDD2-B8E0-4BF0-B572-A825E8DC1FA2}.ReleaseSigned|x86.Build.0 = ReleaseSigned|Any CPU
		{E06DCDD2-B8E0-4BF0-B572-A825E8DC1FA2}.ReleaseTravis|Any CPU.ActiveCfg = ReleaseSigned|Any CPU
		{E06DCDD2-B8E0-4BF0-B572-A825E8DC1FA2}.ReleaseTravis|Any CPU.Build.0 = ReleaseSigned|Any CPU
		{E06DCDD2-B8E0-4BF0-B572-A825E8DC1FA2}.ReleaseTravis|ARM.ActiveCfg = ReleaseSigned|Any CPU
		{E06DCDD2-B8E0-4BF0-B572-A825E8DC1FA2}.ReleaseTravis|ARM.Build.0 = ReleaseSigned|Any CPU
		{E06DCDD2-B8E0-4BF0-B572-A825E8DC1FA2}.ReleaseTravis|Mixed Platforms.ActiveCfg = Release|Any CPU
		{E06DCDD2-B8E0-4BF0-B572-A825E8DC1FA2}.ReleaseTravis|Mixed Platforms.Build.0 = Release|Any CPU
		{E06DCDD2-B8E0-4BF0-B572-A825E8DC1FA2}.ReleaseTravis|Win32.ActiveCfg = ReleaseSigned|Any CPU
		{E06DCDD2-B8E0-4BF0-B572-A825E8DC1FA2}.ReleaseTravis|Win32.Build.0 = ReleaseSigned|Any CPU
		{E06DCDD2-B8E0-4BF0-B572-A825E8DC1FA2}.ReleaseTravis|x64.ActiveCfg = ReleaseSigned|Any CPU
		{E06DCDD2-B8E0-4BF0-B572-A825E8DC1FA2}.ReleaseTravis|x64.Build.0 = ReleaseSigned|Any CPU
		{E06DCDD2-B8E0-4BF0-B572-A825E8DC1FA2}.ReleaseTravis|x86.ActiveCfg = ReleaseSigned|Any CPU
		{E06DCDD2-B8E0-4BF0-B572-A825E8DC1FA2}.ReleaseTravis|x86.Build.0 = ReleaseSigned|Any CPU
		{826CF988-EEE8-4B75-8F53-B7E851A17BAA}.Debug|Any CPU.ActiveCfg = Debug|Any CPU
		{826CF988-EEE8-4B75-8F53-B7E851A17BAA}.Debug|Any CPU.Build.0 = Debug|Any CPU
		{826CF988-EEE8-4B75-8F53-B7E851A17BAA}.Debug|ARM.ActiveCfg = Debug|Any CPU
		{826CF988-EEE8-4B75-8F53-B7E851A17BAA}.Debug|ARM.Build.0 = Debug|Any CPU
		{826CF988-EEE8-4B75-8F53-B7E851A17BAA}.Debug|Mixed Platforms.ActiveCfg = Debug|Any CPU
		{826CF988-EEE8-4B75-8F53-B7E851A17BAA}.Debug|Mixed Platforms.Build.0 = Debug|Any CPU
		{826CF988-EEE8-4B75-8F53-B7E851A17BAA}.Debug|Win32.ActiveCfg = Debug|Any CPU
		{826CF988-EEE8-4B75-8F53-B7E851A17BAA}.Debug|Win32.Build.0 = Debug|Any CPU
		{826CF988-EEE8-4B75-8F53-B7E851A17BAA}.Debug|x64.ActiveCfg = Debug|Any CPU
		{826CF988-EEE8-4B75-8F53-B7E851A17BAA}.Debug|x64.Build.0 = Debug|Any CPU
		{826CF988-EEE8-4B75-8F53-B7E851A17BAA}.Debug|x86.ActiveCfg = Debug|Any CPU
		{826CF988-EEE8-4B75-8F53-B7E851A17BAA}.Debug|x86.Build.0 = Debug|Any CPU
		{826CF988-EEE8-4B75-8F53-B7E851A17BAA}.Release|Any CPU.ActiveCfg = Release|Any CPU
		{826CF988-EEE8-4B75-8F53-B7E851A17BAA}.Release|Any CPU.Build.0 = Release|Any CPU
		{826CF988-EEE8-4B75-8F53-B7E851A17BAA}.Release|ARM.ActiveCfg = Release|Any CPU
		{826CF988-EEE8-4B75-8F53-B7E851A17BAA}.Release|ARM.Build.0 = Release|Any CPU
		{826CF988-EEE8-4B75-8F53-B7E851A17BAA}.Release|Mixed Platforms.ActiveCfg = Release|Any CPU
		{826CF988-EEE8-4B75-8F53-B7E851A17BAA}.Release|Mixed Platforms.Build.0 = Release|Any CPU
		{826CF988-EEE8-4B75-8F53-B7E851A17BAA}.Release|Win32.ActiveCfg = Release|Any CPU
		{826CF988-EEE8-4B75-8F53-B7E851A17BAA}.Release|Win32.Build.0 = Release|Any CPU
		{826CF988-EEE8-4B75-8F53-B7E851A17BAA}.Release|x64.ActiveCfg = Release|Any CPU
		{826CF988-EEE8-4B75-8F53-B7E851A17BAA}.Release|x64.Build.0 = Release|Any CPU
		{826CF988-EEE8-4B75-8F53-B7E851A17BAA}.Release|x86.ActiveCfg = Release|Any CPU
		{826CF988-EEE8-4B75-8F53-B7E851A17BAA}.Release|x86.Build.0 = Release|Any CPU
		{826CF988-EEE8-4B75-8F53-B7E851A17BAA}.ReleaseSigned|Any CPU.ActiveCfg = ReleaseSigned|Any CPU
		{826CF988-EEE8-4B75-8F53-B7E851A17BAA}.ReleaseSigned|Any CPU.Build.0 = ReleaseSigned|Any CPU
		{826CF988-EEE8-4B75-8F53-B7E851A17BAA}.ReleaseSigned|ARM.ActiveCfg = ReleaseSigned|Any CPU
		{826CF988-EEE8-4B75-8F53-B7E851A17BAA}.ReleaseSigned|ARM.Build.0 = ReleaseSigned|Any CPU
		{826CF988-EEE8-4B75-8F53-B7E851A17BAA}.ReleaseSigned|Mixed Platforms.ActiveCfg = ReleaseSigned|Any CPU
		{826CF988-EEE8-4B75-8F53-B7E851A17BAA}.ReleaseSigned|Mixed Platforms.Build.0 = ReleaseSigned|Any CPU
		{826CF988-EEE8-4B75-8F53-B7E851A17BAA}.ReleaseSigned|Win32.ActiveCfg = ReleaseSigned|Any CPU
		{826CF988-EEE8-4B75-8F53-B7E851A17BAA}.ReleaseSigned|Win32.Build.0 = ReleaseSigned|Any CPU
		{826CF988-EEE8-4B75-8F53-B7E851A17BAA}.ReleaseSigned|x64.ActiveCfg = ReleaseSigned|Any CPU
		{826CF988-EEE8-4B75-8F53-B7E851A17BAA}.ReleaseSigned|x64.Build.0 = ReleaseSigned|Any CPU
		{826CF988-EEE8-4B75-8F53-B7E851A17BAA}.ReleaseSigned|x86.ActiveCfg = ReleaseSigned|Any CPU
		{826CF988-EEE8-4B75-8F53-B7E851A17BAA}.ReleaseSigned|x86.Build.0 = ReleaseSigned|Any CPU
		{826CF988-EEE8-4B75-8F53-B7E851A17BAA}.ReleaseTravis|Any CPU.ActiveCfg = ReleaseSigned|Any CPU
		{826CF988-EEE8-4B75-8F53-B7E851A17BAA}.ReleaseTravis|Any CPU.Build.0 = ReleaseSigned|Any CPU
		{826CF988-EEE8-4B75-8F53-B7E851A17BAA}.ReleaseTravis|ARM.ActiveCfg = ReleaseSigned|Any CPU
		{826CF988-EEE8-4B75-8F53-B7E851A17BAA}.ReleaseTravis|ARM.Build.0 = ReleaseSigned|Any CPU
		{826CF988-EEE8-4B75-8F53-B7E851A17BAA}.ReleaseTravis|Mixed Platforms.ActiveCfg = Release|Any CPU
		{826CF988-EEE8-4B75-8F53-B7E851A17BAA}.ReleaseTravis|Mixed Platforms.Build.0 = Release|Any CPU
		{826CF988-EEE8-4B75-8F53-B7E851A17BAA}.ReleaseTravis|Win32.ActiveCfg = ReleaseSigned|Any CPU
		{826CF988-EEE8-4B75-8F53-B7E851A17BAA}.ReleaseTravis|Win32.Build.0 = ReleaseSigned|Any CPU
		{826CF988-EEE8-4B75-8F53-B7E851A17BAA}.ReleaseTravis|x64.ActiveCfg = ReleaseSigned|Any CPU
		{826CF988-EEE8-4B75-8F53-B7E851A17BAA}.ReleaseTravis|x64.Build.0 = ReleaseSigned|Any CPU
		{826CF988-EEE8-4B75-8F53-B7E851A17BAA}.ReleaseTravis|x86.ActiveCfg = ReleaseSigned|Any CPU
		{826CF988-EEE8-4B75-8F53-B7E851A17BAA}.ReleaseTravis|x86.Build.0 = ReleaseSigned|Any CPU
		{DB18F3A6-B16A-477B-A7B1-C2B116D1BFB0}.Debug|Any CPU.ActiveCfg = Debug|Any CPU
		{DB18F3A6-B16A-477B-A7B1-C2B116D1BFB0}.Debug|Any CPU.Build.0 = Debug|Any CPU
		{DB18F3A6-B16A-477B-A7B1-C2B116D1BFB0}.Debug|ARM.ActiveCfg = Debug|Any CPU
		{DB18F3A6-B16A-477B-A7B1-C2B116D1BFB0}.Debug|ARM.Build.0 = Debug|Any CPU
		{DB18F3A6-B16A-477B-A7B1-C2B116D1BFB0}.Debug|Mixed Platforms.ActiveCfg = Debug|Any CPU
		{DB18F3A6-B16A-477B-A7B1-C2B116D1BFB0}.Debug|Mixed Platforms.Build.0 = Debug|Any CPU
		{DB18F3A6-B16A-477B-A7B1-C2B116D1BFB0}.Debug|Win32.ActiveCfg = Debug|Any CPU
		{DB18F3A6-B16A-477B-A7B1-C2B116D1BFB0}.Debug|Win32.Build.0 = Debug|Any CPU
		{DB18F3A6-B16A-477B-A7B1-C2B116D1BFB0}.Debug|x64.ActiveCfg = Debug|Any CPU
		{DB18F3A6-B16A-477B-A7B1-C2B116D1BFB0}.Debug|x64.Build.0 = Debug|Any CPU
		{DB18F3A6-B16A-477B-A7B1-C2B116D1BFB0}.Debug|x86.ActiveCfg = Debug|Any CPU
		{DB18F3A6-B16A-477B-A7B1-C2B116D1BFB0}.Debug|x86.Build.0 = Debug|Any CPU
		{DB18F3A6-B16A-477B-A7B1-C2B116D1BFB0}.Release|Any CPU.ActiveCfg = Release|Any CPU
		{DB18F3A6-B16A-477B-A7B1-C2B116D1BFB0}.Release|Any CPU.Build.0 = Release|Any CPU
		{DB18F3A6-B16A-477B-A7B1-C2B116D1BFB0}.Release|ARM.ActiveCfg = Release|Any CPU
		{DB18F3A6-B16A-477B-A7B1-C2B116D1BFB0}.Release|ARM.Build.0 = Release|Any CPU
		{DB18F3A6-B16A-477B-A7B1-C2B116D1BFB0}.Release|Mixed Platforms.ActiveCfg = Release|Any CPU
		{DB18F3A6-B16A-477B-A7B1-C2B116D1BFB0}.Release|Mixed Platforms.Build.0 = Release|Any CPU
		{DB18F3A6-B16A-477B-A7B1-C2B116D1BFB0}.Release|Win32.ActiveCfg = Release|Any CPU
		{DB18F3A6-B16A-477B-A7B1-C2B116D1BFB0}.Release|Win32.Build.0 = Release|Any CPU
		{DB18F3A6-B16A-477B-A7B1-C2B116D1BFB0}.Release|x64.ActiveCfg = Release|Any CPU
		{DB18F3A6-B16A-477B-A7B1-C2B116D1BFB0}.Release|x64.Build.0 = Release|Any CPU
		{DB18F3A6-B16A-477B-A7B1-C2B116D1BFB0}.Release|x86.ActiveCfg = Release|Any CPU
		{DB18F3A6-B16A-477B-A7B1-C2B116D1BFB0}.Release|x86.Build.0 = Release|Any CPU
		{DB18F3A6-B16A-477B-A7B1-C2B116D1BFB0}.ReleaseSigned|Any CPU.ActiveCfg = ReleaseSigned|Any CPU
		{DB18F3A6-B16A-477B-A7B1-C2B116D1BFB0}.ReleaseSigned|Any CPU.Build.0 = ReleaseSigned|Any CPU
		{DB18F3A6-B16A-477B-A7B1-C2B116D1BFB0}.ReleaseSigned|ARM.ActiveCfg = ReleaseSigned|Any CPU
		{DB18F3A6-B16A-477B-A7B1-C2B116D1BFB0}.ReleaseSigned|ARM.Build.0 = ReleaseSigned|Any CPU
		{DB18F3A6-B16A-477B-A7B1-C2B116D1BFB0}.ReleaseSigned|Mixed Platforms.ActiveCfg = ReleaseSigned|Any CPU
		{DB18F3A6-B16A-477B-A7B1-C2B116D1BFB0}.ReleaseSigned|Mixed Platforms.Build.0 = ReleaseSigned|Any CPU
		{DB18F3A6-B16A-477B-A7B1-C2B116D1BFB0}.ReleaseSigned|Win32.ActiveCfg = ReleaseSigned|Any CPU
		{DB18F3A6-B16A-477B-A7B1-C2B116D1BFB0}.ReleaseSigned|Win32.Build.0 = ReleaseSigned|Any CPU
		{DB18F3A6-B16A-477B-A7B1-C2B116D1BFB0}.ReleaseSigned|x64.ActiveCfg = ReleaseSigned|Any CPU
		{DB18F3A6-B16A-477B-A7B1-C2B116D1BFB0}.ReleaseSigned|x64.Build.0 = ReleaseSigned|Any CPU
		{DB18F3A6-B16A-477B-A7B1-C2B116D1BFB0}.ReleaseSigned|x86.ActiveCfg = ReleaseSigned|Any CPU
		{DB18F3A6-B16A-477B-A7B1-C2B116D1BFB0}.ReleaseSigned|x86.Build.0 = ReleaseSigned|Any CPU
		{DB18F3A6-B16A-477B-A7B1-C2B116D1BFB0}.ReleaseTravis|Any CPU.ActiveCfg = ReleaseSigned|Any CPU
		{DB18F3A6-B16A-477B-A7B1-C2B116D1BFB0}.ReleaseTravis|Any CPU.Build.0 = ReleaseSigned|Any CPU
		{DB18F3A6-B16A-477B-A7B1-C2B116D1BFB0}.ReleaseTravis|ARM.ActiveCfg = ReleaseSigned|Any CPU
		{DB18F3A6-B16A-477B-A7B1-C2B116D1BFB0}.ReleaseTravis|ARM.Build.0 = ReleaseSigned|Any CPU
		{DB18F3A6-B16A-477B-A7B1-C2B116D1BFB0}.ReleaseTravis|Mixed Platforms.ActiveCfg = Release|Any CPU
		{DB18F3A6-B16A-477B-A7B1-C2B116D1BFB0}.ReleaseTravis|Mixed Platforms.Build.0 = Release|Any CPU
		{DB18F3A6-B16A-477B-A7B1-C2B116D1BFB0}.ReleaseTravis|Win32.ActiveCfg = ReleaseSigned|Any CPU
		{DB18F3A6-B16A-477B-A7B1-C2B116D1BFB0}.ReleaseTravis|Win32.Build.0 = ReleaseSigned|Any CPU
		{DB18F3A6-B16A-477B-A7B1-C2B116D1BFB0}.ReleaseTravis|x64.ActiveCfg = ReleaseSigned|Any CPU
		{DB18F3A6-B16A-477B-A7B1-C2B116D1BFB0}.ReleaseTravis|x64.Build.0 = ReleaseSigned|Any CPU
		{DB18F3A6-B16A-477B-A7B1-C2B116D1BFB0}.ReleaseTravis|x86.ActiveCfg = ReleaseSigned|Any CPU
		{DB18F3A6-B16A-477B-A7B1-C2B116D1BFB0}.ReleaseTravis|x86.Build.0 = ReleaseSigned|Any CPU
		{E83C6D98-C348-4944-AD7F-C4E428141079}.Debug|Any CPU.ActiveCfg = Debug|Any CPU
		{E83C6D98-C348-4944-AD7F-C4E428141079}.Debug|Any CPU.Build.0 = Debug|Any CPU
		{E83C6D98-C348-4944-AD7F-C4E428141079}.Debug|ARM.ActiveCfg = Debug|Any CPU
		{E83C6D98-C348-4944-AD7F-C4E428141079}.Debug|ARM.Build.0 = Debug|Any CPU
		{E83C6D98-C348-4944-AD7F-C4E428141079}.Debug|Mixed Platforms.ActiveCfg = Debug|Any CPU
		{E83C6D98-C348-4944-AD7F-C4E428141079}.Debug|Mixed Platforms.Build.0 = Debug|Any CPU
		{E83C6D98-C348-4944-AD7F-C4E428141079}.Debug|Win32.ActiveCfg = Debug|Any CPU
		{E83C6D98-C348-4944-AD7F-C4E428141079}.Debug|Win32.Build.0 = Debug|Any CPU
		{E83C6D98-C348-4944-AD7F-C4E428141079}.Debug|x64.ActiveCfg = Debug|Any CPU
		{E83C6D98-C348-4944-AD7F-C4E428141079}.Debug|x64.Build.0 = Debug|Any CPU
		{E83C6D98-C348-4944-AD7F-C4E428141079}.Debug|x86.ActiveCfg = Debug|Any CPU
		{E83C6D98-C348-4944-AD7F-C4E428141079}.Debug|x86.Build.0 = Debug|Any CPU
		{E83C6D98-C348-4944-AD7F-C4E428141079}.Release|Any CPU.ActiveCfg = Release|Any CPU
		{E83C6D98-C348-4944-AD7F-C4E428141079}.Release|Any CPU.Build.0 = Release|Any CPU
		{E83C6D98-C348-4944-AD7F-C4E428141079}.Release|ARM.ActiveCfg = Release|Any CPU
		{E83C6D98-C348-4944-AD7F-C4E428141079}.Release|ARM.Build.0 = Release|Any CPU
		{E83C6D98-C348-4944-AD7F-C4E428141079}.Release|Mixed Platforms.ActiveCfg = Release|Any CPU
		{E83C6D98-C348-4944-AD7F-C4E428141079}.Release|Mixed Platforms.Build.0 = Release|Any CPU
		{E83C6D98-C348-4944-AD7F-C4E428141079}.Release|Win32.ActiveCfg = Release|Any CPU
		{E83C6D98-C348-4944-AD7F-C4E428141079}.Release|Win32.Build.0 = Release|Any CPU
		{E83C6D98-C348-4944-AD7F-C4E428141079}.Release|x64.ActiveCfg = Release|Any CPU
		{E83C6D98-C348-4944-AD7F-C4E428141079}.Release|x64.Build.0 = Release|Any CPU
		{E83C6D98-C348-4944-AD7F-C4E428141079}.Release|x86.ActiveCfg = Release|Any CPU
		{E83C6D98-C348-4944-AD7F-C4E428141079}.Release|x86.Build.0 = Release|Any CPU
		{E83C6D98-C348-4944-AD7F-C4E428141079}.ReleaseSigned|Any CPU.ActiveCfg = ReleaseSigned|Any CPU
		{E83C6D98-C348-4944-AD7F-C4E428141079}.ReleaseSigned|Any CPU.Build.0 = ReleaseSigned|Any CPU
		{E83C6D98-C348-4944-AD7F-C4E428141079}.ReleaseSigned|ARM.ActiveCfg = ReleaseSigned|Any CPU
		{E83C6D98-C348-4944-AD7F-C4E428141079}.ReleaseSigned|ARM.Build.0 = ReleaseSigned|Any CPU
		{E83C6D98-C348-4944-AD7F-C4E428141079}.ReleaseSigned|Mixed Platforms.ActiveCfg = ReleaseSigned|Any CPU
		{E83C6D98-C348-4944-AD7F-C4E428141079}.ReleaseSigned|Mixed Platforms.Build.0 = ReleaseSigned|Any CPU
		{E83C6D98-C348-4944-AD7F-C4E428141079}.ReleaseSigned|Win32.ActiveCfg = ReleaseSigned|Any CPU
		{E83C6D98-C348-4944-AD7F-C4E428141079}.ReleaseSigned|Win32.Build.0 = ReleaseSigned|Any CPU
		{E83C6D98-C348-4944-AD7F-C4E428141079}.ReleaseSigned|x64.ActiveCfg = ReleaseSigned|Any CPU
		{E83C6D98-C348-4944-AD7F-C4E428141079}.ReleaseSigned|x64.Build.0 = ReleaseSigned|Any CPU
		{E83C6D98-C348-4944-AD7F-C4E428141079}.ReleaseSigned|x86.ActiveCfg = ReleaseSigned|Any CPU
		{E83C6D98-C348-4944-AD7F-C4E428141079}.ReleaseSigned|x86.Build.0 = ReleaseSigned|Any CPU
		{E83C6D98-C348-4944-AD7F-C4E428141079}.ReleaseTravis|Any CPU.ActiveCfg = ReleaseSigned|Any CPU
		{E83C6D98-C348-4944-AD7F-C4E428141079}.ReleaseTravis|Any CPU.Build.0 = ReleaseSigned|Any CPU
		{E83C6D98-C348-4944-AD7F-C4E428141079}.ReleaseTravis|ARM.ActiveCfg = ReleaseSigned|Any CPU
		{E83C6D98-C348-4944-AD7F-C4E428141079}.ReleaseTravis|ARM.Build.0 = ReleaseSigned|Any CPU
		{E83C6D98-C348-4944-AD7F-C4E428141079}.ReleaseTravis|Mixed Platforms.ActiveCfg = Release|Any CPU
		{E83C6D98-C348-4944-AD7F-C4E428141079}.ReleaseTravis|Mixed Platforms.Build.0 = Release|Any CPU
		{E83C6D98-C348-4944-AD7F-C4E428141079}.ReleaseTravis|Win32.ActiveCfg = ReleaseSigned|Any CPU
		{E83C6D98-C348-4944-AD7F-C4E428141079}.ReleaseTravis|Win32.Build.0 = ReleaseSigned|Any CPU
		{E83C6D98-C348-4944-AD7F-C4E428141079}.ReleaseTravis|x64.ActiveCfg = ReleaseSigned|Any CPU
		{E83C6D98-C348-4944-AD7F-C4E428141079}.ReleaseTravis|x64.Build.0 = ReleaseSigned|Any CPU
		{E83C6D98-C348-4944-AD7F-C4E428141079}.ReleaseTravis|x86.ActiveCfg = ReleaseSigned|Any CPU
		{E83C6D98-C348-4944-AD7F-C4E428141079}.ReleaseTravis|x86.Build.0 = ReleaseSigned|Any CPU
		{0AAAF32E-2BF0-49C5-BC2D-90874CFB5510}.Debug|Any CPU.ActiveCfg = Debug|Any CPU
		{0AAAF32E-2BF0-49C5-BC2D-90874CFB5510}.Debug|Any CPU.Build.0 = Debug|Any CPU
		{0AAAF32E-2BF0-49C5-BC2D-90874CFB5510}.Debug|ARM.ActiveCfg = Debug|Any CPU
		{0AAAF32E-2BF0-49C5-BC2D-90874CFB5510}.Debug|ARM.Build.0 = Debug|Any CPU
		{0AAAF32E-2BF0-49C5-BC2D-90874CFB5510}.Debug|Mixed Platforms.ActiveCfg = Debug|Any CPU
		{0AAAF32E-2BF0-49C5-BC2D-90874CFB5510}.Debug|Mixed Platforms.Build.0 = Debug|Any CPU
		{0AAAF32E-2BF0-49C5-BC2D-90874CFB5510}.Debug|Win32.ActiveCfg = Debug|Any CPU
		{0AAAF32E-2BF0-49C5-BC2D-90874CFB5510}.Debug|Win32.Build.0 = Debug|Any CPU
		{0AAAF32E-2BF0-49C5-BC2D-90874CFB5510}.Debug|x64.ActiveCfg = Debug|Any CPU
		{0AAAF32E-2BF0-49C5-BC2D-90874CFB5510}.Debug|x64.Build.0 = Debug|Any CPU
		{0AAAF32E-2BF0-49C5-BC2D-90874CFB5510}.Debug|x86.ActiveCfg = Debug|Any CPU
		{0AAAF32E-2BF0-49C5-BC2D-90874CFB5510}.Debug|x86.Build.0 = Debug|Any CPU
		{0AAAF32E-2BF0-49C5-BC2D-90874CFB5510}.Release|Any CPU.ActiveCfg = Release|Any CPU
		{0AAAF32E-2BF0-49C5-BC2D-90874CFB5510}.Release|Any CPU.Build.0 = Release|Any CPU
		{0AAAF32E-2BF0-49C5-BC2D-90874CFB5510}.Release|ARM.ActiveCfg = Release|Any CPU
		{0AAAF32E-2BF0-49C5-BC2D-90874CFB5510}.Release|ARM.Build.0 = Release|Any CPU
		{0AAAF32E-2BF0-49C5-BC2D-90874CFB5510}.Release|Mixed Platforms.ActiveCfg = Release|Any CPU
		{0AAAF32E-2BF0-49C5-BC2D-90874CFB5510}.Release|Mixed Platforms.Build.0 = Release|Any CPU
		{0AAAF32E-2BF0-49C5-BC2D-90874CFB5510}.Release|Win32.ActiveCfg = Release|Any CPU
		{0AAAF32E-2BF0-49C5-BC2D-90874CFB5510}.Release|Win32.Build.0 = Release|Any CPU
		{0AAAF32E-2BF0-49C5-BC2D-90874CFB5510}.Release|x64.ActiveCfg = Release|Any CPU
		{0AAAF32E-2BF0-49C5-BC2D-90874CFB5510}.Release|x64.Build.0 = Release|Any CPU
		{0AAAF32E-2BF0-49C5-BC2D-90874CFB5510}.Release|x86.ActiveCfg = Release|Any CPU
		{0AAAF32E-2BF0-49C5-BC2D-90874CFB5510}.Release|x86.Build.0 = Release|Any CPU
		{0AAAF32E-2BF0-49C5-BC2D-90874CFB5510}.ReleaseSigned|Any CPU.ActiveCfg = ReleaseSigned|Any CPU
		{0AAAF32E-2BF0-49C5-BC2D-90874CFB5510}.ReleaseSigned|Any CPU.Build.0 = ReleaseSigned|Any CPU
		{0AAAF32E-2BF0-49C5-BC2D-90874CFB5510}.ReleaseSigned|ARM.ActiveCfg = ReleaseSigned|Any CPU
		{0AAAF32E-2BF0-49C5-BC2D-90874CFB5510}.ReleaseSigned|ARM.Build.0 = ReleaseSigned|Any CPU
		{0AAAF32E-2BF0-49C5-BC2D-90874CFB5510}.ReleaseSigned|Mixed Platforms.ActiveCfg = ReleaseSigned|Any CPU
		{0AAAF32E-2BF0-49C5-BC2D-90874CFB5510}.ReleaseSigned|Mixed Platforms.Build.0 = ReleaseSigned|Any CPU
		{0AAAF32E-2BF0-49C5-BC2D-90874CFB5510}.ReleaseSigned|Win32.ActiveCfg = ReleaseSigned|Any CPU
		{0AAAF32E-2BF0-49C5-BC2D-90874CFB5510}.ReleaseSigned|Win32.Build.0 = ReleaseSigned|Any CPU
		{0AAAF32E-2BF0-49C5-BC2D-90874CFB5510}.ReleaseSigned|x64.ActiveCfg = ReleaseSigned|Any CPU
		{0AAAF32E-2BF0-49C5-BC2D-90874CFB5510}.ReleaseSigned|x64.Build.0 = ReleaseSigned|Any CPU
		{0AAAF32E-2BF0-49C5-BC2D-90874CFB5510}.ReleaseSigned|x86.ActiveCfg = ReleaseSigned|Any CPU
		{0AAAF32E-2BF0-49C5-BC2D-90874CFB5510}.ReleaseSigned|x86.Build.0 = ReleaseSigned|Any CPU
		{0AAAF32E-2BF0-49C5-BC2D-90874CFB5510}.ReleaseTravis|Any CPU.ActiveCfg = ReleaseSigned|Any CPU
		{0AAAF32E-2BF0-49C5-BC2D-90874CFB5510}.ReleaseTravis|Any CPU.Build.0 = ReleaseSigned|Any CPU
		{0AAAF32E-2BF0-49C5-BC2D-90874CFB5510}.ReleaseTravis|ARM.ActiveCfg = ReleaseSigned|Any CPU
		{0AAAF32E-2BF0-49C5-BC2D-90874CFB5510}.ReleaseTravis|ARM.Build.0 = ReleaseSigned|Any CPU
		{0AAAF32E-2BF0-49C5-BC2D-90874CFB5510}.ReleaseTravis|Mixed Platforms.ActiveCfg = Release|Any CPU
		{0AAAF32E-2BF0-49C5-BC2D-90874CFB5510}.ReleaseTravis|Mixed Platforms.Build.0 = Release|Any CPU
		{0AAAF32E-2BF0-49C5-BC2D-90874CFB5510}.ReleaseTravis|Win32.ActiveCfg = ReleaseSigned|Any CPU
		{0AAAF32E-2BF0-49C5-BC2D-90874CFB5510}.ReleaseTravis|Win32.Build.0 = ReleaseSigned|Any CPU
		{0AAAF32E-2BF0-49C5-BC2D-90874CFB5510}.ReleaseTravis|x64.ActiveCfg = ReleaseSigned|Any CPU
		{0AAAF32E-2BF0-49C5-BC2D-90874CFB5510}.ReleaseTravis|x64.Build.0 = ReleaseSigned|Any CPU
		{0AAAF32E-2BF0-49C5-BC2D-90874CFB5510}.ReleaseTravis|x86.ActiveCfg = ReleaseSigned|Any CPU
		{0AAAF32E-2BF0-49C5-BC2D-90874CFB5510}.ReleaseTravis|x86.Build.0 = ReleaseSigned|Any CPU
		{3EF3C1A9-A3CB-41C9-88C3-6B226CA051BE}.Debug|Any CPU.ActiveCfg = Debug|Any CPU
		{3EF3C1A9-A3CB-41C9-88C3-6B226CA051BE}.Debug|Any CPU.Build.0 = Debug|Any CPU
		{3EF3C1A9-A3CB-41C9-88C3-6B226CA051BE}.Debug|ARM.ActiveCfg = Debug|Any CPU
		{3EF3C1A9-A3CB-41C9-88C3-6B226CA051BE}.Debug|ARM.Build.0 = Debug|Any CPU
		{3EF3C1A9-A3CB-41C9-88C3-6B226CA051BE}.Debug|Mixed Platforms.ActiveCfg = Debug|Any CPU
		{3EF3C1A9-A3CB-41C9-88C3-6B226CA051BE}.Debug|Mixed Platforms.Build.0 = Debug|Any CPU
		{3EF3C1A9-A3CB-41C9-88C3-6B226CA051BE}.Debug|Win32.ActiveCfg = Debug|Any CPU
		{3EF3C1A9-A3CB-41C9-88C3-6B226CA051BE}.Debug|Win32.Build.0 = Debug|Any CPU
		{3EF3C1A9-A3CB-41C9-88C3-6B226CA051BE}.Debug|x64.ActiveCfg = Debug|Any CPU
		{3EF3C1A9-A3CB-41C9-88C3-6B226CA051BE}.Debug|x64.Build.0 = Debug|Any CPU
		{3EF3C1A9-A3CB-41C9-88C3-6B226CA051BE}.Debug|x86.ActiveCfg = Debug|Any CPU
		{3EF3C1A9-A3CB-41C9-88C3-6B226CA051BE}.Debug|x86.Build.0 = Debug|Any CPU
		{3EF3C1A9-A3CB-41C9-88C3-6B226CA051BE}.Release|Any CPU.ActiveCfg = Release|Any CPU
		{3EF3C1A9-A3CB-41C9-88C3-6B226CA051BE}.Release|Any CPU.Build.0 = Release|Any CPU
		{3EF3C1A9-A3CB-41C9-88C3-6B226CA051BE}.Release|ARM.ActiveCfg = Release|Any CPU
		{3EF3C1A9-A3CB-41C9-88C3-6B226CA051BE}.Release|ARM.Build.0 = Release|Any CPU
		{3EF3C1A9-A3CB-41C9-88C3-6B226CA051BE}.Release|Mixed Platforms.ActiveCfg = Release|Any CPU
		{3EF3C1A9-A3CB-41C9-88C3-6B226CA051BE}.Release|Mixed Platforms.Build.0 = Release|Any CPU
		{3EF3C1A9-A3CB-41C9-88C3-6B226CA051BE}.Release|Win32.ActiveCfg = Release|Any CPU
		{3EF3C1A9-A3CB-41C9-88C3-6B226CA051BE}.Release|Win32.Build.0 = Release|Any CPU
		{3EF3C1A9-A3CB-41C9-88C3-6B226CA051BE}.Release|x64.ActiveCfg = Release|Any CPU
		{3EF3C1A9-A3CB-41C9-88C3-6B226CA051BE}.Release|x64.Build.0 = Release|Any CPU
		{3EF3C1A9-A3CB-41C9-88C3-6B226CA051BE}.Release|x86.ActiveCfg = Release|Any CPU
		{3EF3C1A9-A3CB-41C9-88C3-6B226CA051BE}.Release|x86.Build.0 = Release|Any CPU
		{3EF3C1A9-A3CB-41C9-88C3-6B226CA051BE}.ReleaseSigned|Any CPU.ActiveCfg = ReleaseSigned|Any CPU
		{3EF3C1A9-A3CB-41C9-88C3-6B226CA051BE}.ReleaseSigned|Any CPU.Build.0 = ReleaseSigned|Any CPU
		{3EF3C1A9-A3CB-41C9-88C3-6B226CA051BE}.ReleaseSigned|ARM.ActiveCfg = ReleaseSigned|Any CPU
		{3EF3C1A9-A3CB-41C9-88C3-6B226CA051BE}.ReleaseSigned|ARM.Build.0 = ReleaseSigned|Any CPU
		{3EF3C1A9-A3CB-41C9-88C3-6B226CA051BE}.ReleaseSigned|Mixed Platforms.ActiveCfg = ReleaseSigned|Any CPU
		{3EF3C1A9-A3CB-41C9-88C3-6B226CA051BE}.ReleaseSigned|Mixed Platforms.Build.0 = ReleaseSigned|Any CPU
		{3EF3C1A9-A3CB-41C9-88C3-6B226CA051BE}.ReleaseSigned|Win32.ActiveCfg = ReleaseSigned|Any CPU
		{3EF3C1A9-A3CB-41C9-88C3-6B226CA051BE}.ReleaseSigned|Win32.Build.0 = ReleaseSigned|Any CPU
		{3EF3C1A9-A3CB-41C9-88C3-6B226CA051BE}.ReleaseSigned|x64.ActiveCfg = ReleaseSigned|Any CPU
		{3EF3C1A9-A3CB-41C9-88C3-6B226CA051BE}.ReleaseSigned|x64.Build.0 = ReleaseSigned|Any CPU
		{3EF3C1A9-A3CB-41C9-88C3-6B226CA051BE}.ReleaseSigned|x86.ActiveCfg = ReleaseSigned|Any CPU
		{3EF3C1A9-A3CB-41C9-88C3-6B226CA051BE}.ReleaseSigned|x86.Build.0 = ReleaseSigned|Any CPU
		{3EF3C1A9-A3CB-41C9-88C3-6B226CA051BE}.ReleaseTravis|Any CPU.ActiveCfg = ReleaseSigned|Any CPU
		{3EF3C1A9-A3CB-41C9-88C3-6B226CA051BE}.ReleaseTravis|Any CPU.Build.0 = ReleaseSigned|Any CPU
		{3EF3C1A9-A3CB-41C9-88C3-6B226CA051BE}.ReleaseTravis|ARM.ActiveCfg = ReleaseSigned|Any CPU
		{3EF3C1A9-A3CB-41C9-88C3-6B226CA051BE}.ReleaseTravis|ARM.Build.0 = ReleaseSigned|Any CPU
		{3EF3C1A9-A3CB-41C9-88C3-6B226CA051BE}.ReleaseTravis|Mixed Platforms.ActiveCfg = Release|Any CPU
		{3EF3C1A9-A3CB-41C9-88C3-6B226CA051BE}.ReleaseTravis|Mixed Platforms.Build.0 = Release|Any CPU
		{3EF3C1A9-A3CB-41C9-88C3-6B226CA051BE}.ReleaseTravis|Win32.ActiveCfg = ReleaseSigned|Any CPU
		{3EF3C1A9-A3CB-41C9-88C3-6B226CA051BE}.ReleaseTravis|Win32.Build.0 = ReleaseSigned|Any CPU
		{3EF3C1A9-A3CB-41C9-88C3-6B226CA051BE}.ReleaseTravis|x64.ActiveCfg = ReleaseSigned|Any CPU
		{3EF3C1A9-A3CB-41C9-88C3-6B226CA051BE}.ReleaseTravis|x64.Build.0 = ReleaseSigned|Any CPU
		{3EF3C1A9-A3CB-41C9-88C3-6B226CA051BE}.ReleaseTravis|x86.ActiveCfg = ReleaseSigned|Any CPU
		{3EF3C1A9-A3CB-41C9-88C3-6B226CA051BE}.ReleaseTravis|x86.Build.0 = ReleaseSigned|Any CPU
		{C4DA0ABE-2C2E-4BB8-9881-5FF80B0C1AFD}.Debug|Any CPU.ActiveCfg = Debug|Any CPU
		{C4DA0ABE-2C2E-4BB8-9881-5FF80B0C1AFD}.Debug|Any CPU.Build.0 = Debug|Any CPU
		{C4DA0ABE-2C2E-4BB8-9881-5FF80B0C1AFD}.Debug|ARM.ActiveCfg = Debug|Any CPU
		{C4DA0ABE-2C2E-4BB8-9881-5FF80B0C1AFD}.Debug|ARM.Build.0 = Debug|Any CPU
		{C4DA0ABE-2C2E-4BB8-9881-5FF80B0C1AFD}.Debug|Mixed Platforms.ActiveCfg = Debug|Any CPU
		{C4DA0ABE-2C2E-4BB8-9881-5FF80B0C1AFD}.Debug|Mixed Platforms.Build.0 = Debug|Any CPU
		{C4DA0ABE-2C2E-4BB8-9881-5FF80B0C1AFD}.Debug|Win32.ActiveCfg = Debug|Any CPU
		{C4DA0ABE-2C2E-4BB8-9881-5FF80B0C1AFD}.Debug|Win32.Build.0 = Debug|Any CPU
		{C4DA0ABE-2C2E-4BB8-9881-5FF80B0C1AFD}.Debug|x64.ActiveCfg = Debug|Any CPU
		{C4DA0ABE-2C2E-4BB8-9881-5FF80B0C1AFD}.Debug|x64.Build.0 = Debug|Any CPU
		{C4DA0ABE-2C2E-4BB8-9881-5FF80B0C1AFD}.Debug|x86.ActiveCfg = Debug|Any CPU
		{C4DA0ABE-2C2E-4BB8-9881-5FF80B0C1AFD}.Debug|x86.Build.0 = Debug|Any CPU
		{C4DA0ABE-2C2E-4BB8-9881-5FF80B0C1AFD}.Release|Any CPU.ActiveCfg = Release|Any CPU
		{C4DA0ABE-2C2E-4BB8-9881-5FF80B0C1AFD}.Release|Any CPU.Build.0 = Release|Any CPU
		{C4DA0ABE-2C2E-4BB8-9881-5FF80B0C1AFD}.Release|ARM.ActiveCfg = Release|Any CPU
		{C4DA0ABE-2C2E-4BB8-9881-5FF80B0C1AFD}.Release|ARM.Build.0 = Release|Any CPU
		{C4DA0ABE-2C2E-4BB8-9881-5FF80B0C1AFD}.Release|Mixed Platforms.ActiveCfg = Release|Any CPU
		{C4DA0ABE-2C2E-4BB8-9881-5FF80B0C1AFD}.Release|Mixed Platforms.Build.0 = Release|Any CPU
		{C4DA0ABE-2C2E-4BB8-9881-5FF80B0C1AFD}.Release|Win32.ActiveCfg = Release|Any CPU
		{C4DA0ABE-2C2E-4BB8-9881-5FF80B0C1AFD}.Release|Win32.Build.0 = Release|Any CPU
		{C4DA0ABE-2C2E-4BB8-9881-5FF80B0C1AFD}.Release|x64.ActiveCfg = Release|Any CPU
		{C4DA0ABE-2C2E-4BB8-9881-5FF80B0C1AFD}.Release|x64.Build.0 = Release|Any CPU
		{C4DA0ABE-2C2E-4BB8-9881-5FF80B0C1AFD}.Release|x86.ActiveCfg = Release|Any CPU
		{C4DA0ABE-2C2E-4BB8-9881-5FF80B0C1AFD}.Release|x86.Build.0 = Release|Any CPU
		{C4DA0ABE-2C2E-4BB8-9881-5FF80B0C1AFD}.ReleaseSigned|Any CPU.ActiveCfg = ReleaseSigned|Any CPU
		{C4DA0ABE-2C2E-4BB8-9881-5FF80B0C1AFD}.ReleaseSigned|Any CPU.Build.0 = ReleaseSigned|Any CPU
		{C4DA0ABE-2C2E-4BB8-9881-5FF80B0C1AFD}.ReleaseSigned|ARM.ActiveCfg = ReleaseSigned|Any CPU
		{C4DA0ABE-2C2E-4BB8-9881-5FF80B0C1AFD}.ReleaseSigned|ARM.Build.0 = ReleaseSigned|Any CPU
		{C4DA0ABE-2C2E-4BB8-9881-5FF80B0C1AFD}.ReleaseSigned|Mixed Platforms.ActiveCfg = ReleaseSigned|Any CPU
		{C4DA0ABE-2C2E-4BB8-9881-5FF80B0C1AFD}.ReleaseSigned|Mixed Platforms.Build.0 = ReleaseSigned|Any CPU
		{C4DA0ABE-2C2E-4BB8-9881-5FF80B0C1AFD}.ReleaseSigned|Win32.ActiveCfg = ReleaseSigned|Any CPU
		{C4DA0ABE-2C2E-4BB8-9881-5FF80B0C1AFD}.ReleaseSigned|Win32.Build.0 = ReleaseSigned|Any CPU
		{C4DA0ABE-2C2E-4BB8-9881-5FF80B0C1AFD}.ReleaseSigned|x64.ActiveCfg = ReleaseSigned|Any CPU
		{C4DA0ABE-2C2E-4BB8-9881-5FF80B0C1AFD}.ReleaseSigned|x64.Build.0 = ReleaseSigned|Any CPU
		{C4DA0ABE-2C2E-4BB8-9881-5FF80B0C1AFD}.ReleaseSigned|x86.ActiveCfg = ReleaseSigned|Any CPU
		{C4DA0ABE-2C2E-4BB8-9881-5FF80B0C1AFD}.ReleaseSigned|x86.Build.0 = ReleaseSigned|Any CPU
		{C4DA0ABE-2C2E-4BB8-9881-5FF80B0C1AFD}.ReleaseTravis|Any CPU.ActiveCfg = ReleaseSigned|Any CPU
		{C4DA0ABE-2C2E-4BB8-9881-5FF80B0C1AFD}.ReleaseTravis|Any CPU.Build.0 = ReleaseSigned|Any CPU
		{C4DA0ABE-2C2E-4BB8-9881-5FF80B0C1AFD}.ReleaseTravis|ARM.ActiveCfg = ReleaseSigned|Any CPU
		{C4DA0ABE-2C2E-4BB8-9881-5FF80B0C1AFD}.ReleaseTravis|ARM.Build.0 = ReleaseSigned|Any CPU
		{C4DA0ABE-2C2E-4BB8-9881-5FF80B0C1AFD}.ReleaseTravis|Mixed Platforms.ActiveCfg = ReleaseSigned|Any CPU
		{C4DA0ABE-2C2E-4BB8-9881-5FF80B0C1AFD}.ReleaseTravis|Mixed Platforms.Build.0 = ReleaseSigned|Any CPU
		{C4DA0ABE-2C2E-4BB8-9881-5FF80B0C1AFD}.ReleaseTravis|Win32.ActiveCfg = ReleaseSigned|Any CPU
		{C4DA0ABE-2C2E-4BB8-9881-5FF80B0C1AFD}.ReleaseTravis|Win32.Build.0 = ReleaseSigned|Any CPU
		{C4DA0ABE-2C2E-4BB8-9881-5FF80B0C1AFD}.ReleaseTravis|x64.ActiveCfg = ReleaseSigned|Any CPU
		{C4DA0ABE-2C2E-4BB8-9881-5FF80B0C1AFD}.ReleaseTravis|x64.Build.0 = ReleaseSigned|Any CPU
		{C4DA0ABE-2C2E-4BB8-9881-5FF80B0C1AFD}.ReleaseTravis|x86.ActiveCfg = ReleaseSigned|Any CPU
		{C4DA0ABE-2C2E-4BB8-9881-5FF80B0C1AFD}.ReleaseTravis|x86.Build.0 = ReleaseSigned|Any CPU
		{8CFBF8D2-64CB-4703-A5B0-F9EF4DE41FA7}.Debug|Any CPU.ActiveCfg = Debug|Any CPU
		{8CFBF8D2-64CB-4703-A5B0-F9EF4DE41FA7}.Debug|Any CPU.Build.0 = Debug|Any CPU
		{8CFBF8D2-64CB-4703-A5B0-F9EF4DE41FA7}.Debug|ARM.ActiveCfg = Debug|Any CPU
		{8CFBF8D2-64CB-4703-A5B0-F9EF4DE41FA7}.Debug|ARM.Build.0 = Debug|Any CPU
		{8CFBF8D2-64CB-4703-A5B0-F9EF4DE41FA7}.Debug|Mixed Platforms.ActiveCfg = Debug|Any CPU
		{8CFBF8D2-64CB-4703-A5B0-F9EF4DE41FA7}.Debug|Mixed Platforms.Build.0 = Debug|Any CPU
		{8CFBF8D2-64CB-4703-A5B0-F9EF4DE41FA7}.Debug|Win32.ActiveCfg = Debug|Any CPU
		{8CFBF8D2-64CB-4703-A5B0-F9EF4DE41FA7}.Debug|Win32.Build.0 = Debug|Any CPU
		{8CFBF8D2-64CB-4703-A5B0-F9EF4DE41FA7}.Debug|x64.ActiveCfg = Debug|Any CPU
		{8CFBF8D2-64CB-4703-A5B0-F9EF4DE41FA7}.Debug|x64.Build.0 = Debug|Any CPU
		{8CFBF8D2-64CB-4703-A5B0-F9EF4DE41FA7}.Debug|x86.ActiveCfg = Debug|Any CPU
		{8CFBF8D2-64CB-4703-A5B0-F9EF4DE41FA7}.Debug|x86.Build.0 = Debug|Any CPU
		{8CFBF8D2-64CB-4703-A5B0-F9EF4DE41FA7}.Release|Any CPU.ActiveCfg = Release|Any CPU
		{8CFBF8D2-64CB-4703-A5B0-F9EF4DE41FA7}.Release|Any CPU.Build.0 = Release|Any CPU
		{8CFBF8D2-64CB-4703-A5B0-F9EF4DE41FA7}.Release|ARM.ActiveCfg = Release|Any CPU
		{8CFBF8D2-64CB-4703-A5B0-F9EF4DE41FA7}.Release|ARM.Build.0 = Release|Any CPU
		{8CFBF8D2-64CB-4703-A5B0-F9EF4DE41FA7}.Release|Mixed Platforms.ActiveCfg = Release|Any CPU
		{8CFBF8D2-64CB-4703-A5B0-F9EF4DE41FA7}.Release|Mixed Platforms.Build.0 = Release|Any CPU
		{8CFBF8D2-64CB-4703-A5B0-F9EF4DE41FA7}.Release|Win32.ActiveCfg = Release|Any CPU
		{8CFBF8D2-64CB-4703-A5B0-F9EF4DE41FA7}.Release|Win32.Build.0 = Release|Any CPU
		{8CFBF8D2-64CB-4703-A5B0-F9EF4DE41FA7}.Release|x64.ActiveCfg = Release|Any CPU
		{8CFBF8D2-64CB-4703-A5B0-F9EF4DE41FA7}.Release|x64.Build.0 = Release|Any CPU
		{8CFBF8D2-64CB-4703-A5B0-F9EF4DE41FA7}.Release|x86.ActiveCfg = Release|Any CPU
		{8CFBF8D2-64CB-4703-A5B0-F9EF4DE41FA7}.Release|x86.Build.0 = Release|Any CPU
		{8CFBF8D2-64CB-4703-A5B0-F9EF4DE41FA7}.ReleaseSigned|Any CPU.ActiveCfg = ReleaseSigned|Any CPU
		{8CFBF8D2-64CB-4703-A5B0-F9EF4DE41FA7}.ReleaseSigned|Any CPU.Build.0 = ReleaseSigned|Any CPU
		{8CFBF8D2-64CB-4703-A5B0-F9EF4DE41FA7}.ReleaseSigned|ARM.ActiveCfg = ReleaseSigned|Any CPU
		{8CFBF8D2-64CB-4703-A5B0-F9EF4DE41FA7}.ReleaseSigned|ARM.Build.0 = ReleaseSigned|Any CPU
		{8CFBF8D2-64CB-4703-A5B0-F9EF4DE41FA7}.ReleaseSigned|Mixed Platforms.ActiveCfg = ReleaseSigned|Any CPU
		{8CFBF8D2-64CB-4703-A5B0-F9EF4DE41FA7}.ReleaseSigned|Mixed Platforms.Build.0 = ReleaseSigned|Any CPU
		{8CFBF8D2-64CB-4703-A5B0-F9EF4DE41FA7}.ReleaseSigned|Win32.ActiveCfg = ReleaseSigned|Any CPU
		{8CFBF8D2-64CB-4703-A5B0-F9EF4DE41FA7}.ReleaseSigned|Win32.Build.0 = ReleaseSigned|Any CPU
		{8CFBF8D2-64CB-4703-A5B0-F9EF4DE41FA7}.ReleaseSigned|x64.ActiveCfg = ReleaseSigned|Any CPU
		{8CFBF8D2-64CB-4703-A5B0-F9EF4DE41FA7}.ReleaseSigned|x64.Build.0 = ReleaseSigned|Any CPU
		{8CFBF8D2-64CB-4703-A5B0-F9EF4DE41FA7}.ReleaseSigned|x86.ActiveCfg = ReleaseSigned|Any CPU
		{8CFBF8D2-64CB-4703-A5B0-F9EF4DE41FA7}.ReleaseSigned|x86.Build.0 = ReleaseSigned|Any CPU
		{8CFBF8D2-64CB-4703-A5B0-F9EF4DE41FA7}.ReleaseTravis|Any CPU.ActiveCfg = ReleaseSigned|Any CPU
		{8CFBF8D2-64CB-4703-A5B0-F9EF4DE41FA7}.ReleaseTravis|Any CPU.Build.0 = ReleaseSigned|Any CPU
		{8CFBF8D2-64CB-4703-A5B0-F9EF4DE41FA7}.ReleaseTravis|ARM.ActiveCfg = ReleaseSigned|Any CPU
		{8CFBF8D2-64CB-4703-A5B0-F9EF4DE41FA7}.ReleaseTravis|ARM.Build.0 = ReleaseSigned|Any CPU
		{8CFBF8D2-64CB-4703-A5B0-F9EF4DE41FA7}.ReleaseTravis|Mixed Platforms.ActiveCfg = ReleaseSigned|Any CPU
		{8CFBF8D2-64CB-4703-A5B0-F9EF4DE41FA7}.ReleaseTravis|Mixed Platforms.Build.0 = ReleaseSigned|Any CPU
		{8CFBF8D2-64CB-4703-A5B0-F9EF4DE41FA7}.ReleaseTravis|Win32.ActiveCfg = ReleaseSigned|Any CPU
		{8CFBF8D2-64CB-4703-A5B0-F9EF4DE41FA7}.ReleaseTravis|Win32.Build.0 = ReleaseSigned|Any CPU
		{8CFBF8D2-64CB-4703-A5B0-F9EF4DE41FA7}.ReleaseTravis|x64.ActiveCfg = ReleaseSigned|Any CPU
		{8CFBF8D2-64CB-4703-A5B0-F9EF4DE41FA7}.ReleaseTravis|x64.Build.0 = ReleaseSigned|Any CPU
		{8CFBF8D2-64CB-4703-A5B0-F9EF4DE41FA7}.ReleaseTravis|x86.ActiveCfg = ReleaseSigned|Any CPU
		{8CFBF8D2-64CB-4703-A5B0-F9EF4DE41FA7}.ReleaseTravis|x86.Build.0 = ReleaseSigned|Any CPU
		{5A731729-8E99-4930-AE77-FA3524673DA3}.Debug|Any CPU.ActiveCfg = Debug|Any CPU
		{5A731729-8E99-4930-AE77-FA3524673DA3}.Debug|Any CPU.Build.0 = Debug|Any CPU
		{5A731729-8E99-4930-AE77-FA3524673DA3}.Debug|ARM.ActiveCfg = Debug|Any CPU
		{5A731729-8E99-4930-AE77-FA3524673DA3}.Debug|ARM.Build.0 = Debug|Any CPU
		{5A731729-8E99-4930-AE77-FA3524673DA3}.Debug|Mixed Platforms.ActiveCfg = Debug|Any CPU
		{5A731729-8E99-4930-AE77-FA3524673DA3}.Debug|Mixed Platforms.Build.0 = Debug|Any CPU
		{5A731729-8E99-4930-AE77-FA3524673DA3}.Debug|Win32.ActiveCfg = Debug|Any CPU
		{5A731729-8E99-4930-AE77-FA3524673DA3}.Debug|Win32.Build.0 = Debug|Any CPU
		{5A731729-8E99-4930-AE77-FA3524673DA3}.Debug|x64.ActiveCfg = Debug|Any CPU
		{5A731729-8E99-4930-AE77-FA3524673DA3}.Debug|x64.Build.0 = Debug|Any CPU
		{5A731729-8E99-4930-AE77-FA3524673DA3}.Debug|x86.ActiveCfg = Debug|Any CPU
		{5A731729-8E99-4930-AE77-FA3524673DA3}.Debug|x86.Build.0 = Debug|Any CPU
		{5A731729-8E99-4930-AE77-FA3524673DA3}.Release|Any CPU.ActiveCfg = Release|Any CPU
		{5A731729-8E99-4930-AE77-FA3524673DA3}.Release|Any CPU.Build.0 = Release|Any CPU
		{5A731729-8E99-4930-AE77-FA3524673DA3}.Release|ARM.ActiveCfg = Release|Any CPU
		{5A731729-8E99-4930-AE77-FA3524673DA3}.Release|ARM.Build.0 = Release|Any CPU
		{5A731729-8E99-4930-AE77-FA3524673DA3}.Release|Mixed Platforms.ActiveCfg = Release|Any CPU
		{5A731729-8E99-4930-AE77-FA3524673DA3}.Release|Mixed Platforms.Build.0 = Release|Any CPU
		{5A731729-8E99-4930-AE77-FA3524673DA3}.Release|Win32.ActiveCfg = Release|Any CPU
		{5A731729-8E99-4930-AE77-FA3524673DA3}.Release|Win32.Build.0 = Release|Any CPU
		{5A731729-8E99-4930-AE77-FA3524673DA3}.Release|x64.ActiveCfg = Release|Any CPU
		{5A731729-8E99-4930-AE77-FA3524673DA3}.Release|x64.Build.0 = Release|Any CPU
		{5A731729-8E99-4930-AE77-FA3524673DA3}.Release|x86.ActiveCfg = Release|Any CPU
		{5A731729-8E99-4930-AE77-FA3524673DA3}.Release|x86.Build.0 = Release|Any CPU
		{5A731729-8E99-4930-AE77-FA3524673DA3}.ReleaseSigned|Any CPU.ActiveCfg = ReleaseSigned|Any CPU
		{5A731729-8E99-4930-AE77-FA3524673DA3}.ReleaseSigned|Any CPU.Build.0 = ReleaseSigned|Any CPU
		{5A731729-8E99-4930-AE77-FA3524673DA3}.ReleaseSigned|ARM.ActiveCfg = ReleaseSigned|Any CPU
		{5A731729-8E99-4930-AE77-FA3524673DA3}.ReleaseSigned|ARM.Build.0 = ReleaseSigned|Any CPU
		{5A731729-8E99-4930-AE77-FA3524673DA3}.ReleaseSigned|Mixed Platforms.ActiveCfg = ReleaseSigned|Any CPU
		{5A731729-8E99-4930-AE77-FA3524673DA3}.ReleaseSigned|Mixed Platforms.Build.0 = ReleaseSigned|Any CPU
		{5A731729-8E99-4930-AE77-FA3524673DA3}.ReleaseSigned|Win32.ActiveCfg = ReleaseSigned|Any CPU
		{5A731729-8E99-4930-AE77-FA3524673DA3}.ReleaseSigned|Win32.Build.0 = ReleaseSigned|Any CPU
		{5A731729-8E99-4930-AE77-FA3524673DA3}.ReleaseSigned|x64.ActiveCfg = ReleaseSigned|Any CPU
		{5A731729-8E99-4930-AE77-FA3524673DA3}.ReleaseSigned|x64.Build.0 = ReleaseSigned|Any CPU
		{5A731729-8E99-4930-AE77-FA3524673DA3}.ReleaseSigned|x86.ActiveCfg = ReleaseSigned|Any CPU
		{5A731729-8E99-4930-AE77-FA3524673DA3}.ReleaseSigned|x86.Build.0 = ReleaseSigned|Any CPU
		{5A731729-8E99-4930-AE77-FA3524673DA3}.ReleaseTravis|Any CPU.ActiveCfg = ReleaseSigned|Any CPU
		{5A731729-8E99-4930-AE77-FA3524673DA3}.ReleaseTravis|Any CPU.Build.0 = ReleaseSigned|Any CPU
		{5A731729-8E99-4930-AE77-FA3524673DA3}.ReleaseTravis|ARM.ActiveCfg = ReleaseSigned|Any CPU
		{5A731729-8E99-4930-AE77-FA3524673DA3}.ReleaseTravis|ARM.Build.0 = ReleaseSigned|Any CPU
		{5A731729-8E99-4930-AE77-FA3524673DA3}.ReleaseTravis|Mixed Platforms.ActiveCfg = ReleaseSigned|Any CPU
		{5A731729-8E99-4930-AE77-FA3524673DA3}.ReleaseTravis|Mixed Platforms.Build.0 = ReleaseSigned|Any CPU
		{5A731729-8E99-4930-AE77-FA3524673DA3}.ReleaseTravis|Win32.ActiveCfg = ReleaseSigned|Any CPU
		{5A731729-8E99-4930-AE77-FA3524673DA3}.ReleaseTravis|Win32.Build.0 = ReleaseSigned|Any CPU
		{5A731729-8E99-4930-AE77-FA3524673DA3}.ReleaseTravis|x64.ActiveCfg = ReleaseSigned|Any CPU
		{5A731729-8E99-4930-AE77-FA3524673DA3}.ReleaseTravis|x64.Build.0 = ReleaseSigned|Any CPU
		{5A731729-8E99-4930-AE77-FA3524673DA3}.ReleaseTravis|x86.ActiveCfg = ReleaseSigned|Any CPU
		{5A731729-8E99-4930-AE77-FA3524673DA3}.ReleaseTravis|x86.Build.0 = ReleaseSigned|Any CPU
	EndGlobalSection
	GlobalSection(SolutionProperties) = preSolution
		HideSolutionNode = FALSE
	EndGlobalSection
	GlobalSection(NestedProjects) = preSolution
		{9A8AA9EF-6904-43D8-8A26-0AB62069C2DC} = {53189F27-5960-4300-955F-FDF1780F02A8}
		{548D6C9B-A97B-4316-91AC-9AAD35202884} = {53189F27-5960-4300-955F-FDF1780F02A8}
		{5A731729-8E99-4930-AE77-FA3524673DA3} = {53189F27-5960-4300-955F-FDF1780F02A8}
	EndGlobalSection
	GlobalSection(MonoDevelopProperties) = preSolution
		StartupItem = GoogleApis\GoogleApis.csproj
		Policies = $0
		$0.TextStylePolicy = $2
		$1.FileWidth = 120
		$1.EolMarker = Windows
		$1.inheritsSet = VisualStudio
		$1.inheritsScope = text/plain
		$1.scope = text/plain
		$2.FileWidth = 120
		$2.EolMarker = Windows
		$2.inheritsSet = VisualStudio
		$2.inheritsScope = text/plain
		$2.scope = text/x-csharp
		$0.CSharpFormattingPolicy = $3
		$3.PropertyBraceStyle = NextLine
		$3.StatementBraceStyle = NextLine
		$3.IfElseBraceForcement = AddBraces
		$3.ForBraceForcement = AddBraces
		$3.ForEachBraceForcement = AddBraces
		$3.WhileBraceForcement = AddBraces
		$3.UsingBraceForcement = AddBraces
		$3.FixedBraceForcement = AddBraces
		$3.inheritsSet = Mono
		$3.inheritsScope = text/x-csharp
		$3.scope = text/x-csharp
	EndGlobalSection
EndGlobal
