
Microsoft Visual Studio Solution File, Format Version 12.00
# Visual Studio 15
VisualStudioVersion = 15.0.26403.7
MinimumVisualStudioVersion = 10.0.40219.1
Project("{FAE04EC0-301F-11D3-BF4B-00C04F79EFBC}") = "Google.Apis.Core", "Google.Apis.Core\Google.Apis.Core.csproj", "{556BEB88-1F3B-4EFA-B912-828C90AC3BEB}"
EndProject
Project("{FAE04EC0-301F-11D3-BF4B-00C04F79EFBC}") = "Google.Apis", "Google.Apis\Google.Apis.csproj", "{A0E0F5AA-6A5F-44A1-8DC7-0443F01C72E2}"
EndProject
Project("{FAE04EC0-301F-11D3-BF4B-00C04F79EFBC}") = "Google.Apis.Tests", "Google.Apis.Tests\Google.Apis.Tests.csproj", "{B8D261F0-4C17-4887-BBC3-CBBFDF0D5328}"
EndProject
Project("{FAE04EC0-301F-11D3-BF4B-00C04F79EFBC}") = "Google.Apis.PlatformServices", "Google.Apis.PlatformServices\Google.Apis.PlatformServices.csproj", "{44D57EC1-3859-483C-8904-4E6D14DE6115}"
EndProject
Project("{FAE04EC0-301F-11D3-BF4B-00C04F79EFBC}") = "Google.Apis.Auth", "Google.Apis.Auth\Google.Apis.Auth.csproj", "{4CBC15CC-B05F-4219-8FB3-8923D552673E}"
EndProject
Project("{FAE04EC0-301F-11D3-BF4B-00C04F79EFBC}") = "Google.Apis.Auth.PlatformServices", "Google.Apis.Auth.PlatformServices\Google.Apis.Auth.PlatformServices.csproj", "{11BB1D61-8D13-4443-9B5B-76613302BC0D}"
EndProject
Project("{FAE04EC0-301F-11D3-BF4B-00C04F79EFBC}") = "Google.Apis.Auth.Tests", "Google.Apis.Auth.Tests\Google.Apis.Auth.Tests.csproj", "{F106E24E-49F8-4D86-8CBF-9616178CA08C}"
EndProject
Project("{FAE04EC0-301F-11D3-BF4B-00C04F79EFBC}") = "IntegrationTests", "IntegrationTests\IntegrationTests.csproj", "{AB7DA6CF-0100-4941-BD4B-BEE1AA80C6AE}"
EndProject
Project("{9A19103F-16F7-4668-BE54-9A1E7A4F7556}") = "Google.Apis.Auth.Mvc", "Google.Apis.Auth.Mvc\Google.Apis.Auth.Mvc.csproj", "{22ED8B87-9A8E-4330-8011-318A85F545DD}"
EndProject
Global
	GlobalSection(SolutionConfigurationPlatforms) = preSolution
		Debug|Any CPU = Debug|Any CPU
		Release|Any CPU = Release|Any CPU
	EndGlobalSection
	GlobalSection(ProjectConfigurationPlatforms) = postSolution
		{556BEB88-1F3B-4EFA-B912-828C90AC3BEB}.Debug|Any CPU.ActiveCfg = Debug|Any CPU
		{556BEB88-1F3B-4EFA-B912-828C90AC3BEB}.Debug|Any CPU.Build.0 = Debug|Any CPU
		{556BEB88-1F3B-4EFA-B912-828C90AC3BEB}.Release|Any CPU.ActiveCfg = Release|Any CPU
		{556BEB88-1F3B-4EFA-B912-828C90AC3BEB}.Release|Any CPU.Build.0 = Release|Any CPU
		{A0E0F5AA-6A5F-44A1-8DC7-0443F01C72E2}.Debug|Any CPU.ActiveCfg = Debug|Any CPU
		{A0E0F5AA-6A5F-44A1-8DC7-0443F01C72E2}.Debug|Any CPU.Build.0 = Debug|Any CPU
		{A0E0F5AA-6A5F-44A1-8DC7-0443F01C72E2}.Release|Any CPU.ActiveCfg = Release|Any CPU
		{A0E0F5AA-6A5F-44A1-8DC7-0443F01C72E2}.Release|Any CPU.Build.0 = Release|Any CPU
		{B8D261F0-4C17-4887-BBC3-CBBFDF0D5328}.Debug|Any CPU.ActiveCfg = Debug|Any CPU
		{B8D261F0-4C17-4887-BBC3-CBBFDF0D5328}.Debug|Any CPU.Build.0 = Debug|Any CPU
		{B8D261F0-4C17-4887-BBC3-CBBFDF0D5328}.Release|Any CPU.ActiveCfg = Release|Any CPU
		{B8D261F0-4C17-4887-BBC3-CBBFDF0D5328}.Release|Any CPU.Build.0 = Release|Any CPU
		{44D57EC1-3859-483C-8904-4E6D14DE6115}.Debug|Any CPU.ActiveCfg = Debug|Any CPU
		{44D57EC1-3859-483C-8904-4E6D14DE6115}.Debug|Any CPU.Build.0 = Debug|Any CPU
		{44D57EC1-3859-483C-8904-4E6D14DE6115}.Release|Any CPU.ActiveCfg = Release|Any CPU
		{44D57EC1-3859-483C-8904-4E6D14DE6115}.Release|Any CPU.Build.0 = Release|Any CPU
		{4CBC15CC-B05F-4219-8FB3-8923D552673E}.Debug|Any CPU.ActiveCfg = Debug|Any CPU
		{4CBC15CC-B05F-4219-8FB3-8923D552673E}.Debug|Any CPU.Build.0 = Debug|Any CPU
		{4CBC15CC-B05F-4219-8FB3-8923D552673E}.Release|Any CPU.ActiveCfg = Release|Any CPU
		{4CBC15CC-B05F-4219-8FB3-8923D552673E}.Release|Any CPU.Build.0 = Release|Any CPU
		{11BB1D61-8D13-4443-9B5B-76613302BC0D}.Debug|Any CPU.ActiveCfg = Debug|Any CPU
		{11BB1D61-8D13-4443-9B5B-76613302BC0D}.Debug|Any CPU.Build.0 = Debug|Any CPU
		{11BB1D61-8D13-4443-9B5B-76613302BC0D}.Release|Any CPU.ActiveCfg = Release|Any CPU
		{11BB1D61-8D13-4443-9B5B-76613302BC0D}.Release|Any CPU.Build.0 = Release|Any CPU
		{F106E24E-49F8-4D86-8CBF-9616178CA08C}.Debug|Any CPU.ActiveCfg = Debug|Any CPU
		{F106E24E-49F8-4D86-8CBF-9616178CA08C}.Debug|Any CPU.Build.0 = Debug|Any CPU
		{F106E24E-49F8-4D86-8CBF-9616178CA08C}.Release|Any CPU.ActiveCfg = Release|Any CPU
		{F106E24E-49F8-4D86-8CBF-9616178CA08C}.Release|Any CPU.Build.0 = Release|Any CPU
		{AB7DA6CF-0100-4941-BD4B-BEE1AA80C6AE}.Debug|Any CPU.ActiveCfg = Debug|Any CPU
		{AB7DA6CF-0100-4941-BD4B-BEE1AA80C6AE}.Debug|Any CPU.Build.0 = Debug|Any CPU
		{AB7DA6CF-0100-4941-BD4B-BEE1AA80C6AE}.Release|Any CPU.ActiveCfg = Release|Any CPU
		{AB7DA6CF-0100-4941-BD4B-BEE1AA80C6AE}.Release|Any CPU.Build.0 = Release|Any CPU
		{22ED8B87-9A8E-4330-8011-318A85F545DD}.Debug|Any CPU.ActiveCfg = Debug|Any CPU
		{22ED8B87-9A8E-4330-8011-318A85F545DD}.Debug|Any CPU.Build.0 = Debug|Any CPU
		{22ED8B87-9A8E-4330-8011-318A85F545DD}.Release|Any CPU.ActiveCfg = Release|Any CPU
		{22ED8B87-9A8E-4330-8011-318A85F545DD}.Release|Any CPU.Build.0 = Release|Any CPU
	EndGlobalSection
	GlobalSection(SolutionProperties) = preSolution
		HideSolutionNode = FALSE
	EndGlobalSection
EndGlobal
