
Microsoft Visual Studio Solution File, Format Version 11.00
# Visual Studio 2010
Project("{FAE04EC0-301F-11D3-BF4B-00C04F79EFBC}") = "ListServices", "ListServices\ListServices.csproj", "{BF7C37A7-6CDA-435F-A96A-8A13432B9237}"
EndProject
Project("{FAE04EC0-301F-11D3-BF4B-00C04F79EFBC}") = "GoogleApis", "..\Src\GoogleApis\GoogleApis.csproj", "{CBB5E638-F8D5-48DB-93BE-5A7CDD7ED107}"
EndProject
Project("{FAE04EC0-301F-11D3-BF4B-00C04F79EFBC}") = "GoogleApis.Tools.CodeGen", "..\Src\GoogleApis.Tools.CodeGen\GoogleApis.Tools.CodeGen.csproj", "{22F162B0-DC09-4F3B-935C-D1FAF2367032}"
EndProject
Project("{FAE04EC0-301F-11D3-BF4B-00C04F79EFBC}") = "CmdServiceGenerator", "ServiceGenerator\CmdServiceGenerator.csproj", "{539CFFAA-70D1-4620-B717-DFF5081819D4}"
EndProject
Project("{FAE04EC0-301F-11D3-BF4B-00C04F79EFBC}") = "SampleHelper", "SampleHelper\SampleHelper.csproj", "{08079AFF-9A91-4387-8792-C731D18D4373}"
EndProject
Project("{FAE04EC0-301F-11D3-BF4B-00C04F79EFBC}") = "TestProject", "TestProject\TestProject.csproj", "{AEC328B8-E2D4-4C8B-AB23-D1D360AD40EF}"
EndProject
Project("{FAE04EC0-301F-11D3-BF4B-00C04F79EFBC}") = "CmdUrlShortener", "CmdUrlShortener\CmdUrlShortener.csproj", "{7FA90B5E-2146-49BF-8ED9-E35E05A52020}"
EndProject
Global
	GlobalSection(SolutionConfigurationPlatforms) = preSolution
		Debug|Any CPU = Debug|Any CPU
		Debug|Mixed Platforms = Debug|Mixed Platforms
		Debug|x86 = Debug|x86
		Release|Any CPU = Release|Any CPU
		Release|Mixed Platforms = Release|Mixed Platforms
		Release|x86 = Release|x86
	EndGlobalSection
	GlobalSection(ProjectConfigurationPlatforms) = postSolution
		{BF7C37A7-6CDA-435F-A96A-8A13432B9237}.Debug|Any CPU.ActiveCfg = Debug|Any CPU
		{BF7C37A7-6CDA-435F-A96A-8A13432B9237}.Debug|Any CPU.Build.0 = Debug|Any CPU
		{BF7C37A7-6CDA-435F-A96A-8A13432B9237}.Debug|Mixed Platforms.ActiveCfg = Debug|Any CPU
		{BF7C37A7-6CDA-435F-A96A-8A13432B9237}.Debug|Mixed Platforms.Build.0 = Debug|Any CPU
		{BF7C37A7-6CDA-435F-A96A-8A13432B9237}.Debug|x86.ActiveCfg = Debug|Any CPU
		{BF7C37A7-6CDA-435F-A96A-8A13432B9237}.Debug|x86.Build.0 = Debug|Any CPU
		{BF7C37A7-6CDA-435F-A96A-8A13432B9237}.Release|Any CPU.ActiveCfg = Release|Any CPU
		{BF7C37A7-6CDA-435F-A96A-8A13432B9237}.Release|Any CPU.Build.0 = Release|Any CPU
		{BF7C37A7-6CDA-435F-A96A-8A13432B9237}.Release|Mixed Platforms.ActiveCfg = Release|Any CPU
		{BF7C37A7-6CDA-435F-A96A-8A13432B9237}.Release|Mixed Platforms.Build.0 = Release|Any CPU
		{BF7C37A7-6CDA-435F-A96A-8A13432B9237}.Release|x86.ActiveCfg = Release|Any CPU
		{BF7C37A7-6CDA-435F-A96A-8A13432B9237}.Release|x86.Build.0 = Release|Any CPU
		{CBB5E638-F8D5-48DB-93BE-5A7CDD7ED107}.Debug|Any CPU.ActiveCfg = Debug|Any CPU
		{CBB5E638-F8D5-48DB-93BE-5A7CDD7ED107}.Debug|Any CPU.Build.0 = Debug|Any CPU
		{CBB5E638-F8D5-48DB-93BE-5A7CDD7ED107}.Debug|Mixed Platforms.ActiveCfg = Debug|Any CPU
		{CBB5E638-F8D5-48DB-93BE-5A7CDD7ED107}.Debug|Mixed Platforms.Build.0 = Debug|Any CPU
		{CBB5E638-F8D5-48DB-93BE-5A7CDD7ED107}.Debug|x86.ActiveCfg = Debug|Any CPU
		{CBB5E638-F8D5-48DB-93BE-5A7CDD7ED107}.Release|Any CPU.ActiveCfg = Release|Any CPU
		{CBB5E638-F8D5-48DB-93BE-5A7CDD7ED107}.Release|Any CPU.Build.0 = Release|Any CPU
		{CBB5E638-F8D5-48DB-93BE-5A7CDD7ED107}.Release|Mixed Platforms.ActiveCfg = Release|Any CPU
		{CBB5E638-F8D5-48DB-93BE-5A7CDD7ED107}.Release|Mixed Platforms.Build.0 = Release|Any CPU
		{CBB5E638-F8D5-48DB-93BE-5A7CDD7ED107}.Release|x86.ActiveCfg = Release|Any CPU
		{22F162B0-DC09-4F3B-935C-D1FAF2367032}.Debug|Any CPU.ActiveCfg = Debug|Any CPU
		{22F162B0-DC09-4F3B-935C-D1FAF2367032}.Debug|Any CPU.Build.0 = Debug|Any CPU
		{22F162B0-DC09-4F3B-935C-D1FAF2367032}.Debug|Mixed Platforms.ActiveCfg = Debug|Any CPU
		{22F162B0-DC09-4F3B-935C-D1FAF2367032}.Debug|Mixed Platforms.Build.0 = Debug|Any CPU
		{22F162B0-DC09-4F3B-935C-D1FAF2367032}.Debug|x86.ActiveCfg = Debug|Any CPU
		{22F162B0-DC09-4F3B-935C-D1FAF2367032}.Release|Any CPU.ActiveCfg = Release|Any CPU
		{22F162B0-DC09-4F3B-935C-D1FAF2367032}.Release|Any CPU.Build.0 = Release|Any CPU
		{22F162B0-DC09-4F3B-935C-D1FAF2367032}.Release|Mixed Platforms.ActiveCfg = Release|Any CPU
		{22F162B0-DC09-4F3B-935C-D1FAF2367032}.Release|Mixed Platforms.Build.0 = Release|Any CPU
		{22F162B0-DC09-4F3B-935C-D1FAF2367032}.Release|x86.ActiveCfg = Release|Any CPU
		{539CFFAA-70D1-4620-B717-DFF5081819D4}.Debug|Any CPU.ActiveCfg = Debug|x86
		{539CFFAA-70D1-4620-B717-DFF5081819D4}.Debug|Mixed Platforms.ActiveCfg = Debug|x86
		{539CFFAA-70D1-4620-B717-DFF5081819D4}.Debug|Mixed Platforms.Build.0 = Debug|x86
		{539CFFAA-70D1-4620-B717-DFF5081819D4}.Debug|x86.ActiveCfg = Debug|x86
		{539CFFAA-70D1-4620-B717-DFF5081819D4}.Debug|x86.Build.0 = Debug|x86
		{539CFFAA-70D1-4620-B717-DFF5081819D4}.Release|Any CPU.ActiveCfg = Release|x86
		{539CFFAA-70D1-4620-B717-DFF5081819D4}.Release|Mixed Platforms.ActiveCfg = Release|x86
		{539CFFAA-70D1-4620-B717-DFF5081819D4}.Release|Mixed Platforms.Build.0 = Release|x86
		{539CFFAA-70D1-4620-B717-DFF5081819D4}.Release|x86.ActiveCfg = Release|x86
		{539CFFAA-70D1-4620-B717-DFF5081819D4}.Release|x86.Build.0 = Release|x86
		{08079AFF-9A91-4387-8792-C731D18D4373}.Debug|Any CPU.ActiveCfg = Debug|Any CPU
		{08079AFF-9A91-4387-8792-C731D18D4373}.Debug|Any CPU.Build.0 = Debug|Any CPU
		{08079AFF-9A91-4387-8792-C731D18D4373}.Debug|Mixed Platforms.ActiveCfg = Debug|Any CPU
		{08079AFF-9A91-4387-8792-C731D18D4373}.Debug|Mixed Platforms.Build.0 = Debug|Any CPU
		{08079AFF-9A91-4387-8792-C731D18D4373}.Debug|x86.ActiveCfg = Debug|Any CPU
		{08079AFF-9A91-4387-8792-C731D18D4373}.Release|Any CPU.ActiveCfg = Release|Any CPU
		{08079AFF-9A91-4387-8792-C731D18D4373}.Release|Any CPU.Build.0 = Release|Any CPU
		{08079AFF-9A91-4387-8792-C731D18D4373}.Release|Mixed Platforms.ActiveCfg = Release|Any CPU
		{08079AFF-9A91-4387-8792-C731D18D4373}.Release|Mixed Platforms.Build.0 = Release|Any CPU
		{08079AFF-9A91-4387-8792-C731D18D4373}.Release|x86.ActiveCfg = Release|Any CPU
		{AEC328B8-E2D4-4C8B-AB23-D1D360AD40EF}.Debug|Any CPU.ActiveCfg = Debug|x86
		{AEC328B8-E2D4-4C8B-AB23-D1D360AD40EF}.Debug|Mixed Platforms.ActiveCfg = Debug|x86
		{AEC328B8-E2D4-4C8B-AB23-D1D360AD40EF}.Debug|Mixed Platforms.Build.0 = Debug|x86
		{AEC328B8-E2D4-4C8B-AB23-D1D360AD40EF}.Debug|x86.ActiveCfg = Debug|x86
		{AEC328B8-E2D4-4C8B-AB23-D1D360AD40EF}.Debug|x86.Build.0 = Debug|x86
		{AEC328B8-E2D4-4C8B-AB23-D1D360AD40EF}.Release|Any CPU.ActiveCfg = Release|x86
		{AEC328B8-E2D4-4C8B-AB23-D1D360AD40EF}.Release|Mixed Platforms.ActiveCfg = Release|x86
		{AEC328B8-E2D4-4C8B-AB23-D1D360AD40EF}.Release|Mixed Platforms.Build.0 = Release|x86
		{AEC328B8-E2D4-4C8B-AB23-D1D360AD40EF}.Release|x86.ActiveCfg = Release|x86
		{AEC328B8-E2D4-4C8B-AB23-D1D360AD40EF}.Release|x86.Build.0 = Release|x86
		{7FA90B5E-2146-49BF-8ED9-E35E05A52020}.Debug|Any CPU.ActiveCfg = Debug|x86
		{7FA90B5E-2146-49BF-8ED9-E35E05A52020}.Debug|Mixed Platforms.ActiveCfg = Debug|x86
		{7FA90B5E-2146-49BF-8ED9-E35E05A52020}.Debug|Mixed Platforms.Build.0 = Debug|x86
		{7FA90B5E-2146-49BF-8ED9-E35E05A52020}.Debug|x86.ActiveCfg = Debug|x86
		{7FA90B5E-2146-49BF-8ED9-E35E05A52020}.Debug|x86.Build.0 = Debug|x86
		{7FA90B5E-2146-49BF-8ED9-E35E05A52020}.Release|Any CPU.ActiveCfg = Release|x86
		{7FA90B5E-2146-49BF-8ED9-E35E05A52020}.Release|Mixed Platforms.ActiveCfg = Release|x86
		{7FA90B5E-2146-49BF-8ED9-E35E05A52020}.Release|Mixed Platforms.Build.0 = Release|x86
		{7FA90B5E-2146-49BF-8ED9-E35E05A52020}.Release|x86.ActiveCfg = Release|x86
		{7FA90B5E-2146-49BF-8ED9-E35E05A52020}.Release|x86.Build.0 = Release|x86
	EndGlobalSection
	GlobalSection(SolutionProperties) = preSolution
		HideSolutionNode = FALSE
	EndGlobalSection
	GlobalSection(MonoDevelopProperties) = preSolution
		StartupItem = CommandLineServiceGenerator\CommandLineServiceGenerator.csproj
	EndGlobalSection
EndGlobal
