
Microsoft Visual Studio Solution File, Format Version 11.00
# Visual Studio 2010
Project("{FAE04EC0-301F-11D3-BF4B-00C04F79EFBC}") = "CommandLine", "CommandLine\CommandLine.csproj", "{907A00DF-BB9F-4B4C-800F-C5BCA3E3FA60}"
EndProject
Project("{FAE04EC0-301F-11D3-BF4B-00C04F79EFBC}") = "ListServices", "ListServices\ListServices.csproj", "{BF7C37A7-6CDA-435F-A96A-8A13432B9237}"
EndProject
Project("{FAE04EC0-301F-11D3-BF4B-00C04F79EFBC}") = "CommandLineGeneratedService", "CommandLineGeneratedService\CommandLineGeneratedService.csproj", "{ABE4D1B8-DB81-4025-AA5D-CC6741935A20}"
EndProject
Project("{FAE04EC0-301F-11D3-BF4B-00C04F79EFBC}") = "CommandLineServiceGenerator", "CommandLineServiceGenerator\CommandLineServiceGenerator.csproj", "{28AA3D0D-94E7-45A7-8575-50208AD5F6AA}"
EndProject
Project("{FAE04EC0-301F-11D3-BF4B-00C04F79EFBC}") = "Google.Apis.Samples.AdSenseApi", "AdSenseApi\Google.Apis.Samples.AdSenseApi.csproj", "{3883D960-3BE4-466E-81DE-6BE6930797AC}"
EndProject
Project("{FAE04EC0-301F-11D3-BF4B-00C04F79EFBC}") = "ApiExplorerLib", "ApiExplorerLib\ApiExplorerLib.csproj", "{DFAD1F98-F149-443F-A76F-3AAEBCEB4365}"
EndProject
Project("{FAE04EC0-301F-11D3-BF4B-00C04F79EFBC}") = "ApiExplorerWeb", "ApiExplorerWeb\ApiExplorerWeb.csproj", "{431931EF-66A2-4C13-B447-A33A83C76A16}"
EndProject
Project("{FAE04EC0-301F-11D3-BF4B-00C04F79EFBC}") = "ApiExplorerWinForm", "ApiExplorerWinForm\ApiExplorerWinForm.csproj", "{9EC86820-FEBA-4552-BF0A-ACBB13FFBE53}"
EndProject
Project("{FAE04EC0-301F-11D3-BF4B-00C04F79EFBC}") = "GoogleApis", "..\Src\GoogleApis\GoogleApis.csproj", "{CBB5E638-F8D5-48DB-93BE-5A7CDD7ED107}"
EndProject
Project("{FAE04EC0-301F-11D3-BF4B-00C04F79EFBC}") = "GoogleApis.Tools.CodeGen", "..\Src\GoogleApis.Tools.CodeGen\GoogleApis.Tools.CodeGen.csproj", "{22F162B0-DC09-4F3B-935C-D1FAF2367032}"
EndProject
Global
	GlobalSection(SolutionConfigurationPlatforms) = preSolution
		CodeAnalysis|Any CPU = CodeAnalysis|Any CPU
		CodeAnalysis|Mixed Platforms = CodeAnalysis|Mixed Platforms
		CodeAnalysis|x86 = CodeAnalysis|x86
		Debug|Any CPU = Debug|Any CPU
		Debug|Mixed Platforms = Debug|Mixed Platforms
		Debug|x86 = Debug|x86
		Release|Any CPU = Release|Any CPU
		Release|Mixed Platforms = Release|Mixed Platforms
		Release|x86 = Release|x86
		ReleaseNoUI|Any CPU = ReleaseNoUI|Any CPU
		ReleaseNoUI|Mixed Platforms = ReleaseNoUI|Mixed Platforms
		ReleaseNoUI|x86 = ReleaseNoUI|x86
	EndGlobalSection
	GlobalSection(ProjectConfigurationPlatforms) = postSolution
		{907A00DF-BB9F-4B4C-800F-C5BCA3E3FA60}.CodeAnalysis|Any CPU.ActiveCfg = Release|Any CPU
		{907A00DF-BB9F-4B4C-800F-C5BCA3E3FA60}.CodeAnalysis|Any CPU.Build.0 = Release|Any CPU
		{907A00DF-BB9F-4B4C-800F-C5BCA3E3FA60}.CodeAnalysis|Mixed Platforms.ActiveCfg = Release|Any CPU
		{907A00DF-BB9F-4B4C-800F-C5BCA3E3FA60}.CodeAnalysis|Mixed Platforms.Build.0 = Release|Any CPU
		{907A00DF-BB9F-4B4C-800F-C5BCA3E3FA60}.CodeAnalysis|x86.ActiveCfg = Release|Any CPU
		{907A00DF-BB9F-4B4C-800F-C5BCA3E3FA60}.Debug|Any CPU.ActiveCfg = Debug|Any CPU
		{907A00DF-BB9F-4B4C-800F-C5BCA3E3FA60}.Debug|Any CPU.Build.0 = Debug|Any CPU
		{907A00DF-BB9F-4B4C-800F-C5BCA3E3FA60}.Debug|Mixed Platforms.ActiveCfg = Debug|Any CPU
		{907A00DF-BB9F-4B4C-800F-C5BCA3E3FA60}.Debug|Mixed Platforms.Build.0 = Debug|Any CPU
		{907A00DF-BB9F-4B4C-800F-C5BCA3E3FA60}.Debug|x86.ActiveCfg = Debug|Any CPU
		{907A00DF-BB9F-4B4C-800F-C5BCA3E3FA60}.Debug|x86.Build.0 = Debug|Any CPU
		{907A00DF-BB9F-4B4C-800F-C5BCA3E3FA60}.Release|Any CPU.ActiveCfg = Release|Any CPU
		{907A00DF-BB9F-4B4C-800F-C5BCA3E3FA60}.Release|Any CPU.Build.0 = Release|Any CPU
		{907A00DF-BB9F-4B4C-800F-C5BCA3E3FA60}.Release|Mixed Platforms.ActiveCfg = Release|Any CPU
		{907A00DF-BB9F-4B4C-800F-C5BCA3E3FA60}.Release|Mixed Platforms.Build.0 = Release|Any CPU
		{907A00DF-BB9F-4B4C-800F-C5BCA3E3FA60}.Release|x86.ActiveCfg = Release|Any CPU
		{907A00DF-BB9F-4B4C-800F-C5BCA3E3FA60}.Release|x86.Build.0 = Release|Any CPU
		{907A00DF-BB9F-4B4C-800F-C5BCA3E3FA60}.ReleaseNoUI|Any CPU.ActiveCfg = Release|Any CPU
		{907A00DF-BB9F-4B4C-800F-C5BCA3E3FA60}.ReleaseNoUI|Any CPU.Build.0 = Release|Any CPU
		{907A00DF-BB9F-4B4C-800F-C5BCA3E3FA60}.ReleaseNoUI|Mixed Platforms.ActiveCfg = Release|Any CPU
		{907A00DF-BB9F-4B4C-800F-C5BCA3E3FA60}.ReleaseNoUI|Mixed Platforms.Build.0 = Release|Any CPU
		{907A00DF-BB9F-4B4C-800F-C5BCA3E3FA60}.ReleaseNoUI|x86.ActiveCfg = Release|Any CPU
		{BF7C37A7-6CDA-435F-A96A-8A13432B9237}.CodeAnalysis|Any CPU.ActiveCfg = Release|Any CPU
		{BF7C37A7-6CDA-435F-A96A-8A13432B9237}.CodeAnalysis|Any CPU.Build.0 = Release|Any CPU
		{BF7C37A7-6CDA-435F-A96A-8A13432B9237}.CodeAnalysis|Mixed Platforms.ActiveCfg = Release|Any CPU
		{BF7C37A7-6CDA-435F-A96A-8A13432B9237}.CodeAnalysis|Mixed Platforms.Build.0 = Release|Any CPU
		{BF7C37A7-6CDA-435F-A96A-8A13432B9237}.CodeAnalysis|x86.ActiveCfg = Release|Any CPU
		{BF7C37A7-6CDA-435F-A96A-8A13432B9237}.Debug|Any CPU.ActiveCfg = Debug|Any CPU
		{BF7C37A7-6CDA-435F-A96A-8A13432B9237}.Debug|Any CPU.Build.0 = Debug|Any CPU
		{BF7C37A7-6CDA-435F-A96A-8A13432B9237}.Debug|Mixed Platforms.ActiveCfg = Debug|Any CPU
		{BF7C37A7-6CDA-435F-A96A-8A13432B9237}.Debug|Mixed Platforms.Build.0 = Debug|Any CPU
		{BF7C37A7-6CDA-435F-A96A-8A13432B9237}.Debug|x86.ActiveCfg = Debug|Any CPU
		{BF7C37A7-6CDA-435F-A96A-8A13432B9237}.Debug|x86.Build.0 = Debug|Any CPU
		{BF7C37A7-6CDA-435F-A96A-8A13432B9237}.Release|Any CPU.ActiveCfg = Release|Any CPU
		{BF7C37A7-6CDA-435F-A96A-8A13432B9237}.Release|Any CPU.Build.0 = Release|Any CPU
		{BF7C37A7-6CDA-435F-A96A-8A13432B9237}.Release|Mixed Platforms.ActiveCfg = Release|Any CPU
		{BF7C37A7-6CDA-435F-A96A-8A13432B9237}.Release|Mixed Platforms.Build.0 = Release|Any CPU
		{BF7C37A7-6CDA-435F-A96A-8A13432B9237}.Release|x86.ActiveCfg = Release|Any CPU
		{BF7C37A7-6CDA-435F-A96A-8A13432B9237}.Release|x86.Build.0 = Release|Any CPU
		{BF7C37A7-6CDA-435F-A96A-8A13432B9237}.ReleaseNoUI|Any CPU.ActiveCfg = Release|Any CPU
		{BF7C37A7-6CDA-435F-A96A-8A13432B9237}.ReleaseNoUI|Any CPU.Build.0 = Release|Any CPU
		{BF7C37A7-6CDA-435F-A96A-8A13432B9237}.ReleaseNoUI|Mixed Platforms.ActiveCfg = Release|Any CPU
		{BF7C37A7-6CDA-435F-A96A-8A13432B9237}.ReleaseNoUI|Mixed Platforms.Build.0 = Release|Any CPU
		{BF7C37A7-6CDA-435F-A96A-8A13432B9237}.ReleaseNoUI|x86.ActiveCfg = Release|Any CPU
		{ABE4D1B8-DB81-4025-AA5D-CC6741935A20}.CodeAnalysis|Any CPU.ActiveCfg = Release|x86
		{ABE4D1B8-DB81-4025-AA5D-CC6741935A20}.CodeAnalysis|Mixed Platforms.ActiveCfg = Release|x86
		{ABE4D1B8-DB81-4025-AA5D-CC6741935A20}.CodeAnalysis|Mixed Platforms.Build.0 = Release|x86
		{ABE4D1B8-DB81-4025-AA5D-CC6741935A20}.CodeAnalysis|x86.ActiveCfg = Release|x86
		{ABE4D1B8-DB81-4025-AA5D-CC6741935A20}.CodeAnalysis|x86.Build.0 = Release|x86
		{ABE4D1B8-DB81-4025-AA5D-CC6741935A20}.Debug|Any CPU.ActiveCfg = Debug|x86
		{ABE4D1B8-DB81-4025-AA5D-CC6741935A20}.Debug|Mixed Platforms.ActiveCfg = Debug|x86
		{ABE4D1B8-DB81-4025-AA5D-CC6741935A20}.Debug|Mixed Platforms.Build.0 = Debug|x86
		{ABE4D1B8-DB81-4025-AA5D-CC6741935A20}.Debug|x86.ActiveCfg = Debug|x86
		{ABE4D1B8-DB81-4025-AA5D-CC6741935A20}.Debug|x86.Build.0 = Debug|x86
		{ABE4D1B8-DB81-4025-AA5D-CC6741935A20}.Release|Any CPU.ActiveCfg = Release|x86
		{ABE4D1B8-DB81-4025-AA5D-CC6741935A20}.Release|Mixed Platforms.ActiveCfg = Release|x86
		{ABE4D1B8-DB81-4025-AA5D-CC6741935A20}.Release|Mixed Platforms.Build.0 = Release|x86
		{ABE4D1B8-DB81-4025-AA5D-CC6741935A20}.Release|x86.ActiveCfg = Release|x86
		{ABE4D1B8-DB81-4025-AA5D-CC6741935A20}.Release|x86.Build.0 = Release|x86
		{ABE4D1B8-DB81-4025-AA5D-CC6741935A20}.ReleaseNoUI|Any CPU.ActiveCfg = Release|x86
		{ABE4D1B8-DB81-4025-AA5D-CC6741935A20}.ReleaseNoUI|Mixed Platforms.ActiveCfg = Release|x86
		{ABE4D1B8-DB81-4025-AA5D-CC6741935A20}.ReleaseNoUI|Mixed Platforms.Build.0 = Release|x86
		{ABE4D1B8-DB81-4025-AA5D-CC6741935A20}.ReleaseNoUI|x86.ActiveCfg = Release|x86
		{ABE4D1B8-DB81-4025-AA5D-CC6741935A20}.ReleaseNoUI|x86.Build.0 = Release|x86
		{28AA3D0D-94E7-45A7-8575-50208AD5F6AA}.CodeAnalysis|Any CPU.ActiveCfg = Release|x86
		{28AA3D0D-94E7-45A7-8575-50208AD5F6AA}.CodeAnalysis|Mixed Platforms.ActiveCfg = Release|x86
		{28AA3D0D-94E7-45A7-8575-50208AD5F6AA}.CodeAnalysis|Mixed Platforms.Build.0 = Release|x86
		{28AA3D0D-94E7-45A7-8575-50208AD5F6AA}.CodeAnalysis|x86.ActiveCfg = Release|x86
		{28AA3D0D-94E7-45A7-8575-50208AD5F6AA}.CodeAnalysis|x86.Build.0 = Release|x86
		{28AA3D0D-94E7-45A7-8575-50208AD5F6AA}.Debug|Any CPU.ActiveCfg = Debug|x86
		{28AA3D0D-94E7-45A7-8575-50208AD5F6AA}.Debug|Mixed Platforms.ActiveCfg = Debug|x86
		{28AA3D0D-94E7-45A7-8575-50208AD5F6AA}.Debug|Mixed Platforms.Build.0 = Debug|x86
		{28AA3D0D-94E7-45A7-8575-50208AD5F6AA}.Debug|x86.ActiveCfg = Debug|x86
		{28AA3D0D-94E7-45A7-8575-50208AD5F6AA}.Debug|x86.Build.0 = Debug|x86
		{28AA3D0D-94E7-45A7-8575-50208AD5F6AA}.Release|Any CPU.ActiveCfg = Release|x86
		{28AA3D0D-94E7-45A7-8575-50208AD5F6AA}.Release|Mixed Platforms.ActiveCfg = Release|x86
		{28AA3D0D-94E7-45A7-8575-50208AD5F6AA}.Release|Mixed Platforms.Build.0 = Release|x86
		{28AA3D0D-94E7-45A7-8575-50208AD5F6AA}.Release|x86.ActiveCfg = Release|x86
		{28AA3D0D-94E7-45A7-8575-50208AD5F6AA}.Release|x86.Build.0 = Release|x86
		{28AA3D0D-94E7-45A7-8575-50208AD5F6AA}.ReleaseNoUI|Any CPU.ActiveCfg = Release|x86
		{28AA3D0D-94E7-45A7-8575-50208AD5F6AA}.ReleaseNoUI|Mixed Platforms.ActiveCfg = Release|x86
		{28AA3D0D-94E7-45A7-8575-50208AD5F6AA}.ReleaseNoUI|Mixed Platforms.Build.0 = Release|x86
		{28AA3D0D-94E7-45A7-8575-50208AD5F6AA}.ReleaseNoUI|x86.ActiveCfg = Release|x86
		{28AA3D0D-94E7-45A7-8575-50208AD5F6AA}.ReleaseNoUI|x86.Build.0 = Release|x86
		{3883D960-3BE4-466E-81DE-6BE6930797AC}.CodeAnalysis|Any CPU.ActiveCfg = Release|Any CPU
		{3883D960-3BE4-466E-81DE-6BE6930797AC}.CodeAnalysis|Any CPU.Build.0 = Release|Any CPU
		{3883D960-3BE4-466E-81DE-6BE6930797AC}.CodeAnalysis|Mixed Platforms.ActiveCfg = Release|Any CPU
		{3883D960-3BE4-466E-81DE-6BE6930797AC}.CodeAnalysis|Mixed Platforms.Build.0 = Release|Any CPU
		{3883D960-3BE4-466E-81DE-6BE6930797AC}.CodeAnalysis|x86.ActiveCfg = Release|Any CPU
		{3883D960-3BE4-466E-81DE-6BE6930797AC}.Debug|Any CPU.ActiveCfg = Debug|Any CPU
		{3883D960-3BE4-466E-81DE-6BE6930797AC}.Debug|Any CPU.Build.0 = Debug|Any CPU
		{3883D960-3BE4-466E-81DE-6BE6930797AC}.Debug|Mixed Platforms.ActiveCfg = Debug|Any CPU
		{3883D960-3BE4-466E-81DE-6BE6930797AC}.Debug|Mixed Platforms.Build.0 = Debug|Any CPU
		{3883D960-3BE4-466E-81DE-6BE6930797AC}.Debug|x86.ActiveCfg = Debug|Any CPU
		{3883D960-3BE4-466E-81DE-6BE6930797AC}.Debug|x86.Build.0 = Debug|Any CPU
		{3883D960-3BE4-466E-81DE-6BE6930797AC}.Release|Any CPU.ActiveCfg = Release|Any CPU
		{3883D960-3BE4-466E-81DE-6BE6930797AC}.Release|Any CPU.Build.0 = Release|Any CPU
		{3883D960-3BE4-466E-81DE-6BE6930797AC}.Release|Mixed Platforms.ActiveCfg = Release|Any CPU
		{3883D960-3BE4-466E-81DE-6BE6930797AC}.Release|Mixed Platforms.Build.0 = Release|Any CPU
		{3883D960-3BE4-466E-81DE-6BE6930797AC}.Release|x86.ActiveCfg = Release|Any CPU
		{3883D960-3BE4-466E-81DE-6BE6930797AC}.Release|x86.Build.0 = Release|Any CPU
		{3883D960-3BE4-466E-81DE-6BE6930797AC}.ReleaseNoUI|Any CPU.ActiveCfg = Release|Any CPU
		{3883D960-3BE4-466E-81DE-6BE6930797AC}.ReleaseNoUI|Any CPU.Build.0 = Release|Any CPU
		{3883D960-3BE4-466E-81DE-6BE6930797AC}.ReleaseNoUI|Mixed Platforms.ActiveCfg = Release|Any CPU
		{3883D960-3BE4-466E-81DE-6BE6930797AC}.ReleaseNoUI|Mixed Platforms.Build.0 = Release|Any CPU
		{3883D960-3BE4-466E-81DE-6BE6930797AC}.ReleaseNoUI|x86.ActiveCfg = Release|Any CPU
		{DFAD1F98-F149-443F-A76F-3AAEBCEB4365}.CodeAnalysis|Any CPU.ActiveCfg = Release|Any CPU
		{DFAD1F98-F149-443F-A76F-3AAEBCEB4365}.CodeAnalysis|Any CPU.Build.0 = Release|Any CPU
		{DFAD1F98-F149-443F-A76F-3AAEBCEB4365}.CodeAnalysis|Mixed Platforms.ActiveCfg = Release|Any CPU
		{DFAD1F98-F149-443F-A76F-3AAEBCEB4365}.CodeAnalysis|Mixed Platforms.Build.0 = Release|Any CPU
		{DFAD1F98-F149-443F-A76F-3AAEBCEB4365}.CodeAnalysis|x86.ActiveCfg = Release|Any CPU
		{DFAD1F98-F149-443F-A76F-3AAEBCEB4365}.Debug|Any CPU.ActiveCfg = Debug|Any CPU
		{DFAD1F98-F149-443F-A76F-3AAEBCEB4365}.Debug|Any CPU.Build.0 = Debug|Any CPU
		{DFAD1F98-F149-443F-A76F-3AAEBCEB4365}.Debug|Mixed Platforms.ActiveCfg = Debug|Any CPU
		{DFAD1F98-F149-443F-A76F-3AAEBCEB4365}.Debug|Mixed Platforms.Build.0 = Debug|Any CPU
		{DFAD1F98-F149-443F-A76F-3AAEBCEB4365}.Debug|x86.ActiveCfg = Debug|Any CPU
		{DFAD1F98-F149-443F-A76F-3AAEBCEB4365}.Release|Any CPU.ActiveCfg = Release|Any CPU
		{DFAD1F98-F149-443F-A76F-3AAEBCEB4365}.Release|Any CPU.Build.0 = Release|Any CPU
		{DFAD1F98-F149-443F-A76F-3AAEBCEB4365}.Release|Mixed Platforms.ActiveCfg = Release|Any CPU
		{DFAD1F98-F149-443F-A76F-3AAEBCEB4365}.Release|Mixed Platforms.Build.0 = Release|Any CPU
		{DFAD1F98-F149-443F-A76F-3AAEBCEB4365}.Release|x86.ActiveCfg = Release|Any CPU
		{DFAD1F98-F149-443F-A76F-3AAEBCEB4365}.ReleaseNoUI|Any CPU.ActiveCfg = Release|Any CPU
		{DFAD1F98-F149-443F-A76F-3AAEBCEB4365}.ReleaseNoUI|Any CPU.Build.0 = Release|Any CPU
		{DFAD1F98-F149-443F-A76F-3AAEBCEB4365}.ReleaseNoUI|Mixed Platforms.ActiveCfg = Release|Any CPU
		{DFAD1F98-F149-443F-A76F-3AAEBCEB4365}.ReleaseNoUI|Mixed Platforms.Build.0 = Release|Any CPU
		{DFAD1F98-F149-443F-A76F-3AAEBCEB4365}.ReleaseNoUI|x86.ActiveCfg = Release|Any CPU
		{431931EF-66A2-4C13-B447-A33A83C76A16}.CodeAnalysis|Any CPU.ActiveCfg = Release|Any CPU
		{431931EF-66A2-4C13-B447-A33A83C76A16}.CodeAnalysis|Any CPU.Build.0 = Release|Any CPU
		{431931EF-66A2-4C13-B447-A33A83C76A16}.CodeAnalysis|Mixed Platforms.ActiveCfg = Release|Any CPU
		{431931EF-66A2-4C13-B447-A33A83C76A16}.CodeAnalysis|Mixed Platforms.Build.0 = Release|Any CPU
		{431931EF-66A2-4C13-B447-A33A83C76A16}.CodeAnalysis|x86.ActiveCfg = Release|Any CPU
		{431931EF-66A2-4C13-B447-A33A83C76A16}.Debug|Any CPU.ActiveCfg = Debug|Any CPU
		{431931EF-66A2-4C13-B447-A33A83C76A16}.Debug|Any CPU.Build.0 = Debug|Any CPU
		{431931EF-66A2-4C13-B447-A33A83C76A16}.Debug|Mixed Platforms.ActiveCfg = Debug|Any CPU
		{431931EF-66A2-4C13-B447-A33A83C76A16}.Debug|Mixed Platforms.Build.0 = Debug|Any CPU
		{431931EF-66A2-4C13-B447-A33A83C76A16}.Debug|x86.ActiveCfg = Debug|Any CPU
		{431931EF-66A2-4C13-B447-A33A83C76A16}.Release|Any CPU.ActiveCfg = Release|Any CPU
		{431931EF-66A2-4C13-B447-A33A83C76A16}.Release|Any CPU.Build.0 = Release|Any CPU
		{431931EF-66A2-4C13-B447-A33A83C76A16}.Release|Mixed Platforms.ActiveCfg = Release|Any CPU
		{431931EF-66A2-4C13-B447-A33A83C76A16}.Release|Mixed Platforms.Build.0 = Release|Any CPU
		{431931EF-66A2-4C13-B447-A33A83C76A16}.Release|x86.ActiveCfg = Release|Any CPU
		{431931EF-66A2-4C13-B447-A33A83C76A16}.ReleaseNoUI|Any CPU.ActiveCfg = Release|Any CPU
		{431931EF-66A2-4C13-B447-A33A83C76A16}.ReleaseNoUI|Any CPU.Build.0 = Release|Any CPU
		{431931EF-66A2-4C13-B447-A33A83C76A16}.ReleaseNoUI|Mixed Platforms.ActiveCfg = Release|Any CPU
		{431931EF-66A2-4C13-B447-A33A83C76A16}.ReleaseNoUI|Mixed Platforms.Build.0 = Release|Any CPU
		{431931EF-66A2-4C13-B447-A33A83C76A16}.ReleaseNoUI|x86.ActiveCfg = Release|Any CPU
		{9EC86820-FEBA-4552-BF0A-ACBB13FFBE53}.CodeAnalysis|Any CPU.ActiveCfg = Release|Any CPU
		{9EC86820-FEBA-4552-BF0A-ACBB13FFBE53}.CodeAnalysis|Any CPU.Build.0 = Release|Any CPU
		{9EC86820-FEBA-4552-BF0A-ACBB13FFBE53}.CodeAnalysis|Mixed Platforms.ActiveCfg = Release|Any CPU
		{9EC86820-FEBA-4552-BF0A-ACBB13FFBE53}.CodeAnalysis|Mixed Platforms.Build.0 = Release|Any CPU
		{9EC86820-FEBA-4552-BF0A-ACBB13FFBE53}.CodeAnalysis|x86.ActiveCfg = Release|Any CPU
		{9EC86820-FEBA-4552-BF0A-ACBB13FFBE53}.Debug|Any CPU.ActiveCfg = Debug|Any CPU
		{9EC86820-FEBA-4552-BF0A-ACBB13FFBE53}.Debug|Any CPU.Build.0 = Debug|Any CPU
		{9EC86820-FEBA-4552-BF0A-ACBB13FFBE53}.Debug|Mixed Platforms.ActiveCfg = Debug|Any CPU
		{9EC86820-FEBA-4552-BF0A-ACBB13FFBE53}.Debug|Mixed Platforms.Build.0 = Debug|Any CPU
		{9EC86820-FEBA-4552-BF0A-ACBB13FFBE53}.Debug|x86.ActiveCfg = Debug|Any CPU
		{9EC86820-FEBA-4552-BF0A-ACBB13FFBE53}.Release|Any CPU.ActiveCfg = Release|Any CPU
		{9EC86820-FEBA-4552-BF0A-ACBB13FFBE53}.Release|Any CPU.Build.0 = Release|Any CPU
		{9EC86820-FEBA-4552-BF0A-ACBB13FFBE53}.Release|Mixed Platforms.ActiveCfg = Release|Any CPU
		{9EC86820-FEBA-4552-BF0A-ACBB13FFBE53}.Release|Mixed Platforms.Build.0 = Release|Any CPU
		{9EC86820-FEBA-4552-BF0A-ACBB13FFBE53}.Release|x86.ActiveCfg = Release|Any CPU
		{9EC86820-FEBA-4552-BF0A-ACBB13FFBE53}.ReleaseNoUI|Any CPU.ActiveCfg = Release|Any CPU
		{9EC86820-FEBA-4552-BF0A-ACBB13FFBE53}.ReleaseNoUI|Any CPU.Build.0 = Release|Any CPU
		{9EC86820-FEBA-4552-BF0A-ACBB13FFBE53}.ReleaseNoUI|Mixed Platforms.ActiveCfg = Release|Any CPU
		{9EC86820-FEBA-4552-BF0A-ACBB13FFBE53}.ReleaseNoUI|Mixed Platforms.Build.0 = Release|Any CPU
		{9EC86820-FEBA-4552-BF0A-ACBB13FFBE53}.ReleaseNoUI|x86.ActiveCfg = Release|Any CPU
		{CBB5E638-F8D5-48DB-93BE-5A7CDD7ED107}.CodeAnalysis|Any CPU.ActiveCfg = Release|Any CPU
		{CBB5E638-F8D5-48DB-93BE-5A7CDD7ED107}.CodeAnalysis|Any CPU.Build.0 = Release|Any CPU
		{CBB5E638-F8D5-48DB-93BE-5A7CDD7ED107}.CodeAnalysis|Mixed Platforms.ActiveCfg = Release|Any CPU
		{CBB5E638-F8D5-48DB-93BE-5A7CDD7ED107}.CodeAnalysis|Mixed Platforms.Build.0 = Release|Any CPU
		{CBB5E638-F8D5-48DB-93BE-5A7CDD7ED107}.CodeAnalysis|x86.ActiveCfg = Release|Any CPU
		{CBB5E638-F8D5-48DB-93BE-5A7CDD7ED107}.Debug|Any CPU.ActiveCfg = Debug|Any CPU
		{CBB5E638-F8D5-48DB-93BE-5A7CDD7ED107}.Debug|Any CPU.Build.0 = Debug|Any CPU
		{CBB5E638-F8D5-48DB-93BE-5A7CDD7ED107}.Debug|Mixed Platforms.ActiveCfg = Debug|Any CPU
		{CBB5E638-F8D5-48DB-93BE-5A7CDD7ED107}.Debug|Mixed Platforms.Build.0 = Debug|Any CPU
		{CBB5E638-F8D5-48DB-93BE-5A7CDD7ED107}.Debug|x86.ActiveCfg = Debug|Any CPU
		{CBB5E638-F8D5-48DB-93BE-5A7CDD7ED107}.Release|Any CPU.ActiveCfg = Release|Any CPU
		{CBB5E638-F8D5-48DB-93BE-5A7CDD7ED107}.Release|Any CPU.Build.0 = Release|Any CPU
		{CBB5E638-F8D5-48DB-93BE-5A7CDD7ED107}.Release|Mixed Platforms.ActiveCfg = Release|Any CPU
		{CBB5E638-F8D5-48DB-93BE-5A7CDD7ED107}.Release|Mixed Platforms.Build.0 = Release|Any CPU
		{CBB5E638-F8D5-48DB-93BE-5A7CDD7ED107}.Release|x86.ActiveCfg = Release|Any CPU
		{CBB5E638-F8D5-48DB-93BE-5A7CDD7ED107}.ReleaseNoUI|Any CPU.ActiveCfg = Release|Any CPU
		{CBB5E638-F8D5-48DB-93BE-5A7CDD7ED107}.ReleaseNoUI|Any CPU.Build.0 = Release|Any CPU
		{CBB5E638-F8D5-48DB-93BE-5A7CDD7ED107}.ReleaseNoUI|Mixed Platforms.ActiveCfg = Release|Any CPU
		{CBB5E638-F8D5-48DB-93BE-5A7CDD7ED107}.ReleaseNoUI|Mixed Platforms.Build.0 = Release|Any CPU
		{CBB5E638-F8D5-48DB-93BE-5A7CDD7ED107}.ReleaseNoUI|x86.ActiveCfg = Release|Any CPU
		{22F162B0-DC09-4F3B-935C-D1FAF2367032}.CodeAnalysis|Any CPU.ActiveCfg = Release|Any CPU
		{22F162B0-DC09-4F3B-935C-D1FAF2367032}.CodeAnalysis|Any CPU.Build.0 = Release|Any CPU
		{22F162B0-DC09-4F3B-935C-D1FAF2367032}.CodeAnalysis|Mixed Platforms.ActiveCfg = Release|Any CPU
		{22F162B0-DC09-4F3B-935C-D1FAF2367032}.CodeAnalysis|Mixed Platforms.Build.0 = Release|Any CPU
		{22F162B0-DC09-4F3B-935C-D1FAF2367032}.CodeAnalysis|x86.ActiveCfg = Release|Any CPU
		{22F162B0-DC09-4F3B-935C-D1FAF2367032}.Debug|Any CPU.ActiveCfg = Debug|Any CPU
		{22F162B0-DC09-4F3B-935C-D1FAF2367032}.Debug|Any CPU.Build.0 = Debug|Any CPU
		{22F162B0-DC09-4F3B-935C-D1FAF2367032}.Debug|Mixed Platforms.ActiveCfg = Debug|Any CPU
		{22F162B0-DC09-4F3B-935C-D1FAF2367032}.Debug|Mixed Platforms.Build.0 = Debug|Any CPU
		{22F162B0-DC09-4F3B-935C-D1FAF2367032}.Debug|x86.ActiveCfg = Debug|Any CPU
		{22F162B0-DC09-4F3B-935C-D1FAF2367032}.Release|Any CPU.ActiveCfg = Release|Any CPU
		{22F162B0-DC09-4F3B-935C-D1FAF2367032}.Release|Any CPU.Build.0 = Release|Any CPU
		{22F162B0-DC09-4F3B-935C-D1FAF2367032}.Release|Mixed Platforms.ActiveCfg = Release|Any CPU
		{22F162B0-DC09-4F3B-935C-D1FAF2367032}.Release|Mixed Platforms.Build.0 = Release|Any CPU
		{22F162B0-DC09-4F3B-935C-D1FAF2367032}.Release|x86.ActiveCfg = Release|Any CPU
		{22F162B0-DC09-4F3B-935C-D1FAF2367032}.ReleaseNoUI|Any CPU.ActiveCfg = Release|Any CPU
		{22F162B0-DC09-4F3B-935C-D1FAF2367032}.ReleaseNoUI|Any CPU.Build.0 = Release|Any CPU
		{22F162B0-DC09-4F3B-935C-D1FAF2367032}.ReleaseNoUI|Mixed Platforms.ActiveCfg = Release|Any CPU
		{22F162B0-DC09-4F3B-935C-D1FAF2367032}.ReleaseNoUI|Mixed Platforms.Build.0 = Release|Any CPU
		{22F162B0-DC09-4F3B-935C-D1FAF2367032}.ReleaseNoUI|x86.ActiveCfg = Release|Any CPU
	EndGlobalSection
	GlobalSection(SolutionProperties) = preSolution
		HideSolutionNode = FALSE
	EndGlobalSection
	GlobalSection(MonoDevelopProperties) = preSolution
		StartupItem = CommandLineServiceGenerator\CommandLineServiceGenerator.csproj
	EndGlobalSection
EndGlobal
