
Microsoft Visual Studio Solution File, Format Version 12.00
# Visual Studio 14
VisualStudioVersion = 14.0.24720.0
MinimumVisualStudioVersion = 10.0.40219.1
Project("{FAE04EC0-301F-11D3-BF4B-00C04F79EFBC}") = "EasyRepro", "EasyRepro\EasyRepro.csproj", "{D9D53004-9DAD-41AE-BA24-CE8747DA67AE}"
EndProject
Project("{2150E333-8FDC-42A3-9474-1A3956D46DE8}") = "Solution Items", "Solution Items", "{BAF8D897-29C5-404E-9BC9-20A7CF0B4A09}"
	ProjectSection(SolutionItems) = preProject
		nuget.config = nuget.config
	EndProjectSection
EndProject
Global
	GlobalSection(SolutionConfigurationPlatforms) = preSolution
		Debug|Any CPU = Debug|Any CPU
		Release|Any CPU = Release|Any CPU
	EndGlobalSection
	GlobalSection(ProjectConfigurationPlatforms) = postSolution
		{D9D53004-9DAD-41AE-BA24-CE8747DA67AE}.Debug|Any CPU.ActiveCfg = Debug|Any CPU
		{D9D53004-9DAD-41AE-BA24-CE8747DA67AE}.Debug|Any CPU.Build.0 = Debug|Any CPU
		{D9D53004-9DAD-41AE-BA24-CE8747DA67AE}.Release|Any CPU.ActiveCfg = Release|Any CPU
		{D9D53004-9DAD-41AE-BA24-CE8747DA67AE}.Release|Any CPU.Build.0 = Release|Any CPU
	EndGlobalSection
	GlobalSection(SolutionProperties) = preSolution
		HideSolutionNode = FALSE
	EndGlobalSection
EndGlobal
