
Microsoft Visual Studio Solution File, Format Version 12.00
# Visual Studio 2012
Project("{FAE04EC0-301F-11D3-BF4B-00C04F79EFBC}") = "Google.Build.Utils", "Google.Build.Utils\Google.Build.Utils.csproj", "{A6E792C8-D5E7-40DD-9483-3901E70BF93F}"
EndProject
Project("{FAE04EC0-301F-11D3-BF4B-00C04F79EFBC}") = "BuildRelease", "BuildRelease\BuildRelease.csproj", "{0273723C-9B94-4A13-9635-4519633D9E0E}"
EndProject
Project("{FAE04EC0-301F-11D3-BF4B-00C04F79EFBC}") = "Google.Build.Tester", "Google.Build.Tester\Google.Build.Tester.csproj", "{585E1BD4-C989-4041-9AA2-14EEB13D8F15}"
EndProject
Project("{FAE04EC0-301F-11D3-BF4B-00C04F79EFBC}") = "Google.Apis.NuGet.Publisher", "Google.Apis.NuGet.Publisher\Google.Apis.NuGet.Publisher.csproj", "{169385A5-0122-4BDD-BC34-73B6B399F781}"
EndProject
Project("{2150E333-8FDC-42A3-9474-1A3956D46DE8}") = ".nuget", ".nuget", "{E9959FE0-9FB2-499B-B624-DC2DC07B8106}"
	ProjectSection(SolutionItems) = preProject
		.nuget\NuGet.Config = .nuget\NuGet.Config
		.nuget\NuGet.exe = .nuget\NuGet.exe
		.nuget\NuGet.targets = .nuget\NuGet.targets
	EndProjectSection
EndProject
Global
	GlobalSection(SolutionConfigurationPlatforms) = preSolution
		Debug|Any CPU = Debug|Any CPU
		Debug|Mixed Platforms = Debug|Mixed Platforms
		Debug|x86 = Debug|x86
		Release|Any CPU = Release|Any CPU
		Release|Mixed Platforms = Release|Mixed Platforms
		Release|x86 = Release|x86
	EndGlobalSection
	GlobalSection(ProjectConfigurationPlatforms) = postSolution
		{A6E792C8-D5E7-40DD-9483-3901E70BF93F}.Debug|Any CPU.ActiveCfg = Debug|Any CPU
		{A6E792C8-D5E7-40DD-9483-3901E70BF93F}.Debug|Any CPU.Build.0 = Debug|Any CPU
		{A6E792C8-D5E7-40DD-9483-3901E70BF93F}.Debug|Mixed Platforms.ActiveCfg = Debug|Any CPU
		{A6E792C8-D5E7-40DD-9483-3901E70BF93F}.Debug|Mixed Platforms.Build.0 = Debug|Any CPU
		{A6E792C8-D5E7-40DD-9483-3901E70BF93F}.Debug|x86.ActiveCfg = Debug|Any CPU
		{A6E792C8-D5E7-40DD-9483-3901E70BF93F}.Release|Any CPU.ActiveCfg = Release|Any CPU
		{A6E792C8-D5E7-40DD-9483-3901E70BF93F}.Release|Any CPU.Build.0 = Release|Any CPU
		{A6E792C8-D5E7-40DD-9483-3901E70BF93F}.Release|Mixed Platforms.ActiveCfg = Release|Any CPU
		{A6E792C8-D5E7-40DD-9483-3901E70BF93F}.Release|Mixed Platforms.Build.0 = Release|Any CPU
		{A6E792C8-D5E7-40DD-9483-3901E70BF93F}.Release|x86.ActiveCfg = Release|Any CPU
		{0273723C-9B94-4A13-9635-4519633D9E0E}.Debug|Any CPU.ActiveCfg = Debug|x86
		{0273723C-9B94-4A13-9635-4519633D9E0E}.Debug|Mixed Platforms.ActiveCfg = Debug|x86
		{0273723C-9B94-4A13-9635-4519633D9E0E}.Debug|Mixed Platforms.Build.0 = Debug|x86
		{0273723C-9B94-4A13-9635-4519633D9E0E}.Debug|x86.ActiveCfg = Debug|x86
		{0273723C-9B94-4A13-9635-4519633D9E0E}.Debug|x86.Build.0 = Debug|x86
		{0273723C-9B94-4A13-9635-4519633D9E0E}.Release|Any CPU.ActiveCfg = Release|x86
		{0273723C-9B94-4A13-9635-4519633D9E0E}.Release|Mixed Platforms.ActiveCfg = Release|x86
		{0273723C-9B94-4A13-9635-4519633D9E0E}.Release|Mixed Platforms.Build.0 = Release|x86
		{0273723C-9B94-4A13-9635-4519633D9E0E}.Release|x86.ActiveCfg = Release|x86
		{0273723C-9B94-4A13-9635-4519633D9E0E}.Release|x86.Build.0 = Release|x86
		{585E1BD4-C989-4041-9AA2-14EEB13D8F15}.Debug|Any CPU.ActiveCfg = Debug|x86
		{585E1BD4-C989-4041-9AA2-14EEB13D8F15}.Debug|Mixed Platforms.ActiveCfg = Debug|x86
		{585E1BD4-C989-4041-9AA2-14EEB13D8F15}.Debug|Mixed Platforms.Build.0 = Debug|x86
		{585E1BD4-C989-4041-9AA2-14EEB13D8F15}.Debug|x86.ActiveCfg = Debug|x86
		{585E1BD4-C989-4041-9AA2-14EEB13D8F15}.Debug|x86.Build.0 = Debug|x86
		{585E1BD4-C989-4041-9AA2-14EEB13D8F15}.Release|Any CPU.ActiveCfg = Release|x86
		{585E1BD4-C989-4041-9AA2-14EEB13D8F15}.Release|Mixed Platforms.ActiveCfg = Release|x86
		{585E1BD4-C989-4041-9AA2-14EEB13D8F15}.Release|Mixed Platforms.Build.0 = Release|x86
		{585E1BD4-C989-4041-9AA2-14EEB13D8F15}.Release|x86.ActiveCfg = Release|x86
		{585E1BD4-C989-4041-9AA2-14EEB13D8F15}.Release|x86.Build.0 = Release|x86
		{169385A5-0122-4BDD-BC34-73B6B399F781}.Debug|Any CPU.ActiveCfg = Debug|Any CPU
		{169385A5-0122-4BDD-BC34-73B6B399F781}.Debug|Any CPU.Build.0 = Debug|Any CPU
		{169385A5-0122-4BDD-BC34-73B6B399F781}.Debug|Mixed Platforms.ActiveCfg = Debug|Any CPU
		{169385A5-0122-4BDD-BC34-73B6B399F781}.Debug|Mixed Platforms.Build.0 = Debug|Any CPU
		{169385A5-0122-4BDD-BC34-73B6B399F781}.Debug|x86.ActiveCfg = Debug|Any CPU
		{169385A5-0122-4BDD-BC34-73B6B399F781}.Release|Any CPU.ActiveCfg = Release|Any CPU
		{169385A5-0122-4BDD-BC34-73B6B399F781}.Release|Any CPU.Build.0 = Release|Any CPU
		{169385A5-0122-4BDD-BC34-73B6B399F781}.Release|Mixed Platforms.ActiveCfg = Release|Any CPU
		{169385A5-0122-4BDD-BC34-73B6B399F781}.Release|Mixed Platforms.Build.0 = Release|Any CPU
		{169385A5-0122-4BDD-BC34-73B6B399F781}.Release|x86.ActiveCfg = Release|Any CPU
	EndGlobalSection
	GlobalSection(SolutionProperties) = preSolution
		HideSolutionNode = FALSE
	EndGlobalSection
EndGlobal
