
Microsoft Visual Studio Solution File, Format Version 10.00
# Visual Studio 2008
Project("{2150E333-8FDC-42A3-9474-1A3956D46DE8}") = "Solution Items", "Solution Items", "{123687DC-0B3E-43EC-AB3D-B22800EAB8CC}"
EndProject
Project("{FAE04EC0-301F-11D3-BF4B-00C04F79EFBC}") = "GoogleApis", "GoogleApis\GoogleApis.csproj", "{CBB5E638-F8D5-48DB-93BE-5A7CDD7ED107}"
EndProject
Project("{FAE04EC0-301F-11D3-BF4B-00C04F79EFBC}") = "GoogleApis.Tests", "GoogleApis.Tests\GoogleApis.Tests.csproj", "{9A8AA9EF-6904-43D8-8A26-0AB62069C2DC}"
EndProject
Project("{2150E333-8FDC-42A3-9474-1A3956D46DE8}") = "Samples", "Samples", "{7ADA3D85-5AA5-4CF8-9FBA-C8F75AD6AD17}"
EndProject
Project("{FAE04EC0-301F-11D3-BF4B-00C04F79EFBC}") = "CommandLine", "..\Samples\CommandLine\CommandLine.csproj", "{907A00DF-BB9F-4B4C-800F-C5BCA3E3FA60}"
EndProject
Project("{FAE04EC0-301F-11D3-BF4B-00C04F79EFBC}") = "ListServices", "..\Samples\ListServices\ListServices.csproj", "{BF7C37A7-6CDA-435F-A96A-8A13432B9237}"
EndProject
Global
	GlobalSection(SolutionConfigurationPlatforms) = preSolution
		Debug|Any CPU = Debug|Any CPU
		Release|Any CPU = Release|Any CPU
	EndGlobalSection
	GlobalSection(ProjectConfigurationPlatforms) = postSolution
		{907A00DF-BB9F-4B4C-800F-C5BCA3E3FA60}.Debug|Any CPU.ActiveCfg = Debug|Any CPU
		{907A00DF-BB9F-4B4C-800F-C5BCA3E3FA60}.Debug|Any CPU.Build.0 = Debug|Any CPU
		{907A00DF-BB9F-4B4C-800F-C5BCA3E3FA60}.Release|Any CPU.ActiveCfg = Release|Any CPU
		{907A00DF-BB9F-4B4C-800F-C5BCA3E3FA60}.Release|Any CPU.Build.0 = Release|Any CPU
		{9A8AA9EF-6904-43D8-8A26-0AB62069C2DC}.Debug|Any CPU.ActiveCfg = Debug|Any CPU
		{9A8AA9EF-6904-43D8-8A26-0AB62069C2DC}.Debug|Any CPU.Build.0 = Debug|Any CPU
		{9A8AA9EF-6904-43D8-8A26-0AB62069C2DC}.Release|Any CPU.ActiveCfg = Release|Any CPU
		{9A8AA9EF-6904-43D8-8A26-0AB62069C2DC}.Release|Any CPU.Build.0 = Release|Any CPU
		{BF7C37A7-6CDA-435F-A96A-8A13432B9237}.Debug|Any CPU.ActiveCfg = Debug|Any CPU
		{BF7C37A7-6CDA-435F-A96A-8A13432B9237}.Debug|Any CPU.Build.0 = Debug|Any CPU
		{BF7C37A7-6CDA-435F-A96A-8A13432B9237}.Release|Any CPU.ActiveCfg = Release|Any CPU
		{BF7C37A7-6CDA-435F-A96A-8A13432B9237}.Release|Any CPU.Build.0 = Release|Any CPU
		{CBB5E638-F8D5-48DB-93BE-5A7CDD7ED107}.Debug|Any CPU.ActiveCfg = Debug|Any CPU
		{CBB5E638-F8D5-48DB-93BE-5A7CDD7ED107}.Debug|Any CPU.Build.0 = Debug|Any CPU
		{CBB5E638-F8D5-48DB-93BE-5A7CDD7ED107}.Release|Any CPU.ActiveCfg = Release|Any CPU
		{CBB5E638-F8D5-48DB-93BE-5A7CDD7ED107}.Release|Any CPU.Build.0 = Release|Any CPU
		{402B394C-4BDD-425F-B7DE-49078E9089D9}.Debug|Any CPU.ActiveCfg = Debug|Any CPU
		{402B394C-4BDD-425F-B7DE-49078E9089D9}.Release|Any CPU.ActiveCfg = Release|Any CPU
		{843CC68E-2EDE-4527-98CE-DE1634C8ABC9}.Debug|Any CPU.ActiveCfg = Debug|Any CPU
		{843CC68E-2EDE-4527-98CE-DE1634C8ABC9}.Debug|Any CPU.Build.0 = Debug|Any CPU
		{843CC68E-2EDE-4527-98CE-DE1634C8ABC9}.Release|Any CPU.ActiveCfg = Release|Any CPU
		{843CC68E-2EDE-4527-98CE-DE1634C8ABC9}.Release|Any CPU.Build.0 = Release|Any CPU
		{DD634718-DAD4-421C-8A2A-39A41632BC6E}.Debug|Any CPU.ActiveCfg = Debug|Any CPU
		{DD634718-DAD4-421C-8A2A-39A41632BC6E}.Debug|Any CPU.Build.0 = Debug|Any CPU
		{DD634718-DAD4-421C-8A2A-39A41632BC6E}.Release|Any CPU.ActiveCfg = Release|Any CPU
		{DD634718-DAD4-421C-8A2A-39A41632BC6E}.Release|Any CPU.Build.0 = Release|Any CPU
	EndGlobalSection
	GlobalSection(NestedProjects) = preSolution
		{907A00DF-BB9F-4B4C-800F-C5BCA3E3FA60} = {7ADA3D85-5AA5-4CF8-9FBA-C8F75AD6AD17}
		{BF7C37A7-6CDA-435F-A96A-8A13432B9237} = {7ADA3D85-5AA5-4CF8-9FBA-C8F75AD6AD17}
	EndGlobalSection
	GlobalSection(MonoDevelopProperties) = preSolution
		StartupItem = GoogleApis\GoogleApis.csproj
	EndGlobalSection
	GlobalSection(SolutionProperties) = preSolution
		HideSolutionNode = FALSE
	EndGlobalSection
EndGlobal
