
Microsoft Visual Studio Solution File, Format Version 12.00
# Visual Studio Version 16
VisualStudioVersion = 16.0.31005.135
MinimumVisualStudioVersion = 15.0.26124.0
Project("{9A19103F-16F7-4668-BE54-9A1E7A4F7556}") = "DiscoveryDocPatcher", "DiscoveryDocPatcher\DiscoveryDocPatcher.csproj", "{9AC5C16F-29DC-4279-9471-BC04249937F6}"
EndProject
Project("{FAE04EC0-301F-11D3-BF4B-00C04F79EFBC}") = "DiscoveryDocDownloader", "DiscoveryDocDownloader\DiscoveryDocDownloader.csproj", "{0D378F37-1F0D-4C51-804D-825C93AEE763}"
EndProject
Global
	GlobalSection(SolutionConfigurationPlatforms) = preSolution
		Debug|Any CPU = Debug|Any CPU
		Debug|x64 = Debug|x64
		Debug|x86 = Debug|x86
		Release|Any CPU = Release|Any CPU
		Release|x64 = Release|x64
		Release|x86 = Release|x86
	EndGlobalSection
	GlobalSection(ProjectConfigurationPlatforms) = postSolution
		{9AC5C16F-29DC-4279-9471-BC04249937F6}.Debug|Any CPU.ActiveCfg = Debug|Any CPU
		{9AC5C16F-29DC-4279-9471-BC04249937F6}.Debug|Any CPU.Build.0 = Debug|Any CPU
		{9AC5C16F-29DC-4279-9471-BC04249937F6}.Debug|x64.ActiveCfg = Debug|Any CPU
		{9AC5C16F-29DC-4279-9471-BC04249937F6}.Debug|x64.Build.0 = Debug|Any CPU
		{9AC5C16F-29DC-4279-9471-BC04249937F6}.Debug|x86.ActiveCfg = Debug|Any CPU
		{9AC5C16F-29DC-4279-9471-BC04249937F6}.Debug|x86.Build.0 = Debug|Any CPU
		{9AC5C16F-29DC-4279-9471-BC04249937F6}.Release|Any CPU.ActiveCfg = Release|Any CPU
		{9AC5C16F-29DC-4279-9471-BC04249937F6}.Release|Any CPU.Build.0 = Release|Any CPU
		{9AC5C16F-29DC-4279-9471-BC04249937F6}.Release|x64.ActiveCfg = Release|Any CPU
		{9AC5C16F-29DC-4279-9471-BC04249937F6}.Release|x64.Build.0 = Release|Any CPU
		{9AC5C16F-29DC-4279-9471-BC04249937F6}.Release|x86.ActiveCfg = Release|Any CPU
		{9AC5C16F-29DC-4279-9471-BC04249937F6}.Release|x86.Build.0 = Release|Any CPU
		{0D378F37-1F0D-4C51-804D-825C93AEE763}.Debug|Any CPU.ActiveCfg = Debug|Any CPU
		{0D378F37-1F0D-4C51-804D-825C93AEE763}.Debug|Any CPU.Build.0 = Debug|Any CPU
		{0D378F37-1F0D-4C51-804D-825C93AEE763}.Debug|x64.ActiveCfg = Debug|Any CPU
		{0D378F37-1F0D-4C51-804D-825C93AEE763}.Debug|x64.Build.0 = Debug|Any CPU
		{0D378F37-1F0D-4C51-804D-825C93AEE763}.Debug|x86.ActiveCfg = Debug|Any CPU
		{0D378F37-1F0D-4C51-804D-825C93AEE763}.Debug|x86.Build.0 = Debug|Any CPU
		{0D378F37-1F0D-4C51-804D-825C93AEE763}.Release|Any CPU.ActiveCfg = Release|Any CPU
		{0D378F37-1F0D-4C51-804D-825C93AEE763}.Release|Any CPU.Build.0 = Release|Any CPU
		{0D378F37-1F0D-4C51-804D-825C93AEE763}.Release|x64.ActiveCfg = Release|Any CPU
		{0D378F37-1F0D-4C51-804D-825C93AEE763}.Release|x64.Build.0 = Release|Any CPU
		{0D378F37-1F0D-4C51-804D-825C93AEE763}.Release|x86.ActiveCfg = Release|Any CPU
		{0D378F37-1F0D-4C51-804D-825C93AEE763}.Release|x86.Build.0 = Release|Any CPU
	EndGlobalSection
	GlobalSection(SolutionProperties) = preSolution
		HideSolutionNode = FALSE
	EndGlobalSection
	GlobalSection(ExtensibilityGlobals) = postSolution
		SolutionGuid = {B75A7722-4E7B-4CF6-A795-D31DF132CE84}
	EndGlobalSection
EndGlobal
